{
  "version": 4,
  "terraform_version": "1.3.3",
  "serial": 92,
  "lineage": "a9fc7405-4829-1192-0009-5c30c25a7af6",
  "outputs": {},
  "resources": [
    {
      "mode": "data",
      "type": "azurerm_resource_group",
      "name": "appds",
      "provider": "provider[\"registry.terraform.io/hashicorp/azurerm\"]",
      "instances": []
    },
    {
      "mode": "data",
      "type": "azurerm_resource_group",
      "name": "networkds",
      "provider": "provider[\"registry.terraform.io/hashicorp/azurerm\"]",
      "instances": [
        {
          "schema_version": 0,
          "attributes": {
            "id": "/subscriptions/fec1a8c7-3053-43ab-b51d-9fcc38bd9399/resourceGroups/zgebs-workbench-dev-neu-vnet-rg",
            "location": "northeurope",
            "name": "zgebs-workbench-dev-neu-vnet-rg",
            "tags": {},
            "timeouts": null
          },
          "sensitive_attributes": []
        }
      ]
    },
    {
      "mode": "data",
      "type": "azurerm_resource_group",
      "name": "storageds",
      "provider": "provider[\"registry.terraform.io/hashicorp/azurerm\"]",
      "instances": []
    },
    {
      "mode": "data",
      "type": "azurerm_service_plan",
      "name": "functionplan",
      "provider": "provider[\"registry.terraform.io/hashicorp/azurerm\"]",
      "instances": []
    },
    {
      "mode": "data",
      "type": "azurerm_storage_account",
      "name": "storageds",
      "provider": "provider[\"registry.terraform.io/hashicorp/azurerm\"]",
      "instances": []
    },
    {
      "mode": "data",
      "type": "azurerm_subnet",
      "name": "snet_shared_ds",
      "provider": "provider[\"registry.terraform.io/hashicorp/azurerm\"]",
      "instances": []
    },
    {
      "mode": "data",
      "type": "azurerm_subnet",
      "name": "snet_webin_ds",
      "provider": "provider[\"registry.terraform.io/hashicorp/azurerm\"]",
      "instances": [
        {
          "schema_version": 0,
          "attributes": {
            "address_prefix": "10.0.4.0/24",
            "address_prefixes": [
              "10.0.4.0/24"
            ],
            "enforce_private_link_endpoint_network_policies": true,
            "enforce_private_link_service_network_policies": false,
            "id": "/subscriptions/fec1a8c7-3053-43ab-b51d-9fcc38bd9399/resourceGroups/zgebs-workbench-dev-neu-vnet-rg/providers/Microsoft.Network/virtualNetworks/workbench-dev-neu-vnet/subnets/zgebs-wb-dev-snet-webin-ne01",
            "name": "zgebs-wb-dev-snet-webin-ne01",
            "network_security_group_id": "/subscriptions/fec1a8c7-3053-43ab-b51d-9fcc38bd9399/resourceGroups/zgebs-workbench-dev-neu-vnet-rg/providers/Microsoft.Network/networkSecurityGroups/workbench-dev-neu-vnet-nsg1",
            "private_endpoint_network_policies_enabled": false,
            "private_link_service_network_policies_enabled": true,
            "resource_group_name": "zgebs-workbench-dev-neu-vnet-rg",
            "route_table_id": "/subscriptions/fec1a8c7-3053-43ab-b51d-9fcc38bd9399/resourceGroups/zgebs-workbench-dev-neu-vnet-rg/providers/Microsoft.Network/routeTables/workbench-dev-neu-vnet-rt1",
            "service_endpoints": [
              "Microsoft.Web"
            ],
            "timeouts": null,
            "virtual_network_name": "workbench-dev-neu-vnet"
          },
          "sensitive_attributes": []
        }
      ]
    },
    {
      "mode": "data",
      "type": "azurerm_subnet",
      "name": "snet_webout_ds",
      "provider": "provider[\"registry.terraform.io/hashicorp/azurerm\"]",
      "instances": [
        {
          "schema_version": 0,
          "attributes": {
            "address_prefix": "10.0.5.0/24",
            "address_prefixes": [
              "10.0.5.0/24"
            ],
            "enforce_private_link_endpoint_network_policies": true,
            "enforce_private_link_service_network_policies": false,
            "id": "/subscriptions/fec1a8c7-3053-43ab-b51d-9fcc38bd9399/resourceGroups/zgebs-workbench-dev-neu-vnet-rg/providers/Microsoft.Network/virtualNetworks/workbench-dev-neu-vnet/subnets/zgebs-wb-dev-snet-webout-ne01",
            "name": "zgebs-wb-dev-snet-webout-ne01",
            "network_security_group_id": "/subscriptions/fec1a8c7-3053-43ab-b51d-9fcc38bd9399/resourceGroups/zgebs-workbench-dev-neu-vnet-rg/providers/Microsoft.Network/networkSecurityGroups/workbench-dev-neu-vnet-nsg1",
            "private_endpoint_network_policies_enabled": false,
            "private_link_service_network_policies_enabled": true,
            "resource_group_name": "zgebs-workbench-dev-neu-vnet-rg",
            "route_table_id": "/subscriptions/fec1a8c7-3053-43ab-b51d-9fcc38bd9399/resourceGroups/zgebs-workbench-dev-neu-vnet-rg/providers/Microsoft.Network/routeTables/workbench-dev-neu-vnet-rt1",
            "service_endpoints": [],
            "timeouts": null,
            "virtual_network_name": "workbench-dev-neu-vnet"
          },
          "sensitive_attributes": []
        }
      ]
    },
    {
      "mode": "data",
      "type": "azurerm_virtual_network",
      "name": "vnetds",
      "provider": "provider[\"registry.terraform.io/hashicorp/azurerm\"]",
      "instances": [
        {
          "schema_version": 0,
          "attributes": {
            "address_space": [
              "10.0.0.0/16"
            ],
            "dns_servers": null,
            "guid": "e3151155-34df-451d-8197-4f399802836c",
            "id": "/subscriptions/fec1a8c7-3053-43ab-b51d-9fcc38bd9399/resourceGroups/zgebs-workbench-dev-neu-vnet-rg/providers/Microsoft.Network/virtualNetworks/workbench-dev-neu-vnet",
            "location": "northeurope",
            "name": "workbench-dev-neu-vnet",
            "resource_group_name": "zgebs-workbench-dev-neu-vnet-rg",
            "subnets": [
              "zgebs-wb-dev-snet-shared-ne99",
              "zgebs-wb-dev-snet-webin-ne01",
              "zgebs-wb-dey-snet-apim-ne01",
              "zgebs-wb-dev-snet-webout-ne01"
            ],
            "tags": {},
            "timeouts": null,
            "vnet_peerings": {},
            "vnet_peerings_addresses": []
          },
          "sensitive_attributes": []
        }
      ]
    },
    {
      "module": "module.app-service",
      "mode": "data",
      "type": "azurerm_resource_group",
      "name": "networkds",
      "provider": "provider[\"registry.terraform.io/hashicorp/azurerm\"]",
      "instances": [
        {
          "schema_version": 0,
          "attributes": {
            "id": "/subscriptions/fec1a8c7-3053-43ab-b51d-9fcc38bd9399/resourceGroups/zgebs-workbench-dev-neu-vnet-rg",
            "location": "northeurope",
            "name": "zgebs-workbench-dev-neu-vnet-rg",
            "tags": {},
            "timeouts": null
          },
          "sensitive_attributes": []
        }
      ]
    },
    {
      "module": "module.app-service",
      "mode": "data",
      "type": "azurerm_subnet",
      "name": "snet_webin_ds",
      "provider": "provider[\"registry.terraform.io/hashicorp/azurerm\"]",
      "instances": [
        {
          "schema_version": 0,
          "attributes": {
            "address_prefix": "10.0.4.0/24",
            "address_prefixes": [
              "10.0.4.0/24"
            ],
            "enforce_private_link_endpoint_network_policies": true,
            "enforce_private_link_service_network_policies": false,
            "id": "/subscriptions/fec1a8c7-3053-43ab-b51d-9fcc38bd9399/resourceGroups/zgebs-workbench-dev-neu-vnet-rg/providers/Microsoft.Network/virtualNetworks/workbench-dev-neu-vnet/subnets/zgebs-wb-dev-snet-webin-ne01",
            "name": "zgebs-wb-dev-snet-webin-ne01",
            "network_security_group_id": "/subscriptions/fec1a8c7-3053-43ab-b51d-9fcc38bd9399/resourceGroups/zgebs-workbench-dev-neu-vnet-rg/providers/Microsoft.Network/networkSecurityGroups/workbench-dev-neu-vnet-nsg1",
            "private_endpoint_network_policies_enabled": false,
            "private_link_service_network_policies_enabled": true,
            "resource_group_name": "zgebs-workbench-dev-neu-vnet-rg",
            "route_table_id": "/subscriptions/fec1a8c7-3053-43ab-b51d-9fcc38bd9399/resourceGroups/zgebs-workbench-dev-neu-vnet-rg/providers/Microsoft.Network/routeTables/workbench-dev-neu-vnet-rt1",
            "service_endpoints": [
              "Microsoft.Web"
            ],
            "timeouts": null,
            "virtual_network_name": "workbench-dev-neu-vnet"
          },
          "sensitive_attributes": []
        }
      ]
    },
    {
      "module": "module.app-service",
      "mode": "data",
      "type": "azurerm_subnet",
      "name": "snet_webout_ds",
      "provider": "provider[\"registry.terraform.io/hashicorp/azurerm\"]",
      "instances": [
        {
          "schema_version": 0,
          "attributes": {
            "address_prefix": "10.0.5.0/24",
            "address_prefixes": [
              "10.0.5.0/24"
            ],
            "enforce_private_link_endpoint_network_policies": true,
            "enforce_private_link_service_network_policies": false,
            "id": "/subscriptions/fec1a8c7-3053-43ab-b51d-9fcc38bd9399/resourceGroups/zgebs-workbench-dev-neu-vnet-rg/providers/Microsoft.Network/virtualNetworks/workbench-dev-neu-vnet/subnets/zgebs-wb-dev-snet-webout-ne01",
            "name": "zgebs-wb-dev-snet-webout-ne01",
            "network_security_group_id": "/subscriptions/fec1a8c7-3053-43ab-b51d-9fcc38bd9399/resourceGroups/zgebs-workbench-dev-neu-vnet-rg/providers/Microsoft.Network/networkSecurityGroups/workbench-dev-neu-vnet-nsg1",
            "private_endpoint_network_policies_enabled": false,
            "private_link_service_network_policies_enabled": true,
            "resource_group_name": "zgebs-workbench-dev-neu-vnet-rg",
            "route_table_id": "/subscriptions/fec1a8c7-3053-43ab-b51d-9fcc38bd9399/resourceGroups/zgebs-workbench-dev-neu-vnet-rg/providers/Microsoft.Network/routeTables/workbench-dev-neu-vnet-rt1",
            "service_endpoints": [],
            "timeouts": null,
            "virtual_network_name": "workbench-dev-neu-vnet"
          },
          "sensitive_attributes": []
        }
      ]
    },
    {
      "module": "module.app-service",
      "mode": "data",
      "type": "azurerm_virtual_network",
      "name": "vnetds",
      "provider": "provider[\"registry.terraform.io/hashicorp/azurerm\"]",
      "instances": [
        {
          "schema_version": 0,
          "attributes": {
            "address_space": [
              "10.0.0.0/16"
            ],
            "dns_servers": null,
            "guid": "e3151155-34df-451d-8197-4f399802836c",
            "id": "/subscriptions/fec1a8c7-3053-43ab-b51d-9fcc38bd9399/resourceGroups/zgebs-workbench-dev-neu-vnet-rg/providers/Microsoft.Network/virtualNetworks/workbench-dev-neu-vnet",
            "location": "northeurope",
            "name": "workbench-dev-neu-vnet",
            "resource_group_name": "zgebs-workbench-dev-neu-vnet-rg",
            "subnets": [
              "zgebs-wb-dev-snet-shared-ne99",
              "zgebs-wb-dev-snet-webin-ne01",
              "zgebs-wb-dey-snet-apim-ne01",
              "zgebs-wb-dev-snet-webout-ne01"
            ],
            "tags": {},
            "timeouts": null,
            "vnet_peerings": {},
            "vnet_peerings_addresses": []
          },
          "sensitive_attributes": []
        }
      ]
    },
    {
      "module": "module.app-service",
      "mode": "managed",
      "type": "azurerm_app_service_virtual_network_swift_connection",
      "name": "api",
      "provider": "provider[\"registry.terraform.io/hashicorp/azurerm\"]",
      "instances": [
        {
          "schema_version": 0,
          "attributes": {
            "app_service_id": "/subscriptions/fec1a8c7-3053-43ab-b51d-9fcc38bd9399/resourceGroups/zgebs-workbench-dev-application-rg/providers/Microsoft.Web/sites/zgebs-wb-dev-api-wapp-ne-9897",
            "id": "/subscriptions/fec1a8c7-3053-43ab-b51d-9fcc38bd9399/resourceGroups/zgebs-workbench-dev-application-rg/providers/Microsoft.Web/sites/zgebs-wb-dev-api-wapp-ne-9897/config/virtualNetwork",
            "subnet_id": "/subscriptions/fec1a8c7-3053-43ab-b51d-9fcc38bd9399/resourceGroups/zgebs-workbench-dev-neu-vnet-rg/providers/Microsoft.Network/virtualNetworks/workbench-dev-neu-vnet/subnets/zgebs-wb-dev-snet-webout-ne01",
            "timeouts": null
          },
          "sensitive_attributes": [],
          "private": "eyJlMmJmYjczMC1lY2FhLTExZTYtOGY4OC0zNDM2M2JjN2M0YzAiOnsiY3JlYXRlIjoxODAwMDAwMDAwMDAwLCJkZWxldGUiOjE4MDAwMDAwMDAwMDAsInJlYWQiOjMwMDAwMDAwMDAwMCwidXBkYXRlIjoxODAwMDAwMDAwMDAwfX0=",
          "dependencies": [
            "module.app-service.azurerm_resource_group.app",
            "module.app-service.azurerm_service_plan.app",
            "module.app-service.azurerm_windows_web_app.api_webapp",
            "module.app-service.data.azurerm_subnet.snet_webout_ds",
            "module.app-service.data.azurerm_virtual_network.vnetds",
            "module.network.azurerm_network_security_group.nsg",
            "module.network.azurerm_resource_group.network",
            "module.network.azurerm_route_table.rt",
            "module.network.azurerm_subnet.snet_apim",
            "module.network.azurerm_subnet.snet_shared",
            "module.network.azurerm_subnet.snet_webin",
            "module.network.azurerm_subnet.snet_webout",
            "module.network.azurerm_subnet_network_security_group_association.snsg",
            "module.network.azurerm_subnet_network_security_group_association.snsg_apim",
            "module.network.azurerm_subnet_network_security_group_association.snsg_webin",
            "module.network.azurerm_subnet_network_security_group_association.snsg_webout",
            "module.network.azurerm_subnet_route_table_association.srt",
            "module.network.azurerm_subnet_route_table_association.srt_apim",
            "module.network.azurerm_subnet_route_table_association.srt_webin",
            "module.network.azurerm_subnet_route_table_association.srt_webout",
            "module.network.azurerm_virtual_network.vnet"
          ]
        }
      ]
    },
    {
      "module": "module.app-service",
      "mode": "managed",
      "type": "azurerm_app_service_virtual_network_swift_connection",
      "name": "dgv",
      "provider": "provider[\"registry.terraform.io/hashicorp/azurerm\"]",
      "instances": [
        {
          "schema_version": 0,
          "attributes": {
            "app_service_id": "/subscriptions/fec1a8c7-3053-43ab-b51d-9fcc38bd9399/resourceGroups/zgebs-workbench-dev-application-rg/providers/Microsoft.Web/sites/zgebs-wb-dev-dgv-wapp-ne-9897",
            "id": "/subscriptions/fec1a8c7-3053-43ab-b51d-9fcc38bd9399/resourceGroups/zgebs-workbench-dev-application-rg/providers/Microsoft.Web/sites/zgebs-wb-dev-dgv-wapp-ne-9897/config/virtualNetwork",
            "subnet_id": "/subscriptions/fec1a8c7-3053-43ab-b51d-9fcc38bd9399/resourceGroups/zgebs-workbench-dev-neu-vnet-rg/providers/Microsoft.Network/virtualNetworks/workbench-dev-neu-vnet/subnets/zgebs-wb-dev-snet-webout-ne01",
            "timeouts": null
          },
          "sensitive_attributes": [],
          "private": "eyJlMmJmYjczMC1lY2FhLTExZTYtOGY4OC0zNDM2M2JjN2M0YzAiOnsiY3JlYXRlIjoxODAwMDAwMDAwMDAwLCJkZWxldGUiOjE4MDAwMDAwMDAwMDAsInJlYWQiOjMwMDAwMDAwMDAwMCwidXBkYXRlIjoxODAwMDAwMDAwMDAwfX0=",
          "dependencies": [
            "module.app-service.azurerm_resource_group.app",
            "module.app-service.azurerm_service_plan.app",
            "module.app-service.azurerm_windows_web_app.dgv_webapp",
            "module.app-service.data.azurerm_subnet.snet_webout_ds",
            "module.app-service.data.azurerm_virtual_network.vnetds",
            "module.network.azurerm_network_security_group.nsg",
            "module.network.azurerm_resource_group.network",
            "module.network.azurerm_route_table.rt",
            "module.network.azurerm_subnet.snet_apim",
            "module.network.azurerm_subnet.snet_shared",
            "module.network.azurerm_subnet.snet_webin",
            "module.network.azurerm_subnet.snet_webout",
            "module.network.azurerm_subnet_network_security_group_association.snsg",
            "module.network.azurerm_subnet_network_security_group_association.snsg_apim",
            "module.network.azurerm_subnet_network_security_group_association.snsg_webin",
            "module.network.azurerm_subnet_network_security_group_association.snsg_webout",
            "module.network.azurerm_subnet_route_table_association.srt",
            "module.network.azurerm_subnet_route_table_association.srt_apim",
            "module.network.azurerm_subnet_route_table_association.srt_webin",
            "module.network.azurerm_subnet_route_table_association.srt_webout",
            "module.network.azurerm_virtual_network.vnet"
          ]
        }
      ]
    },
    {
      "module": "module.app-service",
      "mode": "managed",
      "type": "azurerm_app_service_virtual_network_swift_connection",
      "name": "fcsd",
      "provider": "provider[\"registry.terraform.io/hashicorp/azurerm\"]",
      "instances": [
        {
          "schema_version": 0,
          "attributes": {
            "app_service_id": "/subscriptions/fec1a8c7-3053-43ab-b51d-9fcc38bd9399/resourceGroups/zgebs-workbench-dev-application-rg/providers/Microsoft.Web/sites/zgebs-wb-dev-fcsd-wapp-ne-9897",
            "id": "/subscriptions/fec1a8c7-3053-43ab-b51d-9fcc38bd9399/resourceGroups/zgebs-workbench-dev-application-rg/providers/Microsoft.Web/sites/zgebs-wb-dev-fcsd-wapp-ne-9897/config/virtualNetwork",
            "subnet_id": "/subscriptions/fec1a8c7-3053-43ab-b51d-9fcc38bd9399/resourceGroups/zgebs-workbench-dev-neu-vnet-rg/providers/Microsoft.Network/virtualNetworks/workbench-dev-neu-vnet/subnets/zgebs-wb-dev-snet-webout-ne01",
            "timeouts": null
          },
          "sensitive_attributes": [],
          "private": "eyJlMmJmYjczMC1lY2FhLTExZTYtOGY4OC0zNDM2M2JjN2M0YzAiOnsiY3JlYXRlIjoxODAwMDAwMDAwMDAwLCJkZWxldGUiOjE4MDAwMDAwMDAwMDAsInJlYWQiOjMwMDAwMDAwMDAwMCwidXBkYXRlIjoxODAwMDAwMDAwMDAwfX0=",
          "dependencies": [
            "module.app-service.azurerm_resource_group.app",
            "module.app-service.azurerm_service_plan.app",
            "module.app-service.azurerm_windows_web_app.fcsd_webapp",
            "module.app-service.data.azurerm_subnet.snet_webout_ds",
            "module.app-service.data.azurerm_virtual_network.vnetds",
            "module.network.azurerm_network_security_group.nsg",
            "module.network.azurerm_resource_group.network",
            "module.network.azurerm_route_table.rt",
            "module.network.azurerm_subnet.snet_apim",
            "module.network.azurerm_subnet.snet_shared",
            "module.network.azurerm_subnet.snet_webin",
            "module.network.azurerm_subnet.snet_webout",
            "module.network.azurerm_subnet_network_security_group_association.snsg",
            "module.network.azurerm_subnet_network_security_group_association.snsg_apim",
            "module.network.azurerm_subnet_network_security_group_association.snsg_webin",
            "module.network.azurerm_subnet_network_security_group_association.snsg_webout",
            "module.network.azurerm_subnet_route_table_association.srt",
            "module.network.azurerm_subnet_route_table_association.srt_apim",
            "module.network.azurerm_subnet_route_table_association.srt_webin",
            "module.network.azurerm_subnet_route_table_association.srt_webout",
            "module.network.azurerm_virtual_network.vnet"
          ]
        }
      ]
    },
    {
      "module": "module.app-service",
      "mode": "managed",
      "type": "azurerm_app_service_virtual_network_swift_connection",
      "name": "lpa",
      "provider": "provider[\"registry.terraform.io/hashicorp/azurerm\"]",
      "instances": [
        {
          "schema_version": 0,
          "attributes": {
            "app_service_id": "/subscriptions/fec1a8c7-3053-43ab-b51d-9fcc38bd9399/resourceGroups/zgebs-workbench-dev-application-rg/providers/Microsoft.Web/sites/zgebs-wb-dev-lpa-wapp-ne-9897",
            "id": "/subscriptions/fec1a8c7-3053-43ab-b51d-9fcc38bd9399/resourceGroups/zgebs-workbench-dev-application-rg/providers/Microsoft.Web/sites/zgebs-wb-dev-lpa-wapp-ne-9897/config/virtualNetwork",
            "subnet_id": "/subscriptions/fec1a8c7-3053-43ab-b51d-9fcc38bd9399/resourceGroups/zgebs-workbench-dev-neu-vnet-rg/providers/Microsoft.Network/virtualNetworks/workbench-dev-neu-vnet/subnets/zgebs-wb-dev-snet-webout-ne01",
            "timeouts": null
          },
          "sensitive_attributes": [],
          "private": "eyJlMmJmYjczMC1lY2FhLTExZTYtOGY4OC0zNDM2M2JjN2M0YzAiOnsiY3JlYXRlIjoxODAwMDAwMDAwMDAwLCJkZWxldGUiOjE4MDAwMDAwMDAwMDAsInJlYWQiOjMwMDAwMDAwMDAwMCwidXBkYXRlIjoxODAwMDAwMDAwMDAwfX0=",
          "dependencies": [
            "module.app-service.azurerm_resource_group.app",
            "module.app-service.azurerm_service_plan.app",
            "module.app-service.azurerm_windows_web_app.lpa_webapp",
            "module.app-service.data.azurerm_subnet.snet_webout_ds",
            "module.app-service.data.azurerm_virtual_network.vnetds",
            "module.network.azurerm_network_security_group.nsg",
            "module.network.azurerm_resource_group.network",
            "module.network.azurerm_route_table.rt",
            "module.network.azurerm_subnet.snet_apim",
            "module.network.azurerm_subnet.snet_shared",
            "module.network.azurerm_subnet.snet_webin",
            "module.network.azurerm_subnet.snet_webout",
            "module.network.azurerm_subnet_network_security_group_association.snsg",
            "module.network.azurerm_subnet_network_security_group_association.snsg_apim",
            "module.network.azurerm_subnet_network_security_group_association.snsg_webin",
            "module.network.azurerm_subnet_network_security_group_association.snsg_webout",
            "module.network.azurerm_subnet_route_table_association.srt",
            "module.network.azurerm_subnet_route_table_association.srt_apim",
            "module.network.azurerm_subnet_route_table_association.srt_webin",
            "module.network.azurerm_subnet_route_table_association.srt_webout",
            "module.network.azurerm_virtual_network.vnet"
          ]
        }
      ]
    },
    {
      "module": "module.app-service",
      "mode": "managed",
      "type": "azurerm_app_service_virtual_network_swift_connection",
      "name": "mzsa",
      "provider": "provider[\"registry.terraform.io/hashicorp/azurerm\"]",
      "instances": [
        {
          "schema_version": 0,
          "attributes": {
            "app_service_id": "/subscriptions/fec1a8c7-3053-43ab-b51d-9fcc38bd9399/resourceGroups/zgebs-workbench-dev-application-rg/providers/Microsoft.Web/sites/zgebs-wb-dev-mzsa-wapp-ne-9897",
            "id": "/subscriptions/fec1a8c7-3053-43ab-b51d-9fcc38bd9399/resourceGroups/zgebs-workbench-dev-application-rg/providers/Microsoft.Web/sites/zgebs-wb-dev-mzsa-wapp-ne-9897/config/virtualNetwork",
            "subnet_id": "/subscriptions/fec1a8c7-3053-43ab-b51d-9fcc38bd9399/resourceGroups/zgebs-workbench-dev-neu-vnet-rg/providers/Microsoft.Network/virtualNetworks/workbench-dev-neu-vnet/subnets/zgebs-wb-dev-snet-webout-ne01",
            "timeouts": null
          },
          "sensitive_attributes": [],
          "private": "eyJlMmJmYjczMC1lY2FhLTExZTYtOGY4OC0zNDM2M2JjN2M0YzAiOnsiY3JlYXRlIjoxODAwMDAwMDAwMDAwLCJkZWxldGUiOjE4MDAwMDAwMDAwMDAsInJlYWQiOjMwMDAwMDAwMDAwMCwidXBkYXRlIjoxODAwMDAwMDAwMDAwfX0=",
          "dependencies": [
            "module.app-service.azurerm_resource_group.app",
            "module.app-service.azurerm_service_plan.app",
            "module.app-service.azurerm_windows_web_app.mzsa_webapp",
            "module.app-service.data.azurerm_subnet.snet_webout_ds",
            "module.app-service.data.azurerm_virtual_network.vnetds",
            "module.network.azurerm_network_security_group.nsg",
            "module.network.azurerm_resource_group.network",
            "module.network.azurerm_route_table.rt",
            "module.network.azurerm_subnet.snet_apim",
            "module.network.azurerm_subnet.snet_shared",
            "module.network.azurerm_subnet.snet_webin",
            "module.network.azurerm_subnet.snet_webout",
            "module.network.azurerm_subnet_network_security_group_association.snsg",
            "module.network.azurerm_subnet_network_security_group_association.snsg_apim",
            "module.network.azurerm_subnet_network_security_group_association.snsg_webin",
            "module.network.azurerm_subnet_network_security_group_association.snsg_webout",
            "module.network.azurerm_subnet_route_table_association.srt",
            "module.network.azurerm_subnet_route_table_association.srt_apim",
            "module.network.azurerm_subnet_route_table_association.srt_webin",
            "module.network.azurerm_subnet_route_table_association.srt_webout",
            "module.network.azurerm_virtual_network.vnet"
          ]
        }
      ]
    },
    {
      "module": "module.app-service",
      "mode": "managed",
      "type": "azurerm_app_service_virtual_network_swift_connection",
      "name": "nwp",
      "provider": "provider[\"registry.terraform.io/hashicorp/azurerm\"]",
      "instances": [
        {
          "schema_version": 0,
          "attributes": {
            "app_service_id": "/subscriptions/fec1a8c7-3053-43ab-b51d-9fcc38bd9399/resourceGroups/zgebs-workbench-dev-application-rg/providers/Microsoft.Web/sites/zgebs-wb-dev-nwp-wapp-ne-9897",
            "id": "/subscriptions/fec1a8c7-3053-43ab-b51d-9fcc38bd9399/resourceGroups/zgebs-workbench-dev-application-rg/providers/Microsoft.Web/sites/zgebs-wb-dev-nwp-wapp-ne-9897/config/virtualNetwork",
            "subnet_id": "/subscriptions/fec1a8c7-3053-43ab-b51d-9fcc38bd9399/resourceGroups/zgebs-workbench-dev-neu-vnet-rg/providers/Microsoft.Network/virtualNetworks/workbench-dev-neu-vnet/subnets/zgebs-wb-dev-snet-webout-ne01",
            "timeouts": null
          },
          "sensitive_attributes": [],
          "private": "eyJlMmJmYjczMC1lY2FhLTExZTYtOGY4OC0zNDM2M2JjN2M0YzAiOnsiY3JlYXRlIjoxODAwMDAwMDAwMDAwLCJkZWxldGUiOjE4MDAwMDAwMDAwMDAsInJlYWQiOjMwMDAwMDAwMDAwMCwidXBkYXRlIjoxODAwMDAwMDAwMDAwfX0=",
          "dependencies": [
            "module.app-service.azurerm_resource_group.app",
            "module.app-service.azurerm_service_plan.app",
            "module.app-service.azurerm_windows_web_app.nwp_webapp",
            "module.app-service.data.azurerm_subnet.snet_webout_ds",
            "module.app-service.data.azurerm_virtual_network.vnetds",
            "module.network.azurerm_network_security_group.nsg",
            "module.network.azurerm_resource_group.network",
            "module.network.azurerm_route_table.rt",
            "module.network.azurerm_subnet.snet_apim",
            "module.network.azurerm_subnet.snet_shared",
            "module.network.azurerm_subnet.snet_webin",
            "module.network.azurerm_subnet.snet_webout",
            "module.network.azurerm_subnet_network_security_group_association.snsg",
            "module.network.azurerm_subnet_network_security_group_association.snsg_apim",
            "module.network.azurerm_subnet_network_security_group_association.snsg_webin",
            "module.network.azurerm_subnet_network_security_group_association.snsg_webout",
            "module.network.azurerm_subnet_route_table_association.srt",
            "module.network.azurerm_subnet_route_table_association.srt_apim",
            "module.network.azurerm_subnet_route_table_association.srt_webin",
            "module.network.azurerm_subnet_route_table_association.srt_webout",
            "module.network.azurerm_virtual_network.vnet"
          ]
        }
      ]
    },
    {
      "module": "module.app-service",
      "mode": "managed",
      "type": "azurerm_app_service_virtual_network_swift_connection",
      "name": "zhrz",
      "provider": "provider[\"registry.terraform.io/hashicorp/azurerm\"]",
      "instances": [
        {
          "schema_version": 0,
          "attributes": {
            "app_service_id": "/subscriptions/fec1a8c7-3053-43ab-b51d-9fcc38bd9399/resourceGroups/zgebs-workbench-dev-application-rg/providers/Microsoft.Web/sites/zgebs-wb-dev-zhrz-wapp-ne-9897",
            "id": "/subscriptions/fec1a8c7-3053-43ab-b51d-9fcc38bd9399/resourceGroups/zgebs-workbench-dev-application-rg/providers/Microsoft.Web/sites/zgebs-wb-dev-zhrz-wapp-ne-9897/config/virtualNetwork",
            "subnet_id": "/subscriptions/fec1a8c7-3053-43ab-b51d-9fcc38bd9399/resourceGroups/zgebs-workbench-dev-neu-vnet-rg/providers/Microsoft.Network/virtualNetworks/workbench-dev-neu-vnet/subnets/zgebs-wb-dev-snet-webout-ne01",
            "timeouts": null
          },
          "sensitive_attributes": [],
          "private": "eyJlMmJmYjczMC1lY2FhLTExZTYtOGY4OC0zNDM2M2JjN2M0YzAiOnsiY3JlYXRlIjoxODAwMDAwMDAwMDAwLCJkZWxldGUiOjE4MDAwMDAwMDAwMDAsInJlYWQiOjMwMDAwMDAwMDAwMCwidXBkYXRlIjoxODAwMDAwMDAwMDAwfX0=",
          "dependencies": [
            "module.app-service.azurerm_resource_group.app",
            "module.app-service.azurerm_service_plan.app",
            "module.app-service.azurerm_windows_web_app.zhrz_webapp",
            "module.app-service.data.azurerm_subnet.snet_webout_ds",
            "module.app-service.data.azurerm_virtual_network.vnetds",
            "module.network.azurerm_network_security_group.nsg",
            "module.network.azurerm_resource_group.network",
            "module.network.azurerm_route_table.rt",
            "module.network.azurerm_subnet.snet_apim",
            "module.network.azurerm_subnet.snet_shared",
            "module.network.azurerm_subnet.snet_webin",
            "module.network.azurerm_subnet.snet_webout",
            "module.network.azurerm_subnet_network_security_group_association.snsg",
            "module.network.azurerm_subnet_network_security_group_association.snsg_apim",
            "module.network.azurerm_subnet_network_security_group_association.snsg_webin",
            "module.network.azurerm_subnet_network_security_group_association.snsg_webout",
            "module.network.azurerm_subnet_route_table_association.srt",
            "module.network.azurerm_subnet_route_table_association.srt_apim",
            "module.network.azurerm_subnet_route_table_association.srt_webin",
            "module.network.azurerm_subnet_route_table_association.srt_webout",
            "module.network.azurerm_virtual_network.vnet"
          ]
        }
      ]
    },
    {
      "module": "module.app-service",
      "mode": "managed",
      "type": "azurerm_network_interface",
      "name": "nic_api",
      "provider": "provider[\"registry.terraform.io/hashicorp/azurerm\"]",
      "instances": [
        {
          "schema_version": 0,
          "attributes": {
            "applied_dns_servers": [],
            "dns_servers": [],
            "edge_zone": "",
            "enable_accelerated_networking": false,
            "enable_ip_forwarding": false,
            "id": "/subscriptions/fec1a8c7-3053-43ab-b51d-9fcc38bd9399/resourceGroups/zgebs-workbench-dev-application-rg/providers/Microsoft.Network/networkInterfaces/zegebs-wb-dev-apiwapp-nic-ne-01",
            "internal_dns_name_label": "",
            "internal_domain_name_suffix": "kuirly45gqoulamxj22zqaudne.fx.internal.cloudapp.net",
            "ip_configuration": [
              {
                "gateway_load_balancer_frontend_ip_configuration_id": "",
                "name": "internal",
                "primary": true,
                "private_ip_address": "10.0.4.4",
                "private_ip_address_allocation": "Dynamic",
                "private_ip_address_version": "IPv4",
                "public_ip_address_id": "",
                "subnet_id": "/subscriptions/fec1a8c7-3053-43ab-b51d-9fcc38bd9399/resourceGroups/zgebs-workbench-dev-neu-vnet-rg/providers/Microsoft.Network/virtualNetworks/workbench-dev-neu-vnet/subnets/zgebs-wb-dev-snet-webin-ne01"
              }
            ],
            "location": "northeurope",
            "mac_address": "",
            "name": "zegebs-wb-dev-apiwapp-nic-ne-01",
            "private_ip_address": "10.0.4.4",
            "private_ip_addresses": [
              "10.0.4.4"
            ],
            "resource_group_name": "zgebs-workbench-dev-application-rg",
            "tags": null,
            "timeouts": null,
            "virtual_machine_id": ""
          },
          "sensitive_attributes": [],
          "private": "eyJlMmJmYjczMC1lY2FhLTExZTYtOGY4OC0zNDM2M2JjN2M0YzAiOnsiY3JlYXRlIjoxODAwMDAwMDAwMDAwLCJkZWxldGUiOjE4MDAwMDAwMDAwMDAsInJlYWQiOjMwMDAwMDAwMDAwMCwidXBkYXRlIjoxODAwMDAwMDAwMDAwfX0=",
          "dependencies": [
            "module.app-service.azurerm_resource_group.app",
            "module.app-service.data.azurerm_subnet.snet_webin_ds",
            "module.app-service.data.azurerm_virtual_network.vnetds",
            "module.network.azurerm_network_security_group.nsg",
            "module.network.azurerm_resource_group.network",
            "module.network.azurerm_route_table.rt",
            "module.network.azurerm_subnet.snet_apim",
            "module.network.azurerm_subnet.snet_shared",
            "module.network.azurerm_subnet.snet_webin",
            "module.network.azurerm_subnet.snet_webout",
            "module.network.azurerm_subnet_network_security_group_association.snsg",
            "module.network.azurerm_subnet_network_security_group_association.snsg_apim",
            "module.network.azurerm_subnet_network_security_group_association.snsg_webin",
            "module.network.azurerm_subnet_network_security_group_association.snsg_webout",
            "module.network.azurerm_subnet_route_table_association.srt",
            "module.network.azurerm_subnet_route_table_association.srt_apim",
            "module.network.azurerm_subnet_route_table_association.srt_webin",
            "module.network.azurerm_subnet_route_table_association.srt_webout",
            "module.network.azurerm_virtual_network.vnet"
          ]
        }
      ]
    },
    {
      "module": "module.app-service",
      "mode": "managed",
      "type": "azurerm_network_interface",
      "name": "nic_dgv",
      "provider": "provider[\"registry.terraform.io/hashicorp/azurerm\"]",
      "instances": [
        {
          "schema_version": 0,
          "attributes": {
            "applied_dns_servers": [],
            "dns_servers": [],
            "edge_zone": "",
            "enable_accelerated_networking": false,
            "enable_ip_forwarding": false,
            "id": "/subscriptions/fec1a8c7-3053-43ab-b51d-9fcc38bd9399/resourceGroups/zgebs-workbench-dev-application-rg/providers/Microsoft.Network/networkInterfaces/zegebs-wb-dev-dgowapp-nic-ne-01",
            "internal_dns_name_label": "",
            "internal_domain_name_suffix": "kuirly45gqoulamxj22zqaudne.fx.internal.cloudapp.net",
            "ip_configuration": [
              {
                "gateway_load_balancer_frontend_ip_configuration_id": "",
                "name": "internal",
                "primary": true,
                "private_ip_address": "10.0.4.10",
                "private_ip_address_allocation": "Dynamic",
                "private_ip_address_version": "IPv4",
                "public_ip_address_id": "",
                "subnet_id": "/subscriptions/fec1a8c7-3053-43ab-b51d-9fcc38bd9399/resourceGroups/zgebs-workbench-dev-neu-vnet-rg/providers/Microsoft.Network/virtualNetworks/workbench-dev-neu-vnet/subnets/zgebs-wb-dev-snet-webin-ne01"
              }
            ],
            "location": "northeurope",
            "mac_address": "",
            "name": "zegebs-wb-dev-dgowapp-nic-ne-01",
            "private_ip_address": "10.0.4.10",
            "private_ip_addresses": [
              "10.0.4.10"
            ],
            "resource_group_name": "zgebs-workbench-dev-application-rg",
            "tags": null,
            "timeouts": null,
            "virtual_machine_id": ""
          },
          "sensitive_attributes": [],
          "private": "eyJlMmJmYjczMC1lY2FhLTExZTYtOGY4OC0zNDM2M2JjN2M0YzAiOnsiY3JlYXRlIjoxODAwMDAwMDAwMDAwLCJkZWxldGUiOjE4MDAwMDAwMDAwMDAsInJlYWQiOjMwMDAwMDAwMDAwMCwidXBkYXRlIjoxODAwMDAwMDAwMDAwfX0=",
          "dependencies": [
            "module.app-service.azurerm_resource_group.app",
            "module.app-service.data.azurerm_subnet.snet_webin_ds",
            "module.app-service.data.azurerm_virtual_network.vnetds",
            "module.network.azurerm_network_security_group.nsg",
            "module.network.azurerm_resource_group.network",
            "module.network.azurerm_route_table.rt",
            "module.network.azurerm_subnet.snet_apim",
            "module.network.azurerm_subnet.snet_shared",
            "module.network.azurerm_subnet.snet_webin",
            "module.network.azurerm_subnet.snet_webout",
            "module.network.azurerm_subnet_network_security_group_association.snsg",
            "module.network.azurerm_subnet_network_security_group_association.snsg_apim",
            "module.network.azurerm_subnet_network_security_group_association.snsg_webin",
            "module.network.azurerm_subnet_network_security_group_association.snsg_webout",
            "module.network.azurerm_subnet_route_table_association.srt",
            "module.network.azurerm_subnet_route_table_association.srt_apim",
            "module.network.azurerm_subnet_route_table_association.srt_webin",
            "module.network.azurerm_subnet_route_table_association.srt_webout",
            "module.network.azurerm_virtual_network.vnet"
          ]
        }
      ]
    },
    {
      "module": "module.app-service",
      "mode": "managed",
      "type": "azurerm_network_interface",
      "name": "nic_fcsd",
      "provider": "provider[\"registry.terraform.io/hashicorp/azurerm\"]",
      "instances": [
        {
          "schema_version": 0,
          "attributes": {
            "applied_dns_servers": [],
            "dns_servers": [],
            "edge_zone": "",
            "enable_accelerated_networking": false,
            "enable_ip_forwarding": false,
            "id": "/subscriptions/fec1a8c7-3053-43ab-b51d-9fcc38bd9399/resourceGroups/zgebs-workbench-dev-application-rg/providers/Microsoft.Network/networkInterfaces/zegebs-wb-dev-fcsdwapp-nic-ne-01",
            "internal_dns_name_label": "",
            "internal_domain_name_suffix": "kuirly45gqoulamxj22zqaudne.fx.internal.cloudapp.net",
            "ip_configuration": [
              {
                "gateway_load_balancer_frontend_ip_configuration_id": "",
                "name": "internal",
                "primary": true,
                "private_ip_address": "10.0.4.8",
                "private_ip_address_allocation": "Dynamic",
                "private_ip_address_version": "IPv4",
                "public_ip_address_id": "",
                "subnet_id": "/subscriptions/fec1a8c7-3053-43ab-b51d-9fcc38bd9399/resourceGroups/zgebs-workbench-dev-neu-vnet-rg/providers/Microsoft.Network/virtualNetworks/workbench-dev-neu-vnet/subnets/zgebs-wb-dev-snet-webin-ne01"
              }
            ],
            "location": "northeurope",
            "mac_address": "",
            "name": "zegebs-wb-dev-fcsdwapp-nic-ne-01",
            "private_ip_address": "10.0.4.8",
            "private_ip_addresses": [
              "10.0.4.8"
            ],
            "resource_group_name": "zgebs-workbench-dev-application-rg",
            "tags": null,
            "timeouts": null,
            "virtual_machine_id": ""
          },
          "sensitive_attributes": [],
          "private": "eyJlMmJmYjczMC1lY2FhLTExZTYtOGY4OC0zNDM2M2JjN2M0YzAiOnsiY3JlYXRlIjoxODAwMDAwMDAwMDAwLCJkZWxldGUiOjE4MDAwMDAwMDAwMDAsInJlYWQiOjMwMDAwMDAwMDAwMCwidXBkYXRlIjoxODAwMDAwMDAwMDAwfX0=",
          "dependencies": [
            "module.app-service.azurerm_resource_group.app",
            "module.app-service.data.azurerm_subnet.snet_webin_ds",
            "module.app-service.data.azurerm_virtual_network.vnetds",
            "module.network.azurerm_network_security_group.nsg",
            "module.network.azurerm_resource_group.network",
            "module.network.azurerm_route_table.rt",
            "module.network.azurerm_subnet.snet_apim",
            "module.network.azurerm_subnet.snet_shared",
            "module.network.azurerm_subnet.snet_webin",
            "module.network.azurerm_subnet.snet_webout",
            "module.network.azurerm_subnet_network_security_group_association.snsg",
            "module.network.azurerm_subnet_network_security_group_association.snsg_apim",
            "module.network.azurerm_subnet_network_security_group_association.snsg_webin",
            "module.network.azurerm_subnet_network_security_group_association.snsg_webout",
            "module.network.azurerm_subnet_route_table_association.srt",
            "module.network.azurerm_subnet_route_table_association.srt_apim",
            "module.network.azurerm_subnet_route_table_association.srt_webin",
            "module.network.azurerm_subnet_route_table_association.srt_webout",
            "module.network.azurerm_virtual_network.vnet"
          ]
        }
      ]
    },
    {
      "module": "module.app-service",
      "mode": "managed",
      "type": "azurerm_network_interface",
      "name": "nic_lpa",
      "provider": "provider[\"registry.terraform.io/hashicorp/azurerm\"]",
      "instances": [
        {
          "schema_version": 0,
          "attributes": {
            "applied_dns_servers": [],
            "dns_servers": [],
            "edge_zone": "",
            "enable_accelerated_networking": false,
            "enable_ip_forwarding": false,
            "id": "/subscriptions/fec1a8c7-3053-43ab-b51d-9fcc38bd9399/resourceGroups/zgebs-workbench-dev-application-rg/providers/Microsoft.Network/networkInterfaces/zegebs-wb-dev-lpawapp-nic-ne-01",
            "internal_dns_name_label": "",
            "internal_domain_name_suffix": "kuirly45gqoulamxj22zqaudne.fx.internal.cloudapp.net",
            "ip_configuration": [
              {
                "gateway_load_balancer_frontend_ip_configuration_id": "",
                "name": "internal",
                "primary": true,
                "private_ip_address": "10.0.4.7",
                "private_ip_address_allocation": "Dynamic",
                "private_ip_address_version": "IPv4",
                "public_ip_address_id": "",
                "subnet_id": "/subscriptions/fec1a8c7-3053-43ab-b51d-9fcc38bd9399/resourceGroups/zgebs-workbench-dev-neu-vnet-rg/providers/Microsoft.Network/virtualNetworks/workbench-dev-neu-vnet/subnets/zgebs-wb-dev-snet-webin-ne01"
              }
            ],
            "location": "northeurope",
            "mac_address": "",
            "name": "zegebs-wb-dev-lpawapp-nic-ne-01",
            "private_ip_address": "10.0.4.7",
            "private_ip_addresses": [
              "10.0.4.7"
            ],
            "resource_group_name": "zgebs-workbench-dev-application-rg",
            "tags": null,
            "timeouts": null,
            "virtual_machine_id": ""
          },
          "sensitive_attributes": [],
          "private": "eyJlMmJmYjczMC1lY2FhLTExZTYtOGY4OC0zNDM2M2JjN2M0YzAiOnsiY3JlYXRlIjoxODAwMDAwMDAwMDAwLCJkZWxldGUiOjE4MDAwMDAwMDAwMDAsInJlYWQiOjMwMDAwMDAwMDAwMCwidXBkYXRlIjoxODAwMDAwMDAwMDAwfX0=",
          "dependencies": [
            "module.app-service.azurerm_resource_group.app",
            "module.app-service.data.azurerm_subnet.snet_webin_ds",
            "module.app-service.data.azurerm_virtual_network.vnetds",
            "module.network.azurerm_network_security_group.nsg",
            "module.network.azurerm_resource_group.network",
            "module.network.azurerm_route_table.rt",
            "module.network.azurerm_subnet.snet_apim",
            "module.network.azurerm_subnet.snet_shared",
            "module.network.azurerm_subnet.snet_webin",
            "module.network.azurerm_subnet.snet_webout",
            "module.network.azurerm_subnet_network_security_group_association.snsg",
            "module.network.azurerm_subnet_network_security_group_association.snsg_apim",
            "module.network.azurerm_subnet_network_security_group_association.snsg_webin",
            "module.network.azurerm_subnet_network_security_group_association.snsg_webout",
            "module.network.azurerm_subnet_route_table_association.srt",
            "module.network.azurerm_subnet_route_table_association.srt_apim",
            "module.network.azurerm_subnet_route_table_association.srt_webin",
            "module.network.azurerm_subnet_route_table_association.srt_webout",
            "module.network.azurerm_virtual_network.vnet"
          ]
        }
      ]
    },
    {
      "module": "module.app-service",
      "mode": "managed",
      "type": "azurerm_network_interface",
      "name": "nic_mzsa",
      "provider": "provider[\"registry.terraform.io/hashicorp/azurerm\"]",
      "instances": [
        {
          "schema_version": 0,
          "attributes": {
            "applied_dns_servers": [],
            "dns_servers": [],
            "edge_zone": "",
            "enable_accelerated_networking": false,
            "enable_ip_forwarding": false,
            "id": "/subscriptions/fec1a8c7-3053-43ab-b51d-9fcc38bd9399/resourceGroups/zgebs-workbench-dev-application-rg/providers/Microsoft.Network/networkInterfaces/zegebs-wb-dev-mzsawapp-nic-ne-01",
            "internal_dns_name_label": "",
            "internal_domain_name_suffix": "kuirly45gqoulamxj22zqaudne.fx.internal.cloudapp.net",
            "ip_configuration": [
              {
                "gateway_load_balancer_frontend_ip_configuration_id": "",
                "name": "internal",
                "primary": true,
                "private_ip_address": "10.0.4.6",
                "private_ip_address_allocation": "Dynamic",
                "private_ip_address_version": "IPv4",
                "public_ip_address_id": "",
                "subnet_id": "/subscriptions/fec1a8c7-3053-43ab-b51d-9fcc38bd9399/resourceGroups/zgebs-workbench-dev-neu-vnet-rg/providers/Microsoft.Network/virtualNetworks/workbench-dev-neu-vnet/subnets/zgebs-wb-dev-snet-webin-ne01"
              }
            ],
            "location": "northeurope",
            "mac_address": "",
            "name": "zegebs-wb-dev-mzsawapp-nic-ne-01",
            "private_ip_address": "10.0.4.6",
            "private_ip_addresses": [
              "10.0.4.6"
            ],
            "resource_group_name": "zgebs-workbench-dev-application-rg",
            "tags": null,
            "timeouts": null,
            "virtual_machine_id": ""
          },
          "sensitive_attributes": [],
          "private": "eyJlMmJmYjczMC1lY2FhLTExZTYtOGY4OC0zNDM2M2JjN2M0YzAiOnsiY3JlYXRlIjoxODAwMDAwMDAwMDAwLCJkZWxldGUiOjE4MDAwMDAwMDAwMDAsInJlYWQiOjMwMDAwMDAwMDAwMCwidXBkYXRlIjoxODAwMDAwMDAwMDAwfX0=",
          "dependencies": [
            "module.app-service.azurerm_resource_group.app",
            "module.app-service.data.azurerm_subnet.snet_webin_ds",
            "module.app-service.data.azurerm_virtual_network.vnetds",
            "module.network.azurerm_network_security_group.nsg",
            "module.network.azurerm_resource_group.network",
            "module.network.azurerm_route_table.rt",
            "module.network.azurerm_subnet.snet_apim",
            "module.network.azurerm_subnet.snet_shared",
            "module.network.azurerm_subnet.snet_webin",
            "module.network.azurerm_subnet.snet_webout",
            "module.network.azurerm_subnet_network_security_group_association.snsg",
            "module.network.azurerm_subnet_network_security_group_association.snsg_apim",
            "module.network.azurerm_subnet_network_security_group_association.snsg_webin",
            "module.network.azurerm_subnet_network_security_group_association.snsg_webout",
            "module.network.azurerm_subnet_route_table_association.srt",
            "module.network.azurerm_subnet_route_table_association.srt_apim",
            "module.network.azurerm_subnet_route_table_association.srt_webin",
            "module.network.azurerm_subnet_route_table_association.srt_webout",
            "module.network.azurerm_virtual_network.vnet"
          ]
        }
      ]
    },
    {
      "module": "module.app-service",
      "mode": "managed",
      "type": "azurerm_network_interface",
      "name": "nic_nwp",
      "provider": "provider[\"registry.terraform.io/hashicorp/azurerm\"]",
      "instances": [
        {
          "schema_version": 0,
          "attributes": {
            "applied_dns_servers": [],
            "dns_servers": [],
            "edge_zone": "",
            "enable_accelerated_networking": false,
            "enable_ip_forwarding": false,
            "id": "/subscriptions/fec1a8c7-3053-43ab-b51d-9fcc38bd9399/resourceGroups/zgebs-workbench-dev-application-rg/providers/Microsoft.Network/networkInterfaces/zegebs-wb-dev-nwpwapp-nic-ne-01",
            "internal_dns_name_label": "",
            "internal_domain_name_suffix": "kuirly45gqoulamxj22zqaudne.fx.internal.cloudapp.net",
            "ip_configuration": [
              {
                "gateway_load_balancer_frontend_ip_configuration_id": "",
                "name": "internal",
                "primary": true,
                "private_ip_address": "10.0.4.5",
                "private_ip_address_allocation": "Dynamic",
                "private_ip_address_version": "IPv4",
                "public_ip_address_id": "",
                "subnet_id": "/subscriptions/fec1a8c7-3053-43ab-b51d-9fcc38bd9399/resourceGroups/zgebs-workbench-dev-neu-vnet-rg/providers/Microsoft.Network/virtualNetworks/workbench-dev-neu-vnet/subnets/zgebs-wb-dev-snet-webin-ne01"
              }
            ],
            "location": "northeurope",
            "mac_address": "",
            "name": "zegebs-wb-dev-nwpwapp-nic-ne-01",
            "private_ip_address": "10.0.4.5",
            "private_ip_addresses": [
              "10.0.4.5"
            ],
            "resource_group_name": "zgebs-workbench-dev-application-rg",
            "tags": null,
            "timeouts": null,
            "virtual_machine_id": ""
          },
          "sensitive_attributes": [],
          "private": "eyJlMmJmYjczMC1lY2FhLTExZTYtOGY4OC0zNDM2M2JjN2M0YzAiOnsiY3JlYXRlIjoxODAwMDAwMDAwMDAwLCJkZWxldGUiOjE4MDAwMDAwMDAwMDAsInJlYWQiOjMwMDAwMDAwMDAwMCwidXBkYXRlIjoxODAwMDAwMDAwMDAwfX0=",
          "dependencies": [
            "module.app-service.azurerm_resource_group.app",
            "module.app-service.data.azurerm_subnet.snet_webin_ds",
            "module.app-service.data.azurerm_virtual_network.vnetds",
            "module.network.azurerm_network_security_group.nsg",
            "module.network.azurerm_resource_group.network",
            "module.network.azurerm_route_table.rt",
            "module.network.azurerm_subnet.snet_apim",
            "module.network.azurerm_subnet.snet_shared",
            "module.network.azurerm_subnet.snet_webin",
            "module.network.azurerm_subnet.snet_webout",
            "module.network.azurerm_subnet_network_security_group_association.snsg",
            "module.network.azurerm_subnet_network_security_group_association.snsg_apim",
            "module.network.azurerm_subnet_network_security_group_association.snsg_webin",
            "module.network.azurerm_subnet_network_security_group_association.snsg_webout",
            "module.network.azurerm_subnet_route_table_association.srt",
            "module.network.azurerm_subnet_route_table_association.srt_apim",
            "module.network.azurerm_subnet_route_table_association.srt_webin",
            "module.network.azurerm_subnet_route_table_association.srt_webout",
            "module.network.azurerm_virtual_network.vnet"
          ]
        }
      ]
    },
    {
      "module": "module.app-service",
      "mode": "managed",
      "type": "azurerm_network_interface",
      "name": "nic_zhrz",
      "provider": "provider[\"registry.terraform.io/hashicorp/azurerm\"]",
      "instances": [
        {
          "schema_version": 0,
          "attributes": {
            "applied_dns_servers": [],
            "dns_servers": [],
            "edge_zone": "",
            "enable_accelerated_networking": false,
            "enable_ip_forwarding": false,
            "id": "/subscriptions/fec1a8c7-3053-43ab-b51d-9fcc38bd9399/resourceGroups/zgebs-workbench-dev-application-rg/providers/Microsoft.Network/networkInterfaces/zegebs-wb-dev-zhrzwapp-nic-ne-01",
            "internal_dns_name_label": "",
            "internal_domain_name_suffix": "kuirly45gqoulamxj22zqaudne.fx.internal.cloudapp.net",
            "ip_configuration": [
              {
                "gateway_load_balancer_frontend_ip_configuration_id": "",
                "name": "internal",
                "primary": true,
                "private_ip_address": "10.0.4.9",
                "private_ip_address_allocation": "Dynamic",
                "private_ip_address_version": "IPv4",
                "public_ip_address_id": "",
                "subnet_id": "/subscriptions/fec1a8c7-3053-43ab-b51d-9fcc38bd9399/resourceGroups/zgebs-workbench-dev-neu-vnet-rg/providers/Microsoft.Network/virtualNetworks/workbench-dev-neu-vnet/subnets/zgebs-wb-dev-snet-webin-ne01"
              }
            ],
            "location": "northeurope",
            "mac_address": "",
            "name": "zegebs-wb-dev-zhrzwapp-nic-ne-01",
            "private_ip_address": "10.0.4.9",
            "private_ip_addresses": [
              "10.0.4.9"
            ],
            "resource_group_name": "zgebs-workbench-dev-application-rg",
            "tags": null,
            "timeouts": null,
            "virtual_machine_id": ""
          },
          "sensitive_attributes": [],
          "private": "eyJlMmJmYjczMC1lY2FhLTExZTYtOGY4OC0zNDM2M2JjN2M0YzAiOnsiY3JlYXRlIjoxODAwMDAwMDAwMDAwLCJkZWxldGUiOjE4MDAwMDAwMDAwMDAsInJlYWQiOjMwMDAwMDAwMDAwMCwidXBkYXRlIjoxODAwMDAwMDAwMDAwfX0=",
          "dependencies": [
            "module.app-service.azurerm_resource_group.app",
            "module.app-service.data.azurerm_subnet.snet_webin_ds",
            "module.app-service.data.azurerm_virtual_network.vnetds",
            "module.network.azurerm_network_security_group.nsg",
            "module.network.azurerm_resource_group.network",
            "module.network.azurerm_route_table.rt",
            "module.network.azurerm_subnet.snet_apim",
            "module.network.azurerm_subnet.snet_shared",
            "module.network.azurerm_subnet.snet_webin",
            "module.network.azurerm_subnet.snet_webout",
            "module.network.azurerm_subnet_network_security_group_association.snsg",
            "module.network.azurerm_subnet_network_security_group_association.snsg_apim",
            "module.network.azurerm_subnet_network_security_group_association.snsg_webin",
            "module.network.azurerm_subnet_network_security_group_association.snsg_webout",
            "module.network.azurerm_subnet_route_table_association.srt",
            "module.network.azurerm_subnet_route_table_association.srt_apim",
            "module.network.azurerm_subnet_route_table_association.srt_webin",
            "module.network.azurerm_subnet_route_table_association.srt_webout",
            "module.network.azurerm_virtual_network.vnet"
          ]
        }
      ]
    },
    {
      "module": "module.app-service",
      "mode": "managed",
      "type": "azurerm_private_dns_zone",
      "name": "dnszone_dgv",
      "provider": "provider[\"registry.terraform.io/hashicorp/azurerm\"]",
      "instances": [
        {
          "status": "tainted",
          "schema_version": 0,
          "attributes": {
            "id": "/subscriptions/fec1a8c7-3053-43ab-b51d-9fcc38bd9399/resourceGroups/zgebs-workbench-dev-application-rg/providers/Microsoft.Network/privateDnsZones/privatelink.azurewebsites.net",
            "max_number_of_record_sets": null,
            "max_number_of_virtual_network_links": null,
            "max_number_of_virtual_network_links_with_registration": null,
            "name": "privatelink.azurewebsites.net",
            "number_of_record_sets": null,
            "resource_group_name": "zgebs-workbench-dev-application-rg",
            "soa_record": null,
            "tags": null,
            "timeouts": null
          },
          "sensitive_attributes": [],
          "private": "eyJlMmJmYjczMC1lY2FhLTExZTYtOGY4OC0zNDM2M2JjN2M0YzAiOnsiY3JlYXRlIjoxODAwMDAwMDAwMDAwLCJkZWxldGUiOjE4MDAwMDAwMDAwMDAsInJlYWQiOjMwMDAwMDAwMDAwMCwidXBkYXRlIjoxODAwMDAwMDAwMDAwfX0=",
          "dependencies": [
            "module.app-service.azurerm_resource_group.app",
            "module.network.azurerm_network_security_group.nsg",
            "module.network.azurerm_resource_group.network",
            "module.network.azurerm_route_table.rt",
            "module.network.azurerm_subnet.snet_apim",
            "module.network.azurerm_subnet.snet_shared",
            "module.network.azurerm_subnet.snet_webin",
            "module.network.azurerm_subnet.snet_webout",
            "module.network.azurerm_subnet_network_security_group_association.snsg",
            "module.network.azurerm_subnet_network_security_group_association.snsg_apim",
            "module.network.azurerm_subnet_network_security_group_association.snsg_webin",
            "module.network.azurerm_subnet_network_security_group_association.snsg_webout",
            "module.network.azurerm_subnet_route_table_association.srt",
            "module.network.azurerm_subnet_route_table_association.srt_apim",
            "module.network.azurerm_subnet_route_table_association.srt_webin",
            "module.network.azurerm_subnet_route_table_association.srt_webout",
            "module.network.azurerm_virtual_network.vnet"
          ]
        }
      ]
    },
    {
      "module": "module.app-service",
      "mode": "managed",
      "type": "azurerm_private_dns_zone",
      "name": "dnszone_zhrz",
      "provider": "provider[\"registry.terraform.io/hashicorp/azurerm\"]",
      "instances": [
        {
          "schema_version": 0,
          "attributes": {
            "id": "/subscriptions/fec1a8c7-3053-43ab-b51d-9fcc38bd9399/resourceGroups/zgebs-workbench-dev-application-rg/providers/Microsoft.Network/privateDnsZones/privatelink.azurewebsites.net",
            "max_number_of_record_sets": 25000,
            "max_number_of_virtual_network_links": 1000,
            "max_number_of_virtual_network_links_with_registration": 100,
            "name": "privatelink.azurewebsites.net",
            "number_of_record_sets": 1,
            "resource_group_name": "zgebs-workbench-dev-application-rg",
            "soa_record": [
              {
                "email": "azureprivatedns-host.microsoft.com",
                "expire_time": 2419200,
                "fqdn": "privatelink.azurewebsites.net.",
                "host_name": "azureprivatedns.net",
                "minimum_ttl": 10,
                "refresh_time": 3600,
                "retry_time": 300,
                "serial_number": 1,
                "tags": {},
                "ttl": 3600
              }
            ],
            "tags": null,
            "timeouts": null
          },
          "sensitive_attributes": [],
          "private": "eyJlMmJmYjczMC1lY2FhLTExZTYtOGY4OC0zNDM2M2JjN2M0YzAiOnsiY3JlYXRlIjoxODAwMDAwMDAwMDAwLCJkZWxldGUiOjE4MDAwMDAwMDAwMDAsInJlYWQiOjMwMDAwMDAwMDAwMCwidXBkYXRlIjoxODAwMDAwMDAwMDAwfX0=",
          "dependencies": [
            "module.app-service.azurerm_resource_group.app",
            "module.network.azurerm_network_security_group.nsg",
            "module.network.azurerm_resource_group.network",
            "module.network.azurerm_route_table.rt",
            "module.network.azurerm_subnet.snet_apim",
            "module.network.azurerm_subnet.snet_shared",
            "module.network.azurerm_subnet.snet_webin",
            "module.network.azurerm_subnet.snet_webout",
            "module.network.azurerm_subnet_network_security_group_association.snsg",
            "module.network.azurerm_subnet_network_security_group_association.snsg_apim",
            "module.network.azurerm_subnet_network_security_group_association.snsg_webin",
            "module.network.azurerm_subnet_network_security_group_association.snsg_webout",
            "module.network.azurerm_subnet_route_table_association.srt",
            "module.network.azurerm_subnet_route_table_association.srt_apim",
            "module.network.azurerm_subnet_route_table_association.srt_webin",
            "module.network.azurerm_subnet_route_table_association.srt_webout",
            "module.network.azurerm_virtual_network.vnet"
          ]
        }
      ]
    },
    {
      "module": "module.app-service",
      "mode": "managed",
      "type": "azurerm_private_dns_zone_virtual_network_link",
      "name": "api",
      "provider": "provider[\"registry.terraform.io/hashicorp/azurerm\"]",
      "instances": []
    },
    {
      "module": "module.app-service",
      "mode": "managed",
      "type": "azurerm_private_dns_zone_virtual_network_link",
      "name": "dgv",
      "provider": "provider[\"registry.terraform.io/hashicorp/azurerm\"]",
      "instances": []
    },
    {
      "module": "module.app-service",
      "mode": "managed",
      "type": "azurerm_private_dns_zone_virtual_network_link",
      "name": "fcsd",
      "provider": "provider[\"registry.terraform.io/hashicorp/azurerm\"]",
      "instances": []
    },
    {
      "module": "module.app-service",
      "mode": "managed",
      "type": "azurerm_private_dns_zone_virtual_network_link",
      "name": "lpa",
      "provider": "provider[\"registry.terraform.io/hashicorp/azurerm\"]",
      "instances": []
    },
    {
      "module": "module.app-service",
      "mode": "managed",
      "type": "azurerm_private_dns_zone_virtual_network_link",
      "name": "mzsa",
      "provider": "provider[\"registry.terraform.io/hashicorp/azurerm\"]",
      "instances": []
    },
    {
      "module": "module.app-service",
      "mode": "managed",
      "type": "azurerm_private_dns_zone_virtual_network_link",
      "name": "nwp",
      "provider": "provider[\"registry.terraform.io/hashicorp/azurerm\"]",
      "instances": []
    },
    {
      "module": "module.app-service",
      "mode": "managed",
      "type": "azurerm_private_dns_zone_virtual_network_link",
      "name": "zhrz",
      "provider": "provider[\"registry.terraform.io/hashicorp/azurerm\"]",
      "instances": [
        {
          "schema_version": 0,
          "attributes": {
            "id": "/subscriptions/fec1a8c7-3053-43ab-b51d-9fcc38bd9399/resourceGroups/zgebs-workbench-dev-application-rg/providers/Microsoft.Network/privateDnsZones/privatelink.azurewebsites.net/virtualNetworkLinks/virtual-net-link-zhrz-001",
            "name": "virtual-net-link-zhrz-001",
            "private_dns_zone_name": "privatelink.azurewebsites.net",
            "registration_enabled": false,
            "resource_group_name": "zgebs-workbench-dev-application-rg",
            "tags": null,
            "timeouts": null,
            "virtual_network_id": "/subscriptions/fec1a8c7-3053-43ab-b51d-9fcc38bd9399/resourceGroups/zgebs-workbench-dev-neu-vnet-rg/providers/Microsoft.Network/virtualNetworks/workbench-dev-neu-vnet"
          },
          "sensitive_attributes": [],
          "private": "eyJlMmJmYjczMC1lY2FhLTExZTYtOGY4OC0zNDM2M2JjN2M0YzAiOnsiY3JlYXRlIjoxODAwMDAwMDAwMDAwLCJkZWxldGUiOjE4MDAwMDAwMDAwMDAsInJlYWQiOjMwMDAwMDAwMDAwMCwidXBkYXRlIjoxODAwMDAwMDAwMDAwfX0=",
          "dependencies": [
            "module.app-service.azurerm_private_dns_zone.dnszone_zhrz",
            "module.app-service.azurerm_resource_group.app",
            "module.app-service.data.azurerm_virtual_network.vnetds",
            "module.network.azurerm_network_security_group.nsg",
            "module.network.azurerm_resource_group.network",
            "module.network.azurerm_route_table.rt",
            "module.network.azurerm_subnet.snet_apim",
            "module.network.azurerm_subnet.snet_shared",
            "module.network.azurerm_subnet.snet_webin",
            "module.network.azurerm_subnet.snet_webout",
            "module.network.azurerm_subnet_network_security_group_association.snsg",
            "module.network.azurerm_subnet_network_security_group_association.snsg_apim",
            "module.network.azurerm_subnet_network_security_group_association.snsg_webin",
            "module.network.azurerm_subnet_network_security_group_association.snsg_webout",
            "module.network.azurerm_subnet_route_table_association.srt",
            "module.network.azurerm_subnet_route_table_association.srt_apim",
            "module.network.azurerm_subnet_route_table_association.srt_webin",
            "module.network.azurerm_subnet_route_table_association.srt_webout",
            "module.network.azurerm_virtual_network.vnet"
          ]
        }
      ]
    },
    {
      "module": "module.app-service",
      "mode": "managed",
      "type": "azurerm_private_endpoint",
      "name": "endpoint_api",
      "provider": "provider[\"registry.terraform.io/hashicorp/azurerm\"]",
      "instances": [
        {
          "schema_version": 0,
          "attributes": {
            "custom_dns_configs": [
              {
                "fqdn": "zgebs-wb-dev-api-wapp-ne-9897.azurewebsites.net",
                "ip_addresses": [
                  "10.0.4.14"
                ]
              },
              {
                "fqdn": "zgebs-wb-dev-api-wapp-ne-9897.scm.azurewebsites.net",
                "ip_addresses": [
                  "10.0.4.14"
                ]
              }
            ],
            "custom_network_interface_name": "",
            "id": "/subscriptions/fec1a8c7-3053-43ab-b51d-9fcc38bd9399/resourceGroups/zgebs-workbench-dev-application-rg/providers/Microsoft.Network/privateEndpoints/zgebs-wb-dev-apiwapp-pe-ne",
            "ip_configuration": [],
            "location": "northeurope",
            "name": "zgebs-wb-dev-apiwapp-pe-ne",
            "network_interface": [
              {
                "id": "/subscriptions/fec1a8c7-3053-43ab-b51d-9fcc38bd9399/resourceGroups/zgebs-workbench-dev-application-rg/providers/Microsoft.Network/networkInterfaces/zgebs-wb-dev-apiwapp-pe-ne.nic.f21cc6fd-3303-473a-8451-1cd9e15fe93f",
                "name": "zgebs-wb-dev-apiwapp-pe-ne.nic.f21cc6fd-3303-473a-8451-1cd9e15fe93f"
              }
            ],
            "private_dns_zone_configs": [],
            "private_dns_zone_group": [],
            "private_service_connection": [
              {
                "is_manual_connection": false,
                "name": "private-connection-name-api",
                "private_connection_resource_alias": "",
                "private_connection_resource_id": "/subscriptions/fec1a8c7-3053-43ab-b51d-9fcc38bd9399/resourceGroups/zgebs-workbench-dev-application-rg/providers/Microsoft.Web/sites/zgebs-wb-dev-api-wapp-ne-9897",
                "private_ip_address": "10.0.4.14",
                "request_message": "",
                "subresource_names": [
                  "sites"
                ]
              }
            ],
            "resource_group_name": "zgebs-workbench-dev-application-rg",
            "subnet_id": "/subscriptions/fec1a8c7-3053-43ab-b51d-9fcc38bd9399/resourceGroups/zgebs-workbench-dev-neu-vnet-rg/providers/Microsoft.Network/virtualNetworks/workbench-dev-neu-vnet/subnets/zgebs-wb-dev-snet-webin-ne01",
            "tags": null,
            "timeouts": null
          },
          "sensitive_attributes": [],
          "private": "eyJlMmJmYjczMC1lY2FhLTExZTYtOGY4OC0zNDM2M2JjN2M0YzAiOnsiY3JlYXRlIjozNjAwMDAwMDAwMDAwLCJkZWxldGUiOjM2MDAwMDAwMDAwMDAsInJlYWQiOjMwMDAwMDAwMDAwMCwidXBkYXRlIjozNjAwMDAwMDAwMDAwfX0=",
          "dependencies": [
            "module.app-service.azurerm_resource_group.app",
            "module.app-service.azurerm_service_plan.app",
            "module.app-service.azurerm_windows_web_app.api_webapp",
            "module.app-service.data.azurerm_subnet.snet_webin_ds",
            "module.app-service.data.azurerm_virtual_network.vnetds",
            "module.network.azurerm_network_security_group.nsg",
            "module.network.azurerm_resource_group.network",
            "module.network.azurerm_route_table.rt",
            "module.network.azurerm_subnet.snet_apim",
            "module.network.azurerm_subnet.snet_shared",
            "module.network.azurerm_subnet.snet_webin",
            "module.network.azurerm_subnet.snet_webout",
            "module.network.azurerm_subnet_network_security_group_association.snsg",
            "module.network.azurerm_subnet_network_security_group_association.snsg_apim",
            "module.network.azurerm_subnet_network_security_group_association.snsg_webin",
            "module.network.azurerm_subnet_network_security_group_association.snsg_webout",
            "module.network.azurerm_subnet_route_table_association.srt",
            "module.network.azurerm_subnet_route_table_association.srt_apim",
            "module.network.azurerm_subnet_route_table_association.srt_webin",
            "module.network.azurerm_subnet_route_table_association.srt_webout",
            "module.network.azurerm_virtual_network.vnet"
          ]
        }
      ]
    },
    {
      "module": "module.app-service",
      "mode": "managed",
      "type": "azurerm_private_endpoint",
      "name": "endpoint_dgv",
      "provider": "provider[\"registry.terraform.io/hashicorp/azurerm\"]",
      "instances": [
        {
          "schema_version": 0,
          "attributes": {
            "custom_dns_configs": [
              {
                "fqdn": "zgebs-wb-dev-dgv-wapp-ne-9897.azurewebsites.net",
                "ip_addresses": [
                  "10.0.4.17"
                ]
              },
              {
                "fqdn": "zgebs-wb-dev-dgv-wapp-ne-9897.scm.azurewebsites.net",
                "ip_addresses": [
                  "10.0.4.17"
                ]
              }
            ],
            "custom_network_interface_name": "",
            "id": "/subscriptions/fec1a8c7-3053-43ab-b51d-9fcc38bd9399/resourceGroups/zgebs-workbench-dev-application-rg/providers/Microsoft.Network/privateEndpoints/zgebs-wb-dev-dgowapp-pe-ne",
            "ip_configuration": [],
            "location": "northeurope",
            "name": "zgebs-wb-dev-dgowapp-pe-ne",
            "network_interface": [
              {
                "id": "/subscriptions/fec1a8c7-3053-43ab-b51d-9fcc38bd9399/resourceGroups/zgebs-workbench-dev-application-rg/providers/Microsoft.Network/networkInterfaces/zgebs-wb-dev-dgowapp-pe-ne.nic.30956ac2-4cc8-43bc-8ed0-2b5928e7dbe8",
                "name": "zgebs-wb-dev-dgowapp-pe-ne.nic.30956ac2-4cc8-43bc-8ed0-2b5928e7dbe8"
              }
            ],
            "private_dns_zone_configs": [],
            "private_dns_zone_group": [],
            "private_service_connection": [
              {
                "is_manual_connection": false,
                "name": "private-connection-name-dgv",
                "private_connection_resource_alias": "",
                "private_connection_resource_id": "/subscriptions/fec1a8c7-3053-43ab-b51d-9fcc38bd9399/resourceGroups/zgebs-workbench-dev-application-rg/providers/Microsoft.Web/sites/zgebs-wb-dev-dgv-wapp-ne-9897",
                "private_ip_address": "10.0.4.17",
                "request_message": "",
                "subresource_names": [
                  "sites"
                ]
              }
            ],
            "resource_group_name": "zgebs-workbench-dev-application-rg",
            "subnet_id": "/subscriptions/fec1a8c7-3053-43ab-b51d-9fcc38bd9399/resourceGroups/zgebs-workbench-dev-neu-vnet-rg/providers/Microsoft.Network/virtualNetworks/workbench-dev-neu-vnet/subnets/zgebs-wb-dev-snet-webin-ne01",
            "tags": null,
            "timeouts": null
          },
          "sensitive_attributes": [],
          "private": "eyJlMmJmYjczMC1lY2FhLTExZTYtOGY4OC0zNDM2M2JjN2M0YzAiOnsiY3JlYXRlIjozNjAwMDAwMDAwMDAwLCJkZWxldGUiOjM2MDAwMDAwMDAwMDAsInJlYWQiOjMwMDAwMDAwMDAwMCwidXBkYXRlIjozNjAwMDAwMDAwMDAwfX0=",
          "dependencies": [
            "module.app-service.azurerm_resource_group.app",
            "module.app-service.azurerm_service_plan.app",
            "module.app-service.azurerm_windows_web_app.dgv_webapp",
            "module.app-service.data.azurerm_subnet.snet_webin_ds",
            "module.app-service.data.azurerm_virtual_network.vnetds",
            "module.network.azurerm_network_security_group.nsg",
            "module.network.azurerm_resource_group.network",
            "module.network.azurerm_route_table.rt",
            "module.network.azurerm_subnet.snet_apim",
            "module.network.azurerm_subnet.snet_shared",
            "module.network.azurerm_subnet.snet_webin",
            "module.network.azurerm_subnet.snet_webout",
            "module.network.azurerm_subnet_network_security_group_association.snsg",
            "module.network.azurerm_subnet_network_security_group_association.snsg_apim",
            "module.network.azurerm_subnet_network_security_group_association.snsg_webin",
            "module.network.azurerm_subnet_network_security_group_association.snsg_webout",
            "module.network.azurerm_subnet_route_table_association.srt",
            "module.network.azurerm_subnet_route_table_association.srt_apim",
            "module.network.azurerm_subnet_route_table_association.srt_webin",
            "module.network.azurerm_subnet_route_table_association.srt_webout",
            "module.network.azurerm_virtual_network.vnet"
          ]
        }
      ]
    },
    {
      "module": "module.app-service",
      "mode": "managed",
      "type": "azurerm_private_endpoint",
      "name": "endpoint_fcsd",
      "provider": "provider[\"registry.terraform.io/hashicorp/azurerm\"]",
      "instances": [
        {
          "schema_version": 0,
          "attributes": {
            "custom_dns_configs": [
              {
                "fqdn": "zgebs-wb-dev-fcsd-wapp-ne-9897.azurewebsites.net",
                "ip_addresses": [
                  "10.0.4.11"
                ]
              },
              {
                "fqdn": "zgebs-wb-dev-fcsd-wapp-ne-9897.scm.azurewebsites.net",
                "ip_addresses": [
                  "10.0.4.11"
                ]
              }
            ],
            "custom_network_interface_name": "",
            "id": "/subscriptions/fec1a8c7-3053-43ab-b51d-9fcc38bd9399/resourceGroups/zgebs-workbench-dev-application-rg/providers/Microsoft.Network/privateEndpoints/zgebs-wb-dev-fcsdwapp-pe-ne",
            "ip_configuration": [],
            "location": "northeurope",
            "name": "zgebs-wb-dev-fcsdwapp-pe-ne",
            "network_interface": [
              {
                "id": "/subscriptions/fec1a8c7-3053-43ab-b51d-9fcc38bd9399/resourceGroups/zgebs-workbench-dev-application-rg/providers/Microsoft.Network/networkInterfaces/zgebs-wb-dev-fcsdwapp-pe-ne.nic.48941702-6204-4ea0-b816-17babd73b525",
                "name": "zgebs-wb-dev-fcsdwapp-pe-ne.nic.48941702-6204-4ea0-b816-17babd73b525"
              }
            ],
            "private_dns_zone_configs": [],
            "private_dns_zone_group": [],
            "private_service_connection": [
              {
                "is_manual_connection": false,
                "name": "private-connection-name-fcsd",
                "private_connection_resource_alias": "",
                "private_connection_resource_id": "/subscriptions/fec1a8c7-3053-43ab-b51d-9fcc38bd9399/resourceGroups/zgebs-workbench-dev-application-rg/providers/Microsoft.Web/sites/zgebs-wb-dev-fcsd-wapp-ne-9897",
                "private_ip_address": "10.0.4.11",
                "request_message": "",
                "subresource_names": [
                  "sites"
                ]
              }
            ],
            "resource_group_name": "zgebs-workbench-dev-application-rg",
            "subnet_id": "/subscriptions/fec1a8c7-3053-43ab-b51d-9fcc38bd9399/resourceGroups/zgebs-workbench-dev-neu-vnet-rg/providers/Microsoft.Network/virtualNetworks/workbench-dev-neu-vnet/subnets/zgebs-wb-dev-snet-webin-ne01",
            "tags": null,
            "timeouts": null
          },
          "sensitive_attributes": [],
          "private": "eyJlMmJmYjczMC1lY2FhLTExZTYtOGY4OC0zNDM2M2JjN2M0YzAiOnsiY3JlYXRlIjozNjAwMDAwMDAwMDAwLCJkZWxldGUiOjM2MDAwMDAwMDAwMDAsInJlYWQiOjMwMDAwMDAwMDAwMCwidXBkYXRlIjozNjAwMDAwMDAwMDAwfX0=",
          "dependencies": [
            "module.app-service.azurerm_resource_group.app",
            "module.app-service.azurerm_service_plan.app",
            "module.app-service.azurerm_windows_web_app.fcsd_webapp",
            "module.app-service.data.azurerm_subnet.snet_webin_ds",
            "module.app-service.data.azurerm_virtual_network.vnetds",
            "module.network.azurerm_network_security_group.nsg",
            "module.network.azurerm_resource_group.network",
            "module.network.azurerm_route_table.rt",
            "module.network.azurerm_subnet.snet_apim",
            "module.network.azurerm_subnet.snet_shared",
            "module.network.azurerm_subnet.snet_webin",
            "module.network.azurerm_subnet.snet_webout",
            "module.network.azurerm_subnet_network_security_group_association.snsg",
            "module.network.azurerm_subnet_network_security_group_association.snsg_apim",
            "module.network.azurerm_subnet_network_security_group_association.snsg_webin",
            "module.network.azurerm_subnet_network_security_group_association.snsg_webout",
            "module.network.azurerm_subnet_route_table_association.srt",
            "module.network.azurerm_subnet_route_table_association.srt_apim",
            "module.network.azurerm_subnet_route_table_association.srt_webin",
            "module.network.azurerm_subnet_route_table_association.srt_webout",
            "module.network.azurerm_virtual_network.vnet"
          ]
        }
      ]
    },
    {
      "module": "module.app-service",
      "mode": "managed",
      "type": "azurerm_private_endpoint",
      "name": "endpoint_lpa",
      "provider": "provider[\"registry.terraform.io/hashicorp/azurerm\"]",
      "instances": [
        {
          "schema_version": 0,
          "attributes": {
            "custom_dns_configs": [
              {
                "fqdn": "zgebs-wb-dev-lpa-wapp-ne-9897.azurewebsites.net",
                "ip_addresses": [
                  "10.0.4.16"
                ]
              },
              {
                "fqdn": "zgebs-wb-dev-lpa-wapp-ne-9897.scm.azurewebsites.net",
                "ip_addresses": [
                  "10.0.4.16"
                ]
              }
            ],
            "custom_network_interface_name": "",
            "id": "/subscriptions/fec1a8c7-3053-43ab-b51d-9fcc38bd9399/resourceGroups/zgebs-workbench-dev-application-rg/providers/Microsoft.Network/privateEndpoints/zgebs-wb-dev-lpawapp-pe-ne",
            "ip_configuration": [],
            "location": "northeurope",
            "name": "zgebs-wb-dev-lpawapp-pe-ne",
            "network_interface": [
              {
                "id": "/subscriptions/fec1a8c7-3053-43ab-b51d-9fcc38bd9399/resourceGroups/zgebs-workbench-dev-application-rg/providers/Microsoft.Network/networkInterfaces/zgebs-wb-dev-lpawapp-pe-ne.nic.4afab109-aa46-403b-9c5d-2ce5a8146e74",
                "name": "zgebs-wb-dev-lpawapp-pe-ne.nic.4afab109-aa46-403b-9c5d-2ce5a8146e74"
              }
            ],
            "private_dns_zone_configs": [],
            "private_dns_zone_group": [],
            "private_service_connection": [
              {
                "is_manual_connection": false,
                "name": "private-connection-name-lpa",
                "private_connection_resource_alias": "",
                "private_connection_resource_id": "/subscriptions/fec1a8c7-3053-43ab-b51d-9fcc38bd9399/resourceGroups/zgebs-workbench-dev-application-rg/providers/Microsoft.Web/sites/zgebs-wb-dev-lpa-wapp-ne-9897",
                "private_ip_address": "10.0.4.16",
                "request_message": "",
                "subresource_names": [
                  "sites"
                ]
              }
            ],
            "resource_group_name": "zgebs-workbench-dev-application-rg",
            "subnet_id": "/subscriptions/fec1a8c7-3053-43ab-b51d-9fcc38bd9399/resourceGroups/zgebs-workbench-dev-neu-vnet-rg/providers/Microsoft.Network/virtualNetworks/workbench-dev-neu-vnet/subnets/zgebs-wb-dev-snet-webin-ne01",
            "tags": null,
            "timeouts": null
          },
          "sensitive_attributes": [],
          "private": "eyJlMmJmYjczMC1lY2FhLTExZTYtOGY4OC0zNDM2M2JjN2M0YzAiOnsiY3JlYXRlIjozNjAwMDAwMDAwMDAwLCJkZWxldGUiOjM2MDAwMDAwMDAwMDAsInJlYWQiOjMwMDAwMDAwMDAwMCwidXBkYXRlIjozNjAwMDAwMDAwMDAwfX0=",
          "dependencies": [
            "module.app-service.azurerm_resource_group.app",
            "module.app-service.azurerm_service_plan.app",
            "module.app-service.azurerm_windows_web_app.lpa_webapp",
            "module.app-service.data.azurerm_subnet.snet_webin_ds",
            "module.app-service.data.azurerm_virtual_network.vnetds",
            "module.network.azurerm_network_security_group.nsg",
            "module.network.azurerm_resource_group.network",
            "module.network.azurerm_route_table.rt",
            "module.network.azurerm_subnet.snet_apim",
            "module.network.azurerm_subnet.snet_shared",
            "module.network.azurerm_subnet.snet_webin",
            "module.network.azurerm_subnet.snet_webout",
            "module.network.azurerm_subnet_network_security_group_association.snsg",
            "module.network.azurerm_subnet_network_security_group_association.snsg_apim",
            "module.network.azurerm_subnet_network_security_group_association.snsg_webin",
            "module.network.azurerm_subnet_network_security_group_association.snsg_webout",
            "module.network.azurerm_subnet_route_table_association.srt",
            "module.network.azurerm_subnet_route_table_association.srt_apim",
            "module.network.azurerm_subnet_route_table_association.srt_webin",
            "module.network.azurerm_subnet_route_table_association.srt_webout",
            "module.network.azurerm_virtual_network.vnet"
          ]
        }
      ]
    },
    {
      "module": "module.app-service",
      "mode": "managed",
      "type": "azurerm_private_endpoint",
      "name": "endpoint_mzsa",
      "provider": "provider[\"registry.terraform.io/hashicorp/azurerm\"]",
      "instances": [
        {
          "schema_version": 0,
          "attributes": {
            "custom_dns_configs": [
              {
                "fqdn": "zgebs-wb-dev-mzsa-wapp-ne-9897.azurewebsites.net",
                "ip_addresses": [
                  "10.0.4.12"
                ]
              },
              {
                "fqdn": "zgebs-wb-dev-mzsa-wapp-ne-9897.scm.azurewebsites.net",
                "ip_addresses": [
                  "10.0.4.12"
                ]
              }
            ],
            "custom_network_interface_name": "",
            "id": "/subscriptions/fec1a8c7-3053-43ab-b51d-9fcc38bd9399/resourceGroups/zgebs-workbench-dev-application-rg/providers/Microsoft.Network/privateEndpoints/zgebs-wb-dev-mzsawapp-pe-ne",
            "ip_configuration": [],
            "location": "northeurope",
            "name": "zgebs-wb-dev-mzsawapp-pe-ne",
            "network_interface": [
              {
                "id": "/subscriptions/fec1a8c7-3053-43ab-b51d-9fcc38bd9399/resourceGroups/zgebs-workbench-dev-application-rg/providers/Microsoft.Network/networkInterfaces/zgebs-wb-dev-mzsawapp-pe-ne.nic.3d6b5a74-7e9c-449d-be3a-56b9c9e6a155",
                "name": "zgebs-wb-dev-mzsawapp-pe-ne.nic.3d6b5a74-7e9c-449d-be3a-56b9c9e6a155"
              }
            ],
            "private_dns_zone_configs": [],
            "private_dns_zone_group": [],
            "private_service_connection": [
              {
                "is_manual_connection": false,
                "name": "private-connection-name-mzsa",
                "private_connection_resource_alias": "",
                "private_connection_resource_id": "/subscriptions/fec1a8c7-3053-43ab-b51d-9fcc38bd9399/resourceGroups/zgebs-workbench-dev-application-rg/providers/Microsoft.Web/sites/zgebs-wb-dev-mzsa-wapp-ne-9897",
                "private_ip_address": "10.0.4.12",
                "request_message": "",
                "subresource_names": [
                  "sites"
                ]
              }
            ],
            "resource_group_name": "zgebs-workbench-dev-application-rg",
            "subnet_id": "/subscriptions/fec1a8c7-3053-43ab-b51d-9fcc38bd9399/resourceGroups/zgebs-workbench-dev-neu-vnet-rg/providers/Microsoft.Network/virtualNetworks/workbench-dev-neu-vnet/subnets/zgebs-wb-dev-snet-webin-ne01",
            "tags": null,
            "timeouts": null
          },
          "sensitive_attributes": [],
          "private": "eyJlMmJmYjczMC1lY2FhLTExZTYtOGY4OC0zNDM2M2JjN2M0YzAiOnsiY3JlYXRlIjozNjAwMDAwMDAwMDAwLCJkZWxldGUiOjM2MDAwMDAwMDAwMDAsInJlYWQiOjMwMDAwMDAwMDAwMCwidXBkYXRlIjozNjAwMDAwMDAwMDAwfX0=",
          "dependencies": [
            "module.app-service.azurerm_resource_group.app",
            "module.app-service.azurerm_service_plan.app",
            "module.app-service.azurerm_windows_web_app.mzsa_webapp",
            "module.app-service.data.azurerm_subnet.snet_webin_ds",
            "module.app-service.data.azurerm_virtual_network.vnetds",
            "module.network.azurerm_network_security_group.nsg",
            "module.network.azurerm_resource_group.network",
            "module.network.azurerm_route_table.rt",
            "module.network.azurerm_subnet.snet_apim",
            "module.network.azurerm_subnet.snet_shared",
            "module.network.azurerm_subnet.snet_webin",
            "module.network.azurerm_subnet.snet_webout",
            "module.network.azurerm_subnet_network_security_group_association.snsg",
            "module.network.azurerm_subnet_network_security_group_association.snsg_apim",
            "module.network.azurerm_subnet_network_security_group_association.snsg_webin",
            "module.network.azurerm_subnet_network_security_group_association.snsg_webout",
            "module.network.azurerm_subnet_route_table_association.srt",
            "module.network.azurerm_subnet_route_table_association.srt_apim",
            "module.network.azurerm_subnet_route_table_association.srt_webin",
            "module.network.azurerm_subnet_route_table_association.srt_webout",
            "module.network.azurerm_virtual_network.vnet"
          ]
        }
      ]
    },
    {
      "module": "module.app-service",
      "mode": "managed",
      "type": "azurerm_private_endpoint",
      "name": "endpoint_nwp",
      "provider": "provider[\"registry.terraform.io/hashicorp/azurerm\"]",
      "instances": [
        {
          "schema_version": 0,
          "attributes": {
            "custom_dns_configs": [
              {
                "fqdn": "zgebs-wb-dev-nwp-wapp-ne-9897.azurewebsites.net",
                "ip_addresses": [
                  "10.0.4.13"
                ]
              },
              {
                "fqdn": "zgebs-wb-dev-nwp-wapp-ne-9897.scm.azurewebsites.net",
                "ip_addresses": [
                  "10.0.4.13"
                ]
              }
            ],
            "custom_network_interface_name": "",
            "id": "/subscriptions/fec1a8c7-3053-43ab-b51d-9fcc38bd9399/resourceGroups/zgebs-workbench-dev-application-rg/providers/Microsoft.Network/privateEndpoints/zgebs-wb-dev-nwpwapp-pe-ne",
            "ip_configuration": [],
            "location": "northeurope",
            "name": "zgebs-wb-dev-nwpwapp-pe-ne",
            "network_interface": [
              {
                "id": "/subscriptions/fec1a8c7-3053-43ab-b51d-9fcc38bd9399/resourceGroups/zgebs-workbench-dev-application-rg/providers/Microsoft.Network/networkInterfaces/zgebs-wb-dev-nwpwapp-pe-ne.nic.b9d24312-b401-460b-b07a-f1a7a9389557",
                "name": "zgebs-wb-dev-nwpwapp-pe-ne.nic.b9d24312-b401-460b-b07a-f1a7a9389557"
              }
            ],
            "private_dns_zone_configs": [],
            "private_dns_zone_group": [],
            "private_service_connection": [
              {
                "is_manual_connection": false,
                "name": "private-connection-name-nwp",
                "private_connection_resource_alias": "",
                "private_connection_resource_id": "/subscriptions/fec1a8c7-3053-43ab-b51d-9fcc38bd9399/resourceGroups/zgebs-workbench-dev-application-rg/providers/Microsoft.Web/sites/zgebs-wb-dev-nwp-wapp-ne-9897",
                "private_ip_address": "10.0.4.13",
                "request_message": "",
                "subresource_names": [
                  "sites"
                ]
              }
            ],
            "resource_group_name": "zgebs-workbench-dev-application-rg",
            "subnet_id": "/subscriptions/fec1a8c7-3053-43ab-b51d-9fcc38bd9399/resourceGroups/zgebs-workbench-dev-neu-vnet-rg/providers/Microsoft.Network/virtualNetworks/workbench-dev-neu-vnet/subnets/zgebs-wb-dev-snet-webin-ne01",
            "tags": null,
            "timeouts": null
          },
          "sensitive_attributes": [],
          "private": "eyJlMmJmYjczMC1lY2FhLTExZTYtOGY4OC0zNDM2M2JjN2M0YzAiOnsiY3JlYXRlIjozNjAwMDAwMDAwMDAwLCJkZWxldGUiOjM2MDAwMDAwMDAwMDAsInJlYWQiOjMwMDAwMDAwMDAwMCwidXBkYXRlIjozNjAwMDAwMDAwMDAwfX0=",
          "dependencies": [
            "module.app-service.azurerm_resource_group.app",
            "module.app-service.azurerm_service_plan.app",
            "module.app-service.azurerm_windows_web_app.nwp_webapp",
            "module.app-service.data.azurerm_subnet.snet_webin_ds",
            "module.app-service.data.azurerm_virtual_network.vnetds",
            "module.network.azurerm_network_security_group.nsg",
            "module.network.azurerm_resource_group.network",
            "module.network.azurerm_route_table.rt",
            "module.network.azurerm_subnet.snet_apim",
            "module.network.azurerm_subnet.snet_shared",
            "module.network.azurerm_subnet.snet_webin",
            "module.network.azurerm_subnet.snet_webout",
            "module.network.azurerm_subnet_network_security_group_association.snsg",
            "module.network.azurerm_subnet_network_security_group_association.snsg_apim",
            "module.network.azurerm_subnet_network_security_group_association.snsg_webin",
            "module.network.azurerm_subnet_network_security_group_association.snsg_webout",
            "module.network.azurerm_subnet_route_table_association.srt",
            "module.network.azurerm_subnet_route_table_association.srt_apim",
            "module.network.azurerm_subnet_route_table_association.srt_webin",
            "module.network.azurerm_subnet_route_table_association.srt_webout",
            "module.network.azurerm_virtual_network.vnet"
          ]
        }
      ]
    },
    {
      "module": "module.app-service",
      "mode": "managed",
      "type": "azurerm_private_endpoint",
      "name": "endpoint_zhrz",
      "provider": "provider[\"registry.terraform.io/hashicorp/azurerm\"]",
      "instances": [
        {
          "schema_version": 0,
          "attributes": {
            "custom_dns_configs": [
              {
                "fqdn": "zgebs-wb-dev-zhrz-wapp-ne-9897.azurewebsites.net",
                "ip_addresses": [
                  "10.0.4.15"
                ]
              },
              {
                "fqdn": "zgebs-wb-dev-zhrz-wapp-ne-9897.scm.azurewebsites.net",
                "ip_addresses": [
                  "10.0.4.15"
                ]
              }
            ],
            "custom_network_interface_name": "",
            "id": "/subscriptions/fec1a8c7-3053-43ab-b51d-9fcc38bd9399/resourceGroups/zgebs-workbench-dev-application-rg/providers/Microsoft.Network/privateEndpoints/zgebs-wb-dev-zhrzwapp-pe-ne",
            "ip_configuration": [],
            "location": "northeurope",
            "name": "zgebs-wb-dev-zhrzwapp-pe-ne",
            "network_interface": [
              {
                "id": "/subscriptions/fec1a8c7-3053-43ab-b51d-9fcc38bd9399/resourceGroups/zgebs-workbench-dev-application-rg/providers/Microsoft.Network/networkInterfaces/zgebs-wb-dev-zhrzwapp-pe-ne.nic.c10e5652-6cf6-4303-b55a-e9bdc01073c2",
                "name": "zgebs-wb-dev-zhrzwapp-pe-ne.nic.c10e5652-6cf6-4303-b55a-e9bdc01073c2"
              }
            ],
            "private_dns_zone_configs": [],
            "private_dns_zone_group": [],
            "private_service_connection": [
              {
                "is_manual_connection": false,
                "name": "private-connection-name-zhrz",
                "private_connection_resource_alias": "",
                "private_connection_resource_id": "/subscriptions/fec1a8c7-3053-43ab-b51d-9fcc38bd9399/resourceGroups/zgebs-workbench-dev-application-rg/providers/Microsoft.Web/sites/zgebs-wb-dev-zhrz-wapp-ne-9897",
                "private_ip_address": "10.0.4.15",
                "request_message": "",
                "subresource_names": [
                  "sites"
                ]
              }
            ],
            "resource_group_name": "zgebs-workbench-dev-application-rg",
            "subnet_id": "/subscriptions/fec1a8c7-3053-43ab-b51d-9fcc38bd9399/resourceGroups/zgebs-workbench-dev-neu-vnet-rg/providers/Microsoft.Network/virtualNetworks/workbench-dev-neu-vnet/subnets/zgebs-wb-dev-snet-webin-ne01",
            "tags": null,
            "timeouts": null
          },
          "sensitive_attributes": [],
          "private": "eyJlMmJmYjczMC1lY2FhLTExZTYtOGY4OC0zNDM2M2JjN2M0YzAiOnsiY3JlYXRlIjozNjAwMDAwMDAwMDAwLCJkZWxldGUiOjM2MDAwMDAwMDAwMDAsInJlYWQiOjMwMDAwMDAwMDAwMCwidXBkYXRlIjozNjAwMDAwMDAwMDAwfX0=",
          "dependencies": [
            "module.app-service.azurerm_resource_group.app",
            "module.app-service.azurerm_service_plan.app",
            "module.app-service.azurerm_windows_web_app.zhrz_webapp",
            "module.app-service.data.azurerm_subnet.snet_webin_ds",
            "module.app-service.data.azurerm_virtual_network.vnetds",
            "module.network.azurerm_network_security_group.nsg",
            "module.network.azurerm_resource_group.network",
            "module.network.azurerm_route_table.rt",
            "module.network.azurerm_subnet.snet_apim",
            "module.network.azurerm_subnet.snet_shared",
            "module.network.azurerm_subnet.snet_webin",
            "module.network.azurerm_subnet.snet_webout",
            "module.network.azurerm_subnet_network_security_group_association.snsg",
            "module.network.azurerm_subnet_network_security_group_association.snsg_apim",
            "module.network.azurerm_subnet_network_security_group_association.snsg_webin",
            "module.network.azurerm_subnet_network_security_group_association.snsg_webout",
            "module.network.azurerm_subnet_route_table_association.srt",
            "module.network.azurerm_subnet_route_table_association.srt_apim",
            "module.network.azurerm_subnet_route_table_association.srt_webin",
            "module.network.azurerm_subnet_route_table_association.srt_webout",
            "module.network.azurerm_virtual_network.vnet"
          ]
        }
      ]
    },
    {
      "module": "module.app-service",
      "mode": "managed",
      "type": "azurerm_resource_group",
      "name": "app",
      "provider": "provider[\"registry.terraform.io/hashicorp/azurerm\"]",
      "instances": [
        {
          "schema_version": 0,
          "attributes": {
            "id": "/subscriptions/fec1a8c7-3053-43ab-b51d-9fcc38bd9399/resourceGroups/zgebs-workbench-dev-application-rg",
            "location": "northeurope",
            "name": "zgebs-workbench-dev-application-rg",
            "tags": null,
            "timeouts": null
          },
          "sensitive_attributes": [],
          "private": "eyJlMmJmYjczMC1lY2FhLTExZTYtOGY4OC0zNDM2M2JjN2M0YzAiOnsiY3JlYXRlIjo1NDAwMDAwMDAwMDAwLCJkZWxldGUiOjU0MDAwMDAwMDAwMDAsInJlYWQiOjMwMDAwMDAwMDAwMCwidXBkYXRlIjo1NDAwMDAwMDAwMDAwfX0=",
          "dependencies": [
            "module.network.azurerm_network_security_group.nsg",
            "module.network.azurerm_resource_group.network",
            "module.network.azurerm_route_table.rt",
            "module.network.azurerm_subnet.snet_apim",
            "module.network.azurerm_subnet.snet_shared",
            "module.network.azurerm_subnet.snet_webin",
            "module.network.azurerm_subnet.snet_webout",
            "module.network.azurerm_subnet_network_security_group_association.snsg",
            "module.network.azurerm_subnet_network_security_group_association.snsg_apim",
            "module.network.azurerm_subnet_network_security_group_association.snsg_webin",
            "module.network.azurerm_subnet_network_security_group_association.snsg_webout",
            "module.network.azurerm_subnet_route_table_association.srt",
            "module.network.azurerm_subnet_route_table_association.srt_apim",
            "module.network.azurerm_subnet_route_table_association.srt_webin",
            "module.network.azurerm_subnet_route_table_association.srt_webout",
            "module.network.azurerm_virtual_network.vnet"
          ]
        }
      ]
    },
    {
      "module": "module.app-service",
      "mode": "managed",
      "type": "azurerm_service_plan",
      "name": "app",
      "provider": "provider[\"registry.terraform.io/hashicorp/azurerm\"]",
      "instances": [
        {
          "schema_version": 0,
          "attributes": {
            "app_service_environment_id": "",
            "id": "/subscriptions/fec1a8c7-3053-43ab-b51d-9fcc38bd9399/resourceGroups/zgebs-workbench-dev-application-rg/providers/Microsoft.Web/serverfarms/plan-1987010878",
            "kind": "app",
            "location": "northeurope",
            "maximum_elastic_worker_count": 1,
            "name": "plan-1987010878",
            "os_type": "Windows",
            "per_site_scaling_enabled": false,
            "reserved": false,
            "resource_group_name": "zgebs-workbench-dev-application-rg",
            "sku_name": "P1v2",
            "tags": null,
            "timeouts": null,
            "worker_count": 1,
            "zone_balancing_enabled": false
          },
          "sensitive_attributes": [],
          "private": "eyJlMmJmYjczMC1lY2FhLTExZTYtOGY4OC0zNDM2M2JjN2M0YzAiOnsiY3JlYXRlIjozNjAwMDAwMDAwMDAwLCJkZWxldGUiOjM2MDAwMDAwMDAwMDAsInJlYWQiOjMwMDAwMDAwMDAwMCwidXBkYXRlIjozNjAwMDAwMDAwMDAwfX0=",
          "dependencies": [
            "module.app-service.azurerm_resource_group.app",
            "module.network.azurerm_network_security_group.nsg",
            "module.network.azurerm_resource_group.network",
            "module.network.azurerm_route_table.rt",
            "module.network.azurerm_subnet.snet_apim",
            "module.network.azurerm_subnet.snet_shared",
            "module.network.azurerm_subnet.snet_webin",
            "module.network.azurerm_subnet.snet_webout",
            "module.network.azurerm_subnet_network_security_group_association.snsg",
            "module.network.azurerm_subnet_network_security_group_association.snsg_apim",
            "module.network.azurerm_subnet_network_security_group_association.snsg_webin",
            "module.network.azurerm_subnet_network_security_group_association.snsg_webout",
            "module.network.azurerm_subnet_route_table_association.srt",
            "module.network.azurerm_subnet_route_table_association.srt_apim",
            "module.network.azurerm_subnet_route_table_association.srt_webin",
            "module.network.azurerm_subnet_route_table_association.srt_webout",
            "module.network.azurerm_virtual_network.vnet"
          ]
        }
      ]
    },
    {
      "module": "module.app-service",
      "mode": "managed",
      "type": "azurerm_windows_web_app",
      "name": "api_webapp",
      "provider": "provider[\"registry.terraform.io/hashicorp/azurerm\"]",
      "instances": [
        {
          "schema_version": 0,
          "attributes": {
            "app_settings": null,
            "auth_settings": [],
            "auth_settings_v2": [],
            "backup": [],
            "client_affinity_enabled": false,
            "client_certificate_enabled": false,
            "client_certificate_exclusion_paths": "",
            "client_certificate_mode": "Required",
            "connection_string": [],
            "custom_domain_verification_id": "EF7ACC1196953A72EBB1B51C1D448D1699325C9A9CF7820D51A90BE70736BE63",
            "default_hostname": "zgebs-wb-dev-api-wapp-ne-9897.azurewebsites.net",
            "enabled": true,
            "https_only": false,
            "id": "/subscriptions/fec1a8c7-3053-43ab-b51d-9fcc38bd9399/resourceGroups/zgebs-workbench-dev-application-rg/providers/Microsoft.Web/sites/zgebs-wb-dev-api-wapp-ne-9897",
            "identity": [],
            "key_vault_reference_identity_id": "SystemAssigned",
            "kind": "app",
            "location": "northeurope",
            "logs": [],
            "name": "zgebs-wb-dev-api-wapp-ne-9897",
            "outbound_ip_address_list": [
              "20.105.17.180",
              "20.67.145.47",
              "20.105.17.229",
              "20.105.18.41",
              "20.105.18.56",
              "20.105.18.77",
              "20.107.224.2"
            ],
            "outbound_ip_addresses": "20.105.17.180,20.67.145.47,20.105.17.229,20.105.18.41,20.105.18.56,20.105.18.77,20.107.224.2",
            "possible_outbound_ip_address_list": [
              "20.105.16.168",
              "20.105.16.219",
              "20.105.16.246",
              "20.105.17.18",
              "20.105.17.109",
              "20.105.17.143",
              "20.105.17.180",
              "20.67.145.47",
              "20.105.17.229",
              "20.105.18.41",
              "20.105.18.56",
              "20.105.18.77",
              "20.105.18.94",
              "20.67.144.123",
              "20.105.18.123",
              "20.67.151.243",
              "20.105.18.131",
              "20.105.17.225",
              "20.105.18.177",
              "20.105.18.198",
              "20.105.18.224",
              "20.105.19.0",
              "20.105.19.9",
              "20.105.19.86",
              "20.105.19.112",
              "20.105.19.166",
              "20.105.16.205",
              "20.105.19.202",
              "20.105.19.216",
              "20.105.20.44",
              "20.107.224.2"
            ],
            "possible_outbound_ip_addresses": "20.105.16.168,20.105.16.219,20.105.16.246,20.105.17.18,20.105.17.109,20.105.17.143,20.105.17.180,20.67.145.47,20.105.17.229,20.105.18.41,20.105.18.56,20.105.18.77,20.105.18.94,20.67.144.123,20.105.18.123,20.67.151.243,20.105.18.131,20.105.17.225,20.105.18.177,20.105.18.198,20.105.18.224,20.105.19.0,20.105.19.9,20.105.19.86,20.105.19.112,20.105.19.166,20.105.16.205,20.105.19.202,20.105.19.216,20.105.20.44,20.107.224.2",
            "resource_group_name": "zgebs-workbench-dev-application-rg",
            "service_plan_id": "/subscriptions/fec1a8c7-3053-43ab-b51d-9fcc38bd9399/resourceGroups/zgebs-workbench-dev-application-rg/providers/Microsoft.Web/serverfarms/plan-1987010878",
            "site_config": [
              {
                "always_on": true,
                "api_definition_url": "",
                "api_management_api_id": "",
                "app_command_line": "",
                "application_stack": [
                  {
                    "current_stack": "",
                    "docker_container_name": "",
                    "docker_container_registry": "",
                    "docker_container_tag": "",
                    "dotnet_core_version": "",
                    "dotnet_version": "",
                    "java_container": "",
                    "java_container_version": "",
                    "java_embedded_server_enabled": false,
                    "java_version": "",
                    "node_version": "",
                    "php_version": "5.6",
                    "python": false,
                    "python_version": "",
                    "tomcat_version": ""
                  }
                ],
                "auto_heal_enabled": false,
                "auto_heal_setting": [],
                "container_registry_managed_identity_client_id": "",
                "container_registry_use_managed_identity": false,
                "cors": [],
                "default_documents": [
                  "Default.htm",
                  "Default.html",
                  "Default.asp",
                  "index.htm",
                  "index.html",
                  "iisstart.htm",
                  "default.aspx",
                  "index.php",
                  "hostingstart.html"
                ],
                "detailed_error_logging_enabled": false,
                "ftps_state": "Disabled",
                "health_check_eviction_time_in_min": 0,
                "health_check_path": "",
                "http2_enabled": false,
                "ip_restriction": [],
                "linux_fx_version": "",
                "load_balancing_mode": "LeastRequests",
                "local_mysql_enabled": false,
                "managed_pipeline_mode": "Integrated",
                "minimum_tls_version": "1.2",
                "remote_debugging_enabled": false,
                "remote_debugging_version": "VS2019",
                "scm_ip_restriction": [],
                "scm_minimum_tls_version": "1.2",
                "scm_type": "None",
                "scm_use_main_ip_restriction": false,
                "use_32_bit_worker": true,
                "virtual_application": [],
                "vnet_route_all_enabled": false,
                "websockets_enabled": false,
                "windows_fx_version": "",
                "worker_count": 1
              }
            ],
            "site_credential": [
              {
                "name": "$zgebs-wb-dev-api-wapp-ne-9897",
                "password": "0JhsvWm52Ahm9Rzl5gEenxsRunP5z1BvGpwXbkjJyJblyErvfNGFqetZvFka"
              }
            ],
            "sticky_settings": [],
            "storage_account": [],
            "tags": null,
            "timeouts": null,
            "virtual_network_subnet_id": "",
            "zip_deploy_file": ""
          },
          "sensitive_attributes": [],
          "private": "eyJlMmJmYjczMC1lY2FhLTExZTYtOGY4OC0zNDM2M2JjN2M0YzAiOnsiY3JlYXRlIjoxODAwMDAwMDAwMDAwLCJkZWxldGUiOjE4MDAwMDAwMDAwMDAsInJlYWQiOjMwMDAwMDAwMDAwMCwidXBkYXRlIjoxODAwMDAwMDAwMDAwfX0=",
          "dependencies": [
            "module.app-service.azurerm_resource_group.app",
            "module.app-service.azurerm_service_plan.app",
            "module.network.azurerm_network_security_group.nsg",
            "module.network.azurerm_resource_group.network",
            "module.network.azurerm_route_table.rt",
            "module.network.azurerm_subnet.snet_apim",
            "module.network.azurerm_subnet.snet_shared",
            "module.network.azurerm_subnet.snet_webin",
            "module.network.azurerm_subnet.snet_webout",
            "module.network.azurerm_subnet_network_security_group_association.snsg",
            "module.network.azurerm_subnet_network_security_group_association.snsg_apim",
            "module.network.azurerm_subnet_network_security_group_association.snsg_webin",
            "module.network.azurerm_subnet_network_security_group_association.snsg_webout",
            "module.network.azurerm_subnet_route_table_association.srt",
            "module.network.azurerm_subnet_route_table_association.srt_apim",
            "module.network.azurerm_subnet_route_table_association.srt_webin",
            "module.network.azurerm_subnet_route_table_association.srt_webout",
            "module.network.azurerm_virtual_network.vnet"
          ]
        }
      ]
    },
    {
      "module": "module.app-service",
      "mode": "managed",
      "type": "azurerm_windows_web_app",
      "name": "dgv_webapp",
      "provider": "provider[\"registry.terraform.io/hashicorp/azurerm\"]",
      "instances": [
        {
          "schema_version": 0,
          "attributes": {
            "app_settings": null,
            "auth_settings": [],
            "auth_settings_v2": [],
            "backup": [],
            "client_affinity_enabled": false,
            "client_certificate_enabled": false,
            "client_certificate_exclusion_paths": "",
            "client_certificate_mode": "Required",
            "connection_string": [],
            "custom_domain_verification_id": "EF7ACC1196953A72EBB1B51C1D448D1699325C9A9CF7820D51A90BE70736BE63",
            "default_hostname": "zgebs-wb-dev-dgv-wapp-ne-9897.azurewebsites.net",
            "enabled": true,
            "https_only": false,
            "id": "/subscriptions/fec1a8c7-3053-43ab-b51d-9fcc38bd9399/resourceGroups/zgebs-workbench-dev-application-rg/providers/Microsoft.Web/sites/zgebs-wb-dev-dgv-wapp-ne-9897",
            "identity": [],
            "key_vault_reference_identity_id": "SystemAssigned",
            "kind": "app",
            "location": "northeurope",
            "logs": [],
            "name": "zgebs-wb-dev-dgv-wapp-ne-9897",
            "outbound_ip_address_list": [
              "20.105.17.180",
              "20.67.145.47",
              "20.105.17.229",
              "20.105.18.41",
              "20.105.18.56",
              "20.105.18.77",
              "20.107.224.2"
            ],
            "outbound_ip_addresses": "20.105.17.180,20.67.145.47,20.105.17.229,20.105.18.41,20.105.18.56,20.105.18.77,20.107.224.2",
            "possible_outbound_ip_address_list": [
              "20.105.16.168",
              "20.105.16.219",
              "20.105.16.246",
              "20.105.17.18",
              "20.105.17.109",
              "20.105.17.143",
              "20.105.17.180",
              "20.67.145.47",
              "20.105.17.229",
              "20.105.18.41",
              "20.105.18.56",
              "20.105.18.77",
              "20.105.18.94",
              "20.67.144.123",
              "20.105.18.123",
              "20.67.151.243",
              "20.105.18.131",
              "20.105.17.225",
              "20.105.18.177",
              "20.105.18.198",
              "20.105.18.224",
              "20.105.19.0",
              "20.105.19.9",
              "20.105.19.86",
              "20.105.19.112",
              "20.105.19.166",
              "20.105.16.205",
              "20.105.19.202",
              "20.105.19.216",
              "20.105.20.44",
              "20.107.224.2"
            ],
            "possible_outbound_ip_addresses": "20.105.16.168,20.105.16.219,20.105.16.246,20.105.17.18,20.105.17.109,20.105.17.143,20.105.17.180,20.67.145.47,20.105.17.229,20.105.18.41,20.105.18.56,20.105.18.77,20.105.18.94,20.67.144.123,20.105.18.123,20.67.151.243,20.105.18.131,20.105.17.225,20.105.18.177,20.105.18.198,20.105.18.224,20.105.19.0,20.105.19.9,20.105.19.86,20.105.19.112,20.105.19.166,20.105.16.205,20.105.19.202,20.105.19.216,20.105.20.44,20.107.224.2",
            "resource_group_name": "zgebs-workbench-dev-application-rg",
            "service_plan_id": "/subscriptions/fec1a8c7-3053-43ab-b51d-9fcc38bd9399/resourceGroups/zgebs-workbench-dev-application-rg/providers/Microsoft.Web/serverfarms/plan-1987010878",
            "site_config": [
              {
                "always_on": true,
                "api_definition_url": "",
                "api_management_api_id": "",
                "app_command_line": "",
                "application_stack": [
                  {
                    "current_stack": "",
                    "docker_container_name": "",
                    "docker_container_registry": "",
                    "docker_container_tag": "",
                    "dotnet_core_version": "",
                    "dotnet_version": "",
                    "java_container": "",
                    "java_container_version": "",
                    "java_embedded_server_enabled": false,
                    "java_version": "",
                    "node_version": "",
                    "php_version": "5.6",
                    "python": false,
                    "python_version": "",
                    "tomcat_version": ""
                  }
                ],
                "auto_heal_enabled": false,
                "auto_heal_setting": [],
                "container_registry_managed_identity_client_id": "",
                "container_registry_use_managed_identity": false,
                "cors": [],
                "default_documents": [
                  "Default.htm",
                  "Default.html",
                  "Default.asp",
                  "index.htm",
                  "index.html",
                  "iisstart.htm",
                  "default.aspx",
                  "index.php",
                  "hostingstart.html"
                ],
                "detailed_error_logging_enabled": false,
                "ftps_state": "Disabled",
                "health_check_eviction_time_in_min": 0,
                "health_check_path": "",
                "http2_enabled": false,
                "ip_restriction": [],
                "linux_fx_version": "",
                "load_balancing_mode": "LeastRequests",
                "local_mysql_enabled": false,
                "managed_pipeline_mode": "Integrated",
                "minimum_tls_version": "1.2",
                "remote_debugging_enabled": false,
                "remote_debugging_version": "VS2019",
                "scm_ip_restriction": [],
                "scm_minimum_tls_version": "1.2",
                "scm_type": "None",
                "scm_use_main_ip_restriction": false,
                "use_32_bit_worker": true,
                "virtual_application": [],
                "vnet_route_all_enabled": false,
                "websockets_enabled": false,
                "windows_fx_version": "",
                "worker_count": 1
              }
            ],
            "site_credential": [
              {
                "name": "$zgebs-wb-dev-dgv-wapp-ne-9897",
                "password": "MYhu8AowDwj1HQT7K7MHWBDb8GedvAfBvnfdp1Gxggbn3013WAk8juLcwgQQ"
              }
            ],
            "sticky_settings": [],
            "storage_account": [],
            "tags": null,
            "timeouts": null,
            "virtual_network_subnet_id": "",
            "zip_deploy_file": ""
          },
          "sensitive_attributes": [],
          "private": "eyJlMmJmYjczMC1lY2FhLTExZTYtOGY4OC0zNDM2M2JjN2M0YzAiOnsiY3JlYXRlIjoxODAwMDAwMDAwMDAwLCJkZWxldGUiOjE4MDAwMDAwMDAwMDAsInJlYWQiOjMwMDAwMDAwMDAwMCwidXBkYXRlIjoxODAwMDAwMDAwMDAwfX0=",
          "dependencies": [
            "module.app-service.azurerm_resource_group.app",
            "module.app-service.azurerm_service_plan.app",
            "module.network.azurerm_network_security_group.nsg",
            "module.network.azurerm_resource_group.network",
            "module.network.azurerm_route_table.rt",
            "module.network.azurerm_subnet.snet_apim",
            "module.network.azurerm_subnet.snet_shared",
            "module.network.azurerm_subnet.snet_webin",
            "module.network.azurerm_subnet.snet_webout",
            "module.network.azurerm_subnet_network_security_group_association.snsg",
            "module.network.azurerm_subnet_network_security_group_association.snsg_apim",
            "module.network.azurerm_subnet_network_security_group_association.snsg_webin",
            "module.network.azurerm_subnet_network_security_group_association.snsg_webout",
            "module.network.azurerm_subnet_route_table_association.srt",
            "module.network.azurerm_subnet_route_table_association.srt_apim",
            "module.network.azurerm_subnet_route_table_association.srt_webin",
            "module.network.azurerm_subnet_route_table_association.srt_webout",
            "module.network.azurerm_virtual_network.vnet"
          ]
        }
      ]
    },
    {
      "module": "module.app-service",
      "mode": "managed",
      "type": "azurerm_windows_web_app",
      "name": "fcsd_webapp",
      "provider": "provider[\"registry.terraform.io/hashicorp/azurerm\"]",
      "instances": [
        {
          "schema_version": 0,
          "attributes": {
            "app_settings": null,
            "auth_settings": [],
            "auth_settings_v2": [],
            "backup": [],
            "client_affinity_enabled": false,
            "client_certificate_enabled": false,
            "client_certificate_exclusion_paths": "",
            "client_certificate_mode": "Required",
            "connection_string": [],
            "custom_domain_verification_id": "EF7ACC1196953A72EBB1B51C1D448D1699325C9A9CF7820D51A90BE70736BE63",
            "default_hostname": "zgebs-wb-dev-fcsd-wapp-ne-9897.azurewebsites.net",
            "enabled": true,
            "https_only": false,
            "id": "/subscriptions/fec1a8c7-3053-43ab-b51d-9fcc38bd9399/resourceGroups/zgebs-workbench-dev-application-rg/providers/Microsoft.Web/sites/zgebs-wb-dev-fcsd-wapp-ne-9897",
            "identity": [],
            "key_vault_reference_identity_id": "SystemAssigned",
            "kind": "app",
            "location": "northeurope",
            "logs": [],
            "name": "zgebs-wb-dev-fcsd-wapp-ne-9897",
            "outbound_ip_address_list": [
              "20.105.17.180",
              "20.67.145.47",
              "20.105.17.229",
              "20.105.18.41",
              "20.105.18.56",
              "20.105.18.77",
              "20.107.224.2"
            ],
            "outbound_ip_addresses": "20.105.17.180,20.67.145.47,20.105.17.229,20.105.18.41,20.105.18.56,20.105.18.77,20.107.224.2",
            "possible_outbound_ip_address_list": [
              "20.105.16.168",
              "20.105.16.219",
              "20.105.16.246",
              "20.105.17.18",
              "20.105.17.109",
              "20.105.17.143",
              "20.105.17.180",
              "20.67.145.47",
              "20.105.17.229",
              "20.105.18.41",
              "20.105.18.56",
              "20.105.18.77",
              "20.105.18.94",
              "20.67.144.123",
              "20.105.18.123",
              "20.67.151.243",
              "20.105.18.131",
              "20.105.17.225",
              "20.105.18.177",
              "20.105.18.198",
              "20.105.18.224",
              "20.105.19.0",
              "20.105.19.9",
              "20.105.19.86",
              "20.105.19.112",
              "20.105.19.166",
              "20.105.16.205",
              "20.105.19.202",
              "20.105.19.216",
              "20.105.20.44",
              "20.107.224.2"
            ],
            "possible_outbound_ip_addresses": "20.105.16.168,20.105.16.219,20.105.16.246,20.105.17.18,20.105.17.109,20.105.17.143,20.105.17.180,20.67.145.47,20.105.17.229,20.105.18.41,20.105.18.56,20.105.18.77,20.105.18.94,20.67.144.123,20.105.18.123,20.67.151.243,20.105.18.131,20.105.17.225,20.105.18.177,20.105.18.198,20.105.18.224,20.105.19.0,20.105.19.9,20.105.19.86,20.105.19.112,20.105.19.166,20.105.16.205,20.105.19.202,20.105.19.216,20.105.20.44,20.107.224.2",
            "resource_group_name": "zgebs-workbench-dev-application-rg",
            "service_plan_id": "/subscriptions/fec1a8c7-3053-43ab-b51d-9fcc38bd9399/resourceGroups/zgebs-workbench-dev-application-rg/providers/Microsoft.Web/serverfarms/plan-1987010878",
            "site_config": [
              {
                "always_on": true,
                "api_definition_url": "",
                "api_management_api_id": "",
                "app_command_line": "",
                "application_stack": [
                  {
                    "current_stack": "",
                    "docker_container_name": "",
                    "docker_container_registry": "",
                    "docker_container_tag": "",
                    "dotnet_core_version": "",
                    "dotnet_version": "",
                    "java_container": "",
                    "java_container_version": "",
                    "java_embedded_server_enabled": false,
                    "java_version": "",
                    "node_version": "",
                    "php_version": "5.6",
                    "python": false,
                    "python_version": "",
                    "tomcat_version": ""
                  }
                ],
                "auto_heal_enabled": false,
                "auto_heal_setting": [],
                "container_registry_managed_identity_client_id": "",
                "container_registry_use_managed_identity": false,
                "cors": [],
                "default_documents": [
                  "Default.htm",
                  "Default.html",
                  "Default.asp",
                  "index.htm",
                  "index.html",
                  "iisstart.htm",
                  "default.aspx",
                  "index.php",
                  "hostingstart.html"
                ],
                "detailed_error_logging_enabled": false,
                "ftps_state": "Disabled",
                "health_check_eviction_time_in_min": 0,
                "health_check_path": "",
                "http2_enabled": false,
                "ip_restriction": [],
                "linux_fx_version": "",
                "load_balancing_mode": "LeastRequests",
                "local_mysql_enabled": false,
                "managed_pipeline_mode": "Integrated",
                "minimum_tls_version": "1.2",
                "remote_debugging_enabled": false,
                "remote_debugging_version": "VS2019",
                "scm_ip_restriction": [],
                "scm_minimum_tls_version": "1.2",
                "scm_type": "None",
                "scm_use_main_ip_restriction": false,
                "use_32_bit_worker": true,
                "virtual_application": [],
                "vnet_route_all_enabled": false,
                "websockets_enabled": false,
                "windows_fx_version": "",
                "worker_count": 1
              }
            ],
            "site_credential": [
              {
                "name": "$zgebs-wb-dev-fcsd-wapp-ne-9897",
                "password": "hnWW8vcqqSuMCGleLnrJ9Bi4qWfbLLJ6jdHJDCp50XsBSRPoGGWrmbtFkSsP"
              }
            ],
            "sticky_settings": [],
            "storage_account": [],
            "tags": null,
            "timeouts": null,
            "virtual_network_subnet_id": "",
            "zip_deploy_file": ""
          },
          "sensitive_attributes": [],
          "private": "eyJlMmJmYjczMC1lY2FhLTExZTYtOGY4OC0zNDM2M2JjN2M0YzAiOnsiY3JlYXRlIjoxODAwMDAwMDAwMDAwLCJkZWxldGUiOjE4MDAwMDAwMDAwMDAsInJlYWQiOjMwMDAwMDAwMDAwMCwidXBkYXRlIjoxODAwMDAwMDAwMDAwfX0=",
          "dependencies": [
            "module.app-service.azurerm_resource_group.app",
            "module.app-service.azurerm_service_plan.app",
            "module.network.azurerm_network_security_group.nsg",
            "module.network.azurerm_resource_group.network",
            "module.network.azurerm_route_table.rt",
            "module.network.azurerm_subnet.snet_apim",
            "module.network.azurerm_subnet.snet_shared",
            "module.network.azurerm_subnet.snet_webin",
            "module.network.azurerm_subnet.snet_webout",
            "module.network.azurerm_subnet_network_security_group_association.snsg",
            "module.network.azurerm_subnet_network_security_group_association.snsg_apim",
            "module.network.azurerm_subnet_network_security_group_association.snsg_webin",
            "module.network.azurerm_subnet_network_security_group_association.snsg_webout",
            "module.network.azurerm_subnet_route_table_association.srt",
            "module.network.azurerm_subnet_route_table_association.srt_apim",
            "module.network.azurerm_subnet_route_table_association.srt_webin",
            "module.network.azurerm_subnet_route_table_association.srt_webout",
            "module.network.azurerm_virtual_network.vnet"
          ]
        }
      ]
    },
    {
      "module": "module.app-service",
      "mode": "managed",
      "type": "azurerm_windows_web_app",
      "name": "lpa_webapp",
      "provider": "provider[\"registry.terraform.io/hashicorp/azurerm\"]",
      "instances": [
        {
          "schema_version": 0,
          "attributes": {
            "app_settings": null,
            "auth_settings": [],
            "auth_settings_v2": [],
            "backup": [],
            "client_affinity_enabled": false,
            "client_certificate_enabled": false,
            "client_certificate_exclusion_paths": "",
            "client_certificate_mode": "Required",
            "connection_string": [],
            "custom_domain_verification_id": "EF7ACC1196953A72EBB1B51C1D448D1699325C9A9CF7820D51A90BE70736BE63",
            "default_hostname": "zgebs-wb-dev-lpa-wapp-ne-9897.azurewebsites.net",
            "enabled": true,
            "https_only": false,
            "id": "/subscriptions/fec1a8c7-3053-43ab-b51d-9fcc38bd9399/resourceGroups/zgebs-workbench-dev-application-rg/providers/Microsoft.Web/sites/zgebs-wb-dev-lpa-wapp-ne-9897",
            "identity": [],
            "key_vault_reference_identity_id": "SystemAssigned",
            "kind": "app",
            "location": "northeurope",
            "logs": [],
            "name": "zgebs-wb-dev-lpa-wapp-ne-9897",
            "outbound_ip_address_list": [
              "20.105.17.180",
              "20.67.145.47",
              "20.105.17.229",
              "20.105.18.41",
              "20.105.18.56",
              "20.105.18.77",
              "20.107.224.2"
            ],
            "outbound_ip_addresses": "20.105.17.180,20.67.145.47,20.105.17.229,20.105.18.41,20.105.18.56,20.105.18.77,20.107.224.2",
            "possible_outbound_ip_address_list": [
              "20.105.16.168",
              "20.105.16.219",
              "20.105.16.246",
              "20.105.17.18",
              "20.105.17.109",
              "20.105.17.143",
              "20.105.17.180",
              "20.67.145.47",
              "20.105.17.229",
              "20.105.18.41",
              "20.105.18.56",
              "20.105.18.77",
              "20.105.18.94",
              "20.67.144.123",
              "20.105.18.123",
              "20.67.151.243",
              "20.105.18.131",
              "20.105.17.225",
              "20.105.18.177",
              "20.105.18.198",
              "20.105.18.224",
              "20.105.19.0",
              "20.105.19.9",
              "20.105.19.86",
              "20.105.19.112",
              "20.105.19.166",
              "20.105.16.205",
              "20.105.19.202",
              "20.105.19.216",
              "20.105.20.44",
              "20.107.224.2"
            ],
            "possible_outbound_ip_addresses": "20.105.16.168,20.105.16.219,20.105.16.246,20.105.17.18,20.105.17.109,20.105.17.143,20.105.17.180,20.67.145.47,20.105.17.229,20.105.18.41,20.105.18.56,20.105.18.77,20.105.18.94,20.67.144.123,20.105.18.123,20.67.151.243,20.105.18.131,20.105.17.225,20.105.18.177,20.105.18.198,20.105.18.224,20.105.19.0,20.105.19.9,20.105.19.86,20.105.19.112,20.105.19.166,20.105.16.205,20.105.19.202,20.105.19.216,20.105.20.44,20.107.224.2",
            "resource_group_name": "zgebs-workbench-dev-application-rg",
            "service_plan_id": "/subscriptions/fec1a8c7-3053-43ab-b51d-9fcc38bd9399/resourceGroups/zgebs-workbench-dev-application-rg/providers/Microsoft.Web/serverfarms/plan-1987010878",
            "site_config": [
              {
                "always_on": true,
                "api_definition_url": "",
                "api_management_api_id": "",
                "app_command_line": "",
                "application_stack": [
                  {
                    "current_stack": "",
                    "docker_container_name": "",
                    "docker_container_registry": "",
                    "docker_container_tag": "",
                    "dotnet_core_version": "",
                    "dotnet_version": "",
                    "java_container": "",
                    "java_container_version": "",
                    "java_embedded_server_enabled": false,
                    "java_version": "",
                    "node_version": "",
                    "php_version": "5.6",
                    "python": false,
                    "python_version": "",
                    "tomcat_version": ""
                  }
                ],
                "auto_heal_enabled": false,
                "auto_heal_setting": [],
                "container_registry_managed_identity_client_id": "",
                "container_registry_use_managed_identity": false,
                "cors": [],
                "default_documents": [
                  "Default.htm",
                  "Default.html",
                  "Default.asp",
                  "index.htm",
                  "index.html",
                  "iisstart.htm",
                  "default.aspx",
                  "index.php",
                  "hostingstart.html"
                ],
                "detailed_error_logging_enabled": false,
                "ftps_state": "Disabled",
                "health_check_eviction_time_in_min": 0,
                "health_check_path": "",
                "http2_enabled": false,
                "ip_restriction": [],
                "linux_fx_version": "",
                "load_balancing_mode": "LeastRequests",
                "local_mysql_enabled": false,
                "managed_pipeline_mode": "Integrated",
                "minimum_tls_version": "1.2",
                "remote_debugging_enabled": false,
                "remote_debugging_version": "VS2019",
                "scm_ip_restriction": [],
                "scm_minimum_tls_version": "1.2",
                "scm_type": "None",
                "scm_use_main_ip_restriction": false,
                "use_32_bit_worker": true,
                "virtual_application": [],
                "vnet_route_all_enabled": false,
                "websockets_enabled": false,
                "windows_fx_version": "",
                "worker_count": 1
              }
            ],
            "site_credential": [
              {
                "name": "$zgebs-wb-dev-lpa-wapp-ne-9897",
                "password": "qidt9v5wFQpTvxFJq6Rl7dSeXTFz9X8dZz3svcZBhr0wSmxyF3ad9ZS3fDc8"
              }
            ],
            "sticky_settings": [],
            "storage_account": [],
            "tags": null,
            "timeouts": null,
            "virtual_network_subnet_id": "",
            "zip_deploy_file": ""
          },
          "sensitive_attributes": [],
          "private": "eyJlMmJmYjczMC1lY2FhLTExZTYtOGY4OC0zNDM2M2JjN2M0YzAiOnsiY3JlYXRlIjoxODAwMDAwMDAwMDAwLCJkZWxldGUiOjE4MDAwMDAwMDAwMDAsInJlYWQiOjMwMDAwMDAwMDAwMCwidXBkYXRlIjoxODAwMDAwMDAwMDAwfX0=",
          "dependencies": [
            "module.app-service.azurerm_resource_group.app",
            "module.app-service.azurerm_service_plan.app",
            "module.network.azurerm_network_security_group.nsg",
            "module.network.azurerm_resource_group.network",
            "module.network.azurerm_route_table.rt",
            "module.network.azurerm_subnet.snet_apim",
            "module.network.azurerm_subnet.snet_shared",
            "module.network.azurerm_subnet.snet_webin",
            "module.network.azurerm_subnet.snet_webout",
            "module.network.azurerm_subnet_network_security_group_association.snsg",
            "module.network.azurerm_subnet_network_security_group_association.snsg_apim",
            "module.network.azurerm_subnet_network_security_group_association.snsg_webin",
            "module.network.azurerm_subnet_network_security_group_association.snsg_webout",
            "module.network.azurerm_subnet_route_table_association.srt",
            "module.network.azurerm_subnet_route_table_association.srt_apim",
            "module.network.azurerm_subnet_route_table_association.srt_webin",
            "module.network.azurerm_subnet_route_table_association.srt_webout",
            "module.network.azurerm_virtual_network.vnet"
          ]
        }
      ]
    },
    {
      "module": "module.app-service",
      "mode": "managed",
      "type": "azurerm_windows_web_app",
      "name": "mzsa_webapp",
      "provider": "provider[\"registry.terraform.io/hashicorp/azurerm\"]",
      "instances": [
        {
          "schema_version": 0,
          "attributes": {
            "app_settings": null,
            "auth_settings": [],
            "auth_settings_v2": [],
            "backup": [],
            "client_affinity_enabled": false,
            "client_certificate_enabled": false,
            "client_certificate_exclusion_paths": "",
            "client_certificate_mode": "Required",
            "connection_string": [],
            "custom_domain_verification_id": "EF7ACC1196953A72EBB1B51C1D448D1699325C9A9CF7820D51A90BE70736BE63",
            "default_hostname": "zgebs-wb-dev-mzsa-wapp-ne-9897.azurewebsites.net",
            "enabled": true,
            "https_only": false,
            "id": "/subscriptions/fec1a8c7-3053-43ab-b51d-9fcc38bd9399/resourceGroups/zgebs-workbench-dev-application-rg/providers/Microsoft.Web/sites/zgebs-wb-dev-mzsa-wapp-ne-9897",
            "identity": [],
            "key_vault_reference_identity_id": "SystemAssigned",
            "kind": "app",
            "location": "northeurope",
            "logs": [],
            "name": "zgebs-wb-dev-mzsa-wapp-ne-9897",
            "outbound_ip_address_list": [
              "20.105.17.180",
              "20.67.145.47",
              "20.105.17.229",
              "20.105.18.41",
              "20.105.18.56",
              "20.105.18.77",
              "20.107.224.2"
            ],
            "outbound_ip_addresses": "20.105.17.180,20.67.145.47,20.105.17.229,20.105.18.41,20.105.18.56,20.105.18.77,20.107.224.2",
            "possible_outbound_ip_address_list": [
              "20.105.16.168",
              "20.105.16.219",
              "20.105.16.246",
              "20.105.17.18",
              "20.105.17.109",
              "20.105.17.143",
              "20.105.17.180",
              "20.67.145.47",
              "20.105.17.229",
              "20.105.18.41",
              "20.105.18.56",
              "20.105.18.77",
              "20.105.18.94",
              "20.67.144.123",
              "20.105.18.123",
              "20.67.151.243",
              "20.105.18.131",
              "20.105.17.225",
              "20.105.18.177",
              "20.105.18.198",
              "20.105.18.224",
              "20.105.19.0",
              "20.105.19.9",
              "20.105.19.86",
              "20.105.19.112",
              "20.105.19.166",
              "20.105.16.205",
              "20.105.19.202",
              "20.105.19.216",
              "20.105.20.44",
              "20.107.224.2"
            ],
            "possible_outbound_ip_addresses": "20.105.16.168,20.105.16.219,20.105.16.246,20.105.17.18,20.105.17.109,20.105.17.143,20.105.17.180,20.67.145.47,20.105.17.229,20.105.18.41,20.105.18.56,20.105.18.77,20.105.18.94,20.67.144.123,20.105.18.123,20.67.151.243,20.105.18.131,20.105.17.225,20.105.18.177,20.105.18.198,20.105.18.224,20.105.19.0,20.105.19.9,20.105.19.86,20.105.19.112,20.105.19.166,20.105.16.205,20.105.19.202,20.105.19.216,20.105.20.44,20.107.224.2",
            "resource_group_name": "zgebs-workbench-dev-application-rg",
            "service_plan_id": "/subscriptions/fec1a8c7-3053-43ab-b51d-9fcc38bd9399/resourceGroups/zgebs-workbench-dev-application-rg/providers/Microsoft.Web/serverfarms/plan-1987010878",
            "site_config": [
              {
                "always_on": true,
                "api_definition_url": "",
                "api_management_api_id": "",
                "app_command_line": "",
                "application_stack": [
                  {
                    "current_stack": "",
                    "docker_container_name": "",
                    "docker_container_registry": "",
                    "docker_container_tag": "",
                    "dotnet_core_version": "",
                    "dotnet_version": "",
                    "java_container": "",
                    "java_container_version": "",
                    "java_embedded_server_enabled": false,
                    "java_version": "",
                    "node_version": "",
                    "php_version": "5.6",
                    "python": false,
                    "python_version": "",
                    "tomcat_version": ""
                  }
                ],
                "auto_heal_enabled": false,
                "auto_heal_setting": [],
                "container_registry_managed_identity_client_id": "",
                "container_registry_use_managed_identity": false,
                "cors": [],
                "default_documents": [
                  "Default.htm",
                  "Default.html",
                  "Default.asp",
                  "index.htm",
                  "index.html",
                  "iisstart.htm",
                  "default.aspx",
                  "index.php",
                  "hostingstart.html"
                ],
                "detailed_error_logging_enabled": false,
                "ftps_state": "Disabled",
                "health_check_eviction_time_in_min": 0,
                "health_check_path": "",
                "http2_enabled": false,
                "ip_restriction": [],
                "linux_fx_version": "",
                "load_balancing_mode": "LeastRequests",
                "local_mysql_enabled": false,
                "managed_pipeline_mode": "Integrated",
                "minimum_tls_version": "1.2",
                "remote_debugging_enabled": false,
                "remote_debugging_version": "VS2019",
                "scm_ip_restriction": [],
                "scm_minimum_tls_version": "1.2",
                "scm_type": "None",
                "scm_use_main_ip_restriction": false,
                "use_32_bit_worker": true,
                "virtual_application": [],
                "vnet_route_all_enabled": false,
                "websockets_enabled": false,
                "windows_fx_version": "",
                "worker_count": 1
              }
            ],
            "site_credential": [
              {
                "name": "$zgebs-wb-dev-mzsa-wapp-ne-9897",
                "password": "xTBhXWitABv0p1MnhiJCgfieALw5sdnCHup0yF7p89szFBe78T0kbTh5eGJa"
              }
            ],
            "sticky_settings": [],
            "storage_account": [],
            "tags": null,
            "timeouts": null,
            "virtual_network_subnet_id": "",
            "zip_deploy_file": ""
          },
          "sensitive_attributes": [],
          "private": "eyJlMmJmYjczMC1lY2FhLTExZTYtOGY4OC0zNDM2M2JjN2M0YzAiOnsiY3JlYXRlIjoxODAwMDAwMDAwMDAwLCJkZWxldGUiOjE4MDAwMDAwMDAwMDAsInJlYWQiOjMwMDAwMDAwMDAwMCwidXBkYXRlIjoxODAwMDAwMDAwMDAwfX0=",
          "dependencies": [
            "module.app-service.azurerm_resource_group.app",
            "module.app-service.azurerm_service_plan.app",
            "module.network.azurerm_network_security_group.nsg",
            "module.network.azurerm_resource_group.network",
            "module.network.azurerm_route_table.rt",
            "module.network.azurerm_subnet.snet_apim",
            "module.network.azurerm_subnet.snet_shared",
            "module.network.azurerm_subnet.snet_webin",
            "module.network.azurerm_subnet.snet_webout",
            "module.network.azurerm_subnet_network_security_group_association.snsg",
            "module.network.azurerm_subnet_network_security_group_association.snsg_apim",
            "module.network.azurerm_subnet_network_security_group_association.snsg_webin",
            "module.network.azurerm_subnet_network_security_group_association.snsg_webout",
            "module.network.azurerm_subnet_route_table_association.srt",
            "module.network.azurerm_subnet_route_table_association.srt_apim",
            "module.network.azurerm_subnet_route_table_association.srt_webin",
            "module.network.azurerm_subnet_route_table_association.srt_webout",
            "module.network.azurerm_virtual_network.vnet"
          ]
        }
      ]
    },
    {
      "module": "module.app-service",
      "mode": "managed",
      "type": "azurerm_windows_web_app",
      "name": "nwp_webapp",
      "provider": "provider[\"registry.terraform.io/hashicorp/azurerm\"]",
      "instances": [
        {
          "schema_version": 0,
          "attributes": {
            "app_settings": null,
            "auth_settings": [],
            "auth_settings_v2": [],
            "backup": [],
            "client_affinity_enabled": false,
            "client_certificate_enabled": false,
            "client_certificate_exclusion_paths": "",
            "client_certificate_mode": "Required",
            "connection_string": [],
            "custom_domain_verification_id": "EF7ACC1196953A72EBB1B51C1D448D1699325C9A9CF7820D51A90BE70736BE63",
            "default_hostname": "zgebs-wb-dev-nwp-wapp-ne-9897.azurewebsites.net",
            "enabled": true,
            "https_only": false,
            "id": "/subscriptions/fec1a8c7-3053-43ab-b51d-9fcc38bd9399/resourceGroups/zgebs-workbench-dev-application-rg/providers/Microsoft.Web/sites/zgebs-wb-dev-nwp-wapp-ne-9897",
            "identity": [],
            "key_vault_reference_identity_id": "SystemAssigned",
            "kind": "app",
            "location": "northeurope",
            "logs": [],
            "name": "zgebs-wb-dev-nwp-wapp-ne-9897",
            "outbound_ip_address_list": [
              "20.105.17.180",
              "20.67.145.47",
              "20.105.17.229",
              "20.105.18.41",
              "20.105.18.56",
              "20.105.18.77",
              "20.107.224.2"
            ],
            "outbound_ip_addresses": "20.105.17.180,20.67.145.47,20.105.17.229,20.105.18.41,20.105.18.56,20.105.18.77,20.107.224.2",
            "possible_outbound_ip_address_list": [
              "20.105.16.168",
              "20.105.16.219",
              "20.105.16.246",
              "20.105.17.18",
              "20.105.17.109",
              "20.105.17.143",
              "20.105.17.180",
              "20.67.145.47",
              "20.105.17.229",
              "20.105.18.41",
              "20.105.18.56",
              "20.105.18.77",
              "20.105.18.94",
              "20.67.144.123",
              "20.105.18.123",
              "20.67.151.243",
              "20.105.18.131",
              "20.105.17.225",
              "20.105.18.177",
              "20.105.18.198",
              "20.105.18.224",
              "20.105.19.0",
              "20.105.19.9",
              "20.105.19.86",
              "20.105.19.112",
              "20.105.19.166",
              "20.105.16.205",
              "20.105.19.202",
              "20.105.19.216",
              "20.105.20.44",
              "20.107.224.2"
            ],
            "possible_outbound_ip_addresses": "20.105.16.168,20.105.16.219,20.105.16.246,20.105.17.18,20.105.17.109,20.105.17.143,20.105.17.180,20.67.145.47,20.105.17.229,20.105.18.41,20.105.18.56,20.105.18.77,20.105.18.94,20.67.144.123,20.105.18.123,20.67.151.243,20.105.18.131,20.105.17.225,20.105.18.177,20.105.18.198,20.105.18.224,20.105.19.0,20.105.19.9,20.105.19.86,20.105.19.112,20.105.19.166,20.105.16.205,20.105.19.202,20.105.19.216,20.105.20.44,20.107.224.2",
            "resource_group_name": "zgebs-workbench-dev-application-rg",
            "service_plan_id": "/subscriptions/fec1a8c7-3053-43ab-b51d-9fcc38bd9399/resourceGroups/zgebs-workbench-dev-application-rg/providers/Microsoft.Web/serverfarms/plan-1987010878",
            "site_config": [
              {
                "always_on": true,
                "api_definition_url": "",
                "api_management_api_id": "",
                "app_command_line": "",
                "application_stack": [
                  {
                    "current_stack": "",
                    "docker_container_name": "",
                    "docker_container_registry": "",
                    "docker_container_tag": "",
                    "dotnet_core_version": "",
                    "dotnet_version": "",
                    "java_container": "",
                    "java_container_version": "",
                    "java_embedded_server_enabled": false,
                    "java_version": "",
                    "node_version": "",
                    "php_version": "5.6",
                    "python": false,
                    "python_version": "",
                    "tomcat_version": ""
                  }
                ],
                "auto_heal_enabled": false,
                "auto_heal_setting": [],
                "container_registry_managed_identity_client_id": "",
                "container_registry_use_managed_identity": false,
                "cors": [],
                "default_documents": [
                  "Default.htm",
                  "Default.html",
                  "Default.asp",
                  "index.htm",
                  "index.html",
                  "iisstart.htm",
                  "default.aspx",
                  "index.php",
                  "hostingstart.html"
                ],
                "detailed_error_logging_enabled": false,
                "ftps_state": "Disabled",
                "health_check_eviction_time_in_min": 0,
                "health_check_path": "",
                "http2_enabled": false,
                "ip_restriction": [],
                "linux_fx_version": "",
                "load_balancing_mode": "LeastRequests",
                "local_mysql_enabled": false,
                "managed_pipeline_mode": "Integrated",
                "minimum_tls_version": "1.2",
                "remote_debugging_enabled": false,
                "remote_debugging_version": "VS2019",
                "scm_ip_restriction": [],
                "scm_minimum_tls_version": "1.2",
                "scm_type": "None",
                "scm_use_main_ip_restriction": false,
                "use_32_bit_worker": true,
                "virtual_application": [],
                "vnet_route_all_enabled": false,
                "websockets_enabled": false,
                "windows_fx_version": "",
                "worker_count": 1
              }
            ],
            "site_credential": [
              {
                "name": "$zgebs-wb-dev-nwp-wapp-ne-9897",
                "password": "ZYEbtMcifHsrxrEwT8wZ65ppoSqgowN3RZzQYtKo8pwK1ezuiPr1u2YQa1qM"
              }
            ],
            "sticky_settings": [],
            "storage_account": [],
            "tags": null,
            "timeouts": null,
            "virtual_network_subnet_id": "",
            "zip_deploy_file": ""
          },
          "sensitive_attributes": [],
          "private": "eyJlMmJmYjczMC1lY2FhLTExZTYtOGY4OC0zNDM2M2JjN2M0YzAiOnsiY3JlYXRlIjoxODAwMDAwMDAwMDAwLCJkZWxldGUiOjE4MDAwMDAwMDAwMDAsInJlYWQiOjMwMDAwMDAwMDAwMCwidXBkYXRlIjoxODAwMDAwMDAwMDAwfX0=",
          "dependencies": [
            "module.app-service.azurerm_resource_group.app",
            "module.app-service.azurerm_service_plan.app",
            "module.network.azurerm_network_security_group.nsg",
            "module.network.azurerm_resource_group.network",
            "module.network.azurerm_route_table.rt",
            "module.network.azurerm_subnet.snet_apim",
            "module.network.azurerm_subnet.snet_shared",
            "module.network.azurerm_subnet.snet_webin",
            "module.network.azurerm_subnet.snet_webout",
            "module.network.azurerm_subnet_network_security_group_association.snsg",
            "module.network.azurerm_subnet_network_security_group_association.snsg_apim",
            "module.network.azurerm_subnet_network_security_group_association.snsg_webin",
            "module.network.azurerm_subnet_network_security_group_association.snsg_webout",
            "module.network.azurerm_subnet_route_table_association.srt",
            "module.network.azurerm_subnet_route_table_association.srt_apim",
            "module.network.azurerm_subnet_route_table_association.srt_webin",
            "module.network.azurerm_subnet_route_table_association.srt_webout",
            "module.network.azurerm_virtual_network.vnet"
          ]
        }
      ]
    },
    {
      "module": "module.app-service",
      "mode": "managed",
      "type": "azurerm_windows_web_app",
      "name": "zhrz_webapp",
      "provider": "provider[\"registry.terraform.io/hashicorp/azurerm\"]",
      "instances": [
        {
          "schema_version": 0,
          "attributes": {
            "app_settings": null,
            "auth_settings": [],
            "auth_settings_v2": [],
            "backup": [],
            "client_affinity_enabled": false,
            "client_certificate_enabled": false,
            "client_certificate_exclusion_paths": "",
            "client_certificate_mode": "Required",
            "connection_string": [],
            "custom_domain_verification_id": "EF7ACC1196953A72EBB1B51C1D448D1699325C9A9CF7820D51A90BE70736BE63",
            "default_hostname": "zgebs-wb-dev-zhrz-wapp-ne-9897.azurewebsites.net",
            "enabled": true,
            "https_only": false,
            "id": "/subscriptions/fec1a8c7-3053-43ab-b51d-9fcc38bd9399/resourceGroups/zgebs-workbench-dev-application-rg/providers/Microsoft.Web/sites/zgebs-wb-dev-zhrz-wapp-ne-9897",
            "identity": [],
            "key_vault_reference_identity_id": "SystemAssigned",
            "kind": "app",
            "location": "northeurope",
            "logs": [],
            "name": "zgebs-wb-dev-zhrz-wapp-ne-9897",
            "outbound_ip_address_list": [
              "20.105.17.180",
              "20.67.145.47",
              "20.105.17.229",
              "20.105.18.41",
              "20.105.18.56",
              "20.105.18.77",
              "20.107.224.2"
            ],
            "outbound_ip_addresses": "20.105.17.180,20.67.145.47,20.105.17.229,20.105.18.41,20.105.18.56,20.105.18.77,20.107.224.2",
            "possible_outbound_ip_address_list": [
              "20.105.16.168",
              "20.105.16.219",
              "20.105.16.246",
              "20.105.17.18",
              "20.105.17.109",
              "20.105.17.143",
              "20.105.17.180",
              "20.67.145.47",
              "20.105.17.229",
              "20.105.18.41",
              "20.105.18.56",
              "20.105.18.77",
              "20.105.18.94",
              "20.67.144.123",
              "20.105.18.123",
              "20.67.151.243",
              "20.105.18.131",
              "20.105.17.225",
              "20.105.18.177",
              "20.105.18.198",
              "20.105.18.224",
              "20.105.19.0",
              "20.105.19.9",
              "20.105.19.86",
              "20.105.19.112",
              "20.105.19.166",
              "20.105.16.205",
              "20.105.19.202",
              "20.105.19.216",
              "20.105.20.44",
              "20.107.224.2"
            ],
            "possible_outbound_ip_addresses": "20.105.16.168,20.105.16.219,20.105.16.246,20.105.17.18,20.105.17.109,20.105.17.143,20.105.17.180,20.67.145.47,20.105.17.229,20.105.18.41,20.105.18.56,20.105.18.77,20.105.18.94,20.67.144.123,20.105.18.123,20.67.151.243,20.105.18.131,20.105.17.225,20.105.18.177,20.105.18.198,20.105.18.224,20.105.19.0,20.105.19.9,20.105.19.86,20.105.19.112,20.105.19.166,20.105.16.205,20.105.19.202,20.105.19.216,20.105.20.44,20.107.224.2",
            "resource_group_name": "zgebs-workbench-dev-application-rg",
            "service_plan_id": "/subscriptions/fec1a8c7-3053-43ab-b51d-9fcc38bd9399/resourceGroups/zgebs-workbench-dev-application-rg/providers/Microsoft.Web/serverfarms/plan-1987010878",
            "site_config": [
              {
                "always_on": true,
                "api_definition_url": "",
                "api_management_api_id": "",
                "app_command_line": "",
                "application_stack": [
                  {
                    "current_stack": "",
                    "docker_container_name": "",
                    "docker_container_registry": "",
                    "docker_container_tag": "",
                    "dotnet_core_version": "",
                    "dotnet_version": "",
                    "java_container": "",
                    "java_container_version": "",
                    "java_embedded_server_enabled": false,
                    "java_version": "",
                    "node_version": "",
                    "php_version": "5.6",
                    "python": false,
                    "python_version": "",
                    "tomcat_version": ""
                  }
                ],
                "auto_heal_enabled": false,
                "auto_heal_setting": [],
                "container_registry_managed_identity_client_id": "",
                "container_registry_use_managed_identity": false,
                "cors": [],
                "default_documents": [
                  "Default.htm",
                  "Default.html",
                  "Default.asp",
                  "index.htm",
                  "index.html",
                  "iisstart.htm",
                  "default.aspx",
                  "index.php",
                  "hostingstart.html"
                ],
                "detailed_error_logging_enabled": false,
                "ftps_state": "Disabled",
                "health_check_eviction_time_in_min": 0,
                "health_check_path": "",
                "http2_enabled": false,
                "ip_restriction": [],
                "linux_fx_version": "",
                "load_balancing_mode": "LeastRequests",
                "local_mysql_enabled": false,
                "managed_pipeline_mode": "Integrated",
                "minimum_tls_version": "1.2",
                "remote_debugging_enabled": false,
                "remote_debugging_version": "VS2019",
                "scm_ip_restriction": [],
                "scm_minimum_tls_version": "1.2",
                "scm_type": "None",
                "scm_use_main_ip_restriction": false,
                "use_32_bit_worker": true,
                "virtual_application": [],
                "vnet_route_all_enabled": false,
                "websockets_enabled": false,
                "windows_fx_version": "",
                "worker_count": 1
              }
            ],
            "site_credential": [
              {
                "name": "$zgebs-wb-dev-zhrz-wapp-ne-9897",
                "password": "hDKZFsymLHoLGZ6iF8r8Lie20thNpJlGiNn8uzTkrZZwYnmriJ1yYRFhs5ar"
              }
            ],
            "sticky_settings": [],
            "storage_account": [],
            "tags": null,
            "timeouts": null,
            "virtual_network_subnet_id": "",
            "zip_deploy_file": ""
          },
          "sensitive_attributes": [],
          "private": "eyJlMmJmYjczMC1lY2FhLTExZTYtOGY4OC0zNDM2M2JjN2M0YzAiOnsiY3JlYXRlIjoxODAwMDAwMDAwMDAwLCJkZWxldGUiOjE4MDAwMDAwMDAwMDAsInJlYWQiOjMwMDAwMDAwMDAwMCwidXBkYXRlIjoxODAwMDAwMDAwMDAwfX0=",
          "dependencies": [
            "module.app-service.azurerm_resource_group.app",
            "module.app-service.azurerm_service_plan.app",
            "module.network.azurerm_network_security_group.nsg",
            "module.network.azurerm_resource_group.network",
            "module.network.azurerm_route_table.rt",
            "module.network.azurerm_subnet.snet_apim",
            "module.network.azurerm_subnet.snet_shared",
            "module.network.azurerm_subnet.snet_webin",
            "module.network.azurerm_subnet.snet_webout",
            "module.network.azurerm_subnet_network_security_group_association.snsg",
            "module.network.azurerm_subnet_network_security_group_association.snsg_apim",
            "module.network.azurerm_subnet_network_security_group_association.snsg_webin",
            "module.network.azurerm_subnet_network_security_group_association.snsg_webout",
            "module.network.azurerm_subnet_route_table_association.srt",
            "module.network.azurerm_subnet_route_table_association.srt_apim",
            "module.network.azurerm_subnet_route_table_association.srt_webin",
            "module.network.azurerm_subnet_route_table_association.srt_webout",
            "module.network.azurerm_virtual_network.vnet"
          ]
        }
      ]
    },
    {
      "module": "module.keyvault",
      "mode": "data",
      "type": "azurerm_client_config",
      "name": "current",
      "provider": "provider[\"registry.terraform.io/hashicorp/azurerm\"]",
      "instances": [
        {
          "schema_version": 0,
          "attributes": {
            "client_id": "04b07795-8ddb-461a-bbee-02f9e1bf7b46",
            "id": "Y2xpZW50Q29uZmlncy9jbGllbnRJZD0wNGIwNzc5NS04ZGRiLTQ2MWEtYmJlZS0wMmY5ZTFiZjdiNDY7b2JqZWN0SWQ9ZWFhYzUxYjQtMGY4MS00ZDY1LTg4MTEtMjJiNjRmMjQ5NmZhO3N1YnNjcmlwdGlvbklkPWZlYzFhOGM3LTMwNTMtNDNhYi1iNTFkLTlmY2MzOGJkOTM5OTt0ZW5hbnRJZD03YmUzNjQyNy0yY2RjLTQyNTUtOGZjZS0wNzRkNGM1MjBiMDQ=",
            "object_id": "eaac51b4-0f81-4d65-8811-22b64f2496fa",
            "subscription_id": "fec1a8c7-3053-43ab-b51d-9fcc38bd9399",
            "tenant_id": "7be36427-2cdc-4255-8fce-074d4c520b04",
            "timeouts": null
          },
          "sensitive_attributes": []
        }
      ]
    },
    {
      "module": "module.keyvault",
      "mode": "data",
      "type": "azurerm_resource_group",
      "name": "networkds",
      "provider": "provider[\"registry.terraform.io/hashicorp/azurerm\"]",
      "instances": [
        {
          "schema_version": 0,
          "attributes": {
            "id": "/subscriptions/fec1a8c7-3053-43ab-b51d-9fcc38bd9399/resourceGroups/zgebs-workbench-dev-neu-vnet-rg",
            "location": "northeurope",
            "name": "zgebs-workbench-dev-neu-vnet-rg",
            "tags": {},
            "timeouts": null
          },
          "sensitive_attributes": []
        }
      ]
    },
    {
      "module": "module.keyvault",
      "mode": "data",
      "type": "azurerm_subnet",
      "name": "snet_shared_ds",
      "provider": "provider[\"registry.terraform.io/hashicorp/azurerm\"]",
      "instances": []
    },
    {
      "module": "module.keyvault",
      "mode": "data",
      "type": "azurerm_virtual_network",
      "name": "vnetds",
      "provider": "provider[\"registry.terraform.io/hashicorp/azurerm\"]",
      "instances": [
        {
          "schema_version": 0,
          "attributes": {
            "address_space": [
              "10.0.0.0/16"
            ],
            "dns_servers": null,
            "guid": "e3151155-34df-451d-8197-4f399802836c",
            "id": "/subscriptions/fec1a8c7-3053-43ab-b51d-9fcc38bd9399/resourceGroups/zgebs-workbench-dev-neu-vnet-rg/providers/Microsoft.Network/virtualNetworks/workbench-dev-neu-vnet",
            "location": "northeurope",
            "name": "workbench-dev-neu-vnet",
            "resource_group_name": "zgebs-workbench-dev-neu-vnet-rg",
            "subnets": [
              "zgebs-wb-dev-snet-shared-ne99",
              "zgebs-wb-dev-snet-webin-ne01",
              "zgebs-wb-dey-snet-apim-ne01",
              "zgebs-wb-dev-snet-webout-ne01"
            ],
            "tags": {},
            "timeouts": null,
            "vnet_peerings": {},
            "vnet_peerings_addresses": []
          },
          "sensitive_attributes": []
        }
      ]
    },
    {
      "module": "module.keyvault",
      "mode": "managed",
      "type": "azurerm_key_vault",
      "name": "kv",
      "provider": "provider[\"registry.terraform.io/hashicorp/azurerm\"]",
      "instances": [
        {
          "schema_version": 2,
          "attributes": {
            "access_policy": [
              {
                "application_id": "",
                "certificate_permissions": null,
                "key_permissions": [
                  "Get",
                  "Create",
                  "Delete",
                  "Encrypt",
                  "Backup",
                  "List",
                  "Recover",
                  "Update"
                ],
                "object_id": "eaac51b4-0f81-4d65-8811-22b64f2496fa",
                "secret_permissions": [
                  "Get",
                  "Backup",
                  "Delete",
                  "List",
                  "Purge",
                  "Recover",
                  "Restore",
                  "Set"
                ],
                "storage_permissions": [
                  "Get",
                  "Delete",
                  "Backup",
                  "List",
                  "Update"
                ],
                "tenant_id": "7be36427-2cdc-4255-8fce-074d4c520b04"
              }
            ],
            "contact": [],
            "enable_rbac_authorization": false,
            "enabled_for_deployment": false,
            "enabled_for_disk_encryption": true,
            "enabled_for_template_deployment": false,
            "id": "/subscriptions/fec1a8c7-3053-43ab-b51d-9fcc38bd9399/resourceGroups/zgebs-workbench-dev-keyvault-rg/providers/Microsoft.KeyVault/vaults/zgebs-wb-dev-shrdkv-7654",
            "location": "northeurope",
            "name": "zgebs-wb-dev-shrdkv-7654",
            "network_acls": [
              {
                "bypass": "AzureServices",
                "default_action": "Allow",
                "ip_rules": [],
                "virtual_network_subnet_ids": []
              }
            ],
            "public_network_access_enabled": true,
            "purge_protection_enabled": false,
            "resource_group_name": "zgebs-workbench-dev-keyvault-rg",
            "sku_name": "standard",
            "soft_delete_retention_days": 90,
            "tags": null,
            "tenant_id": "7be36427-2cdc-4255-8fce-074d4c520b04",
            "timeouts": null,
            "vault_uri": "https://zgebs-wb-dev-shrdkv-7654.vault.azure.net/"
          },
          "sensitive_attributes": [],
          "private": "eyJlMmJmYjczMC1lY2FhLTExZTYtOGY4OC0zNDM2M2JjN2M0YzAiOnsiY3JlYXRlIjoxODAwMDAwMDAwMDAwLCJkZWxldGUiOjE4MDAwMDAwMDAwMDAsInJlYWQiOjMwMDAwMDAwMDAwMCwidXBkYXRlIjoxODAwMDAwMDAwMDAwfSwic2NoZW1hX3ZlcnNpb24iOiIyIn0=",
          "dependencies": [
            "module.keyvault.azurerm_resource_group.keyvault",
            "module.keyvault.data.azurerm_client_config.current",
            "module.network.azurerm_network_security_group.nsg",
            "module.network.azurerm_resource_group.network",
            "module.network.azurerm_route_table.rt",
            "module.network.azurerm_subnet.snet_apim",
            "module.network.azurerm_subnet.snet_shared",
            "module.network.azurerm_subnet.snet_webin",
            "module.network.azurerm_subnet.snet_webout",
            "module.network.azurerm_subnet_network_security_group_association.snsg",
            "module.network.azurerm_subnet_network_security_group_association.snsg_apim",
            "module.network.azurerm_subnet_network_security_group_association.snsg_webin",
            "module.network.azurerm_subnet_network_security_group_association.snsg_webout",
            "module.network.azurerm_subnet_route_table_association.srt",
            "module.network.azurerm_subnet_route_table_association.srt_apim",
            "module.network.azurerm_subnet_route_table_association.srt_webin",
            "module.network.azurerm_subnet_route_table_association.srt_webout",
            "module.network.azurerm_virtual_network.vnet"
          ]
        }
      ]
    },
    {
      "module": "module.keyvault",
      "mode": "managed",
      "type": "azurerm_private_dns_a_record",
      "name": "kv_dns_a_record",
      "provider": "provider[\"registry.terraform.io/hashicorp/azurerm\"]",
      "instances": [
        {
          "schema_version": 0,
          "attributes": {
            "fqdn": "dns-a-record-001.privatelink.vaultcore.azure.net.",
            "id": "/subscriptions/fec1a8c7-3053-43ab-b51d-9fcc38bd9399/resourceGroups/zgebs-workbench-dev-keyvault-rg/providers/Microsoft.Network/privateDnsZones/privatelink.vaultcore.azure.net/A/dns-a-record-001",
            "name": "dns-a-record-001",
            "records": [
              "10.0.2.22"
            ],
            "resource_group_name": "zgebs-workbench-dev-keyvault-rg",
            "tags": null,
            "timeouts": null,
            "ttl": 300,
            "zone_name": "privatelink.vaultcore.azure.net"
          },
          "sensitive_attributes": [],
          "private": "eyJlMmJmYjczMC1lY2FhLTExZTYtOGY4OC0zNDM2M2JjN2M0YzAiOnsiY3JlYXRlIjoxODAwMDAwMDAwMDAwLCJkZWxldGUiOjE4MDAwMDAwMDAwMDAsInJlYWQiOjMwMDAwMDAwMDAwMCwidXBkYXRlIjoxODAwMDAwMDAwMDAwfX0=",
          "dependencies": [
            "module.keyvault.azurerm_private_dns_zone.dns_kv",
            "module.keyvault.azurerm_resource_group.keyvault",
            "module.network.azurerm_network_security_group.nsg",
            "module.network.azurerm_resource_group.network",
            "module.network.azurerm_route_table.rt",
            "module.network.azurerm_subnet.snet_apim",
            "module.network.azurerm_subnet.snet_shared",
            "module.network.azurerm_subnet.snet_webin",
            "module.network.azurerm_subnet.snet_webout",
            "module.network.azurerm_subnet_network_security_group_association.snsg",
            "module.network.azurerm_subnet_network_security_group_association.snsg_apim",
            "module.network.azurerm_subnet_network_security_group_association.snsg_webin",
            "module.network.azurerm_subnet_network_security_group_association.snsg_webout",
            "module.network.azurerm_subnet_route_table_association.srt",
            "module.network.azurerm_subnet_route_table_association.srt_apim",
            "module.network.azurerm_subnet_route_table_association.srt_webin",
            "module.network.azurerm_subnet_route_table_association.srt_webout",
            "module.network.azurerm_virtual_network.vnet"
          ]
        }
      ]
    },
    {
      "module": "module.keyvault",
      "mode": "managed",
      "type": "azurerm_private_dns_zone",
      "name": "dns_kv",
      "provider": "provider[\"registry.terraform.io/hashicorp/azurerm\"]",
      "instances": [
        {
          "schema_version": 0,
          "attributes": {
            "id": "/subscriptions/fec1a8c7-3053-43ab-b51d-9fcc38bd9399/resourceGroups/zgebs-workbench-dev-keyvault-rg/providers/Microsoft.Network/privateDnsZones/privatelink.vaultcore.azure.net",
            "max_number_of_record_sets": 25000,
            "max_number_of_virtual_network_links": 1000,
            "max_number_of_virtual_network_links_with_registration": 100,
            "name": "privatelink.vaultcore.azure.net",
            "number_of_record_sets": 1,
            "resource_group_name": "zgebs-workbench-dev-keyvault-rg",
            "soa_record": [
              {
                "email": "azureprivatedns-host.microsoft.com",
                "expire_time": 2419200,
                "fqdn": "privatelink.vaultcore.azure.net.",
                "host_name": "azureprivatedns.net",
                "minimum_ttl": 10,
                "refresh_time": 3600,
                "retry_time": 300,
                "serial_number": 1,
                "tags": {},
                "ttl": 3600
              }
            ],
            "tags": null,
            "timeouts": null
          },
          "sensitive_attributes": [],
          "private": "eyJlMmJmYjczMC1lY2FhLTExZTYtOGY4OC0zNDM2M2JjN2M0YzAiOnsiY3JlYXRlIjoxODAwMDAwMDAwMDAwLCJkZWxldGUiOjE4MDAwMDAwMDAwMDAsInJlYWQiOjMwMDAwMDAwMDAwMCwidXBkYXRlIjoxODAwMDAwMDAwMDAwfX0=",
          "dependencies": [
            "module.keyvault.azurerm_resource_group.keyvault",
            "module.network.azurerm_network_security_group.nsg",
            "module.network.azurerm_resource_group.network",
            "module.network.azurerm_route_table.rt",
            "module.network.azurerm_subnet.snet_apim",
            "module.network.azurerm_subnet.snet_shared",
            "module.network.azurerm_subnet.snet_webin",
            "module.network.azurerm_subnet.snet_webout",
            "module.network.azurerm_subnet_network_security_group_association.snsg",
            "module.network.azurerm_subnet_network_security_group_association.snsg_apim",
            "module.network.azurerm_subnet_network_security_group_association.snsg_webin",
            "module.network.azurerm_subnet_network_security_group_association.snsg_webout",
            "module.network.azurerm_subnet_route_table_association.srt",
            "module.network.azurerm_subnet_route_table_association.srt_apim",
            "module.network.azurerm_subnet_route_table_association.srt_webin",
            "module.network.azurerm_subnet_route_table_association.srt_webout",
            "module.network.azurerm_virtual_network.vnet"
          ]
        }
      ]
    },
    {
      "module": "module.keyvault",
      "mode": "managed",
      "type": "azurerm_private_endpoint",
      "name": "kv_endpoint",
      "provider": "provider[\"registry.terraform.io/hashicorp/azurerm\"]",
      "instances": []
    },
    {
      "module": "module.keyvault",
      "mode": "managed",
      "type": "azurerm_resource_group",
      "name": "keyvault",
      "provider": "provider[\"registry.terraform.io/hashicorp/azurerm\"]",
      "instances": [
        {
          "schema_version": 0,
          "attributes": {
            "id": "/subscriptions/fec1a8c7-3053-43ab-b51d-9fcc38bd9399/resourceGroups/zgebs-workbench-dev-keyvault-rg",
            "location": "northeurope",
            "name": "zgebs-workbench-dev-keyvault-rg",
            "tags": null,
            "timeouts": null
          },
          "sensitive_attributes": [],
          "private": "eyJlMmJmYjczMC1lY2FhLTExZTYtOGY4OC0zNDM2M2JjN2M0YzAiOnsiY3JlYXRlIjo1NDAwMDAwMDAwMDAwLCJkZWxldGUiOjU0MDAwMDAwMDAwMDAsInJlYWQiOjMwMDAwMDAwMDAwMCwidXBkYXRlIjo1NDAwMDAwMDAwMDAwfX0=",
          "dependencies": [
            "module.network.azurerm_network_security_group.nsg",
            "module.network.azurerm_resource_group.network",
            "module.network.azurerm_route_table.rt",
            "module.network.azurerm_subnet.snet_apim",
            "module.network.azurerm_subnet.snet_shared",
            "module.network.azurerm_subnet.snet_webin",
            "module.network.azurerm_subnet.snet_webout",
            "module.network.azurerm_subnet_network_security_group_association.snsg",
            "module.network.azurerm_subnet_network_security_group_association.snsg_apim",
            "module.network.azurerm_subnet_network_security_group_association.snsg_webin",
            "module.network.azurerm_subnet_network_security_group_association.snsg_webout",
            "module.network.azurerm_subnet_route_table_association.srt",
            "module.network.azurerm_subnet_route_table_association.srt_apim",
            "module.network.azurerm_subnet_route_table_association.srt_webin",
            "module.network.azurerm_subnet_route_table_association.srt_webout",
            "module.network.azurerm_virtual_network.vnet"
          ]
        }
      ]
    },
    {
      "module": "module.network",
      "mode": "managed",
      "type": "azurerm_network_security_group",
      "name": "nsg",
      "provider": "provider[\"registry.terraform.io/hashicorp/azurerm\"]",
      "instances": [
        {
          "schema_version": 0,
          "attributes": {
            "id": "/subscriptions/fec1a8c7-3053-43ab-b51d-9fcc38bd9399/resourceGroups/zgebs-workbench-dev-neu-vnet-rg/providers/Microsoft.Network/networkSecurityGroups/workbench-dev-neu-vnet-nsg1",
            "location": "northeurope",
            "name": "workbench-dev-neu-vnet-nsg1",
            "resource_group_name": "zgebs-workbench-dev-neu-vnet-rg",
            "security_rule": [
              {
                "access": "Allow",
                "description": "",
                "destination_address_prefix": "*",
                "destination_address_prefixes": [],
                "destination_application_security_group_ids": [],
                "destination_port_range": "*",
                "destination_port_ranges": [],
                "direction": "Inbound",
                "name": "test123",
                "priority": 100,
                "protocol": "Tcp",
                "source_address_prefix": "*",
                "source_address_prefixes": [],
                "source_application_security_group_ids": [],
                "source_port_range": "*",
                "source_port_ranges": []
              }
            ],
            "tags": null,
            "timeouts": null
          },
          "sensitive_attributes": [],
          "private": "eyJlMmJmYjczMC1lY2FhLTExZTYtOGY4OC0zNDM2M2JjN2M0YzAiOnsiY3JlYXRlIjoxODAwMDAwMDAwMDAwLCJkZWxldGUiOjE4MDAwMDAwMDAwMDAsInJlYWQiOjMwMDAwMDAwMDAwMCwidXBkYXRlIjoxODAwMDAwMDAwMDAwfX0=",
          "dependencies": [
            "module.network.azurerm_resource_group.network"
          ]
        }
      ]
    },
    {
      "module": "module.network",
      "mode": "managed",
      "type": "azurerm_resource_group",
      "name": "network",
      "provider": "provider[\"registry.terraform.io/hashicorp/azurerm\"]",
      "instances": [
        {
          "schema_version": 0,
          "attributes": {
            "id": "/subscriptions/fec1a8c7-3053-43ab-b51d-9fcc38bd9399/resourceGroups/zgebs-workbench-dev-neu-vnet-rg",
            "location": "northeurope",
            "name": "zgebs-workbench-dev-neu-vnet-rg",
            "tags": {},
            "timeouts": {
              "create": null,
              "delete": null,
              "read": null,
              "update": null
            }
          },
          "sensitive_attributes": [],
          "private": "eyJlMmJmYjczMC1lY2FhLTExZTYtOGY4OC0zNDM2M2JjN2M0YzAiOnsiY3JlYXRlIjo1NDAwMDAwMDAwMDAwLCJkZWxldGUiOjU0MDAwMDAwMDAwMDAsInJlYWQiOjMwMDAwMDAwMDAwMCwidXBkYXRlIjo1NDAwMDAwMDAwMDAwfSwic2NoZW1hX3ZlcnNpb24iOiIwIn0="
        }
      ]
    },
    {
      "module": "module.network",
      "mode": "managed",
      "type": "azurerm_route_table",
      "name": "rt",
      "provider": "provider[\"registry.terraform.io/hashicorp/azurerm\"]",
      "instances": [
        {
          "schema_version": 0,
          "attributes": {
            "disable_bgp_route_propagation": false,
            "id": "/subscriptions/fec1a8c7-3053-43ab-b51d-9fcc38bd9399/resourceGroups/zgebs-workbench-dev-neu-vnet-rg/providers/Microsoft.Network/routeTables/workbench-dev-neu-vnet-rt1",
            "location": "northeurope",
            "name": "workbench-dev-neu-vnet-rt1",
            "resource_group_name": "zgebs-workbench-dev-neu-vnet-rg",
            "route": [
              {
                "address_prefix": "10.100.0.0/14",
                "name": "example",
                "next_hop_in_ip_address": "10.10.1.1",
                "next_hop_type": "VirtualAppliance"
              }
            ],
            "subnets": [],
            "tags": null,
            "timeouts": null
          },
          "sensitive_attributes": [],
          "private": "eyJlMmJmYjczMC1lY2FhLTExZTYtOGY4OC0zNDM2M2JjN2M0YzAiOnsiY3JlYXRlIjoxODAwMDAwMDAwMDAwLCJkZWxldGUiOjE4MDAwMDAwMDAwMDAsInJlYWQiOjMwMDAwMDAwMDAwMCwidXBkYXRlIjoxODAwMDAwMDAwMDAwfX0=",
          "dependencies": [
            "module.network.azurerm_resource_group.network"
          ]
        }
      ]
    },
    {
      "module": "module.network",
      "mode": "managed",
      "type": "azurerm_subnet",
      "name": "snet_apim",
      "provider": "provider[\"registry.terraform.io/hashicorp/azurerm\"]",
      "instances": [
        {
          "schema_version": 0,
          "attributes": {
            "address_prefixes": [
              "10.0.0.0/24"
            ],
            "delegation": [],
            "enforce_private_link_endpoint_network_policies": true,
            "enforce_private_link_service_network_policies": false,
            "id": "/subscriptions/fec1a8c7-3053-43ab-b51d-9fcc38bd9399/resourceGroups/zgebs-workbench-dev-neu-vnet-rg/providers/Microsoft.Network/virtualNetworks/workbench-dev-neu-vnet/subnets/zgebs-wb-dey-snet-apim-ne01",
            "name": "zgebs-wb-dey-snet-apim-ne01",
            "private_endpoint_network_policies_enabled": false,
            "private_link_service_network_policies_enabled": true,
            "resource_group_name": "zgebs-workbench-dev-neu-vnet-rg",
            "service_endpoint_policy_ids": [],
            "service_endpoints": [],
            "timeouts": {
              "create": null,
              "delete": null,
              "read": null,
              "update": null
            },
            "virtual_network_name": "workbench-dev-neu-vnet"
          },
          "sensitive_attributes": [],
          "private": "eyJlMmJmYjczMC1lY2FhLTExZTYtOGY4OC0zNDM2M2JjN2M0YzAiOnsiY3JlYXRlIjoxODAwMDAwMDAwMDAwLCJkZWxldGUiOjE4MDAwMDAwMDAwMDAsInJlYWQiOjMwMDAwMDAwMDAwMCwidXBkYXRlIjoxODAwMDAwMDAwMDAwfSwic2NoZW1hX3ZlcnNpb24iOiIwIn0=",
          "dependencies": [
            "module.network.azurerm_resource_group.network",
            "module.network.azurerm_virtual_network.vnet"
          ]
        }
      ]
    },
    {
      "module": "module.network",
      "mode": "managed",
      "type": "azurerm_subnet",
      "name": "snet_shared",
      "provider": "provider[\"registry.terraform.io/hashicorp/azurerm\"]",
      "instances": [
        {
          "schema_version": 0,
          "attributes": {
            "address_prefixes": [
              "10.0.2.0/24"
            ],
            "delegation": [],
            "enforce_private_link_endpoint_network_policies": true,
            "enforce_private_link_service_network_policies": false,
            "id": "/subscriptions/fec1a8c7-3053-43ab-b51d-9fcc38bd9399/resourceGroups/zgebs-workbench-dev-neu-vnet-rg/providers/Microsoft.Network/virtualNetworks/workbench-dev-neu-vnet/subnets/zgebs-wb-dev-snet-shared-ne99",
            "name": "zgebs-wb-dev-snet-shared-ne99",
            "private_endpoint_network_policies_enabled": false,
            "private_link_service_network_policies_enabled": true,
            "resource_group_name": "zgebs-workbench-dev-neu-vnet-rg",
            "service_endpoint_policy_ids": [],
            "service_endpoints": [],
            "timeouts": {
              "create": null,
              "delete": null,
              "read": null,
              "update": null
            },
            "virtual_network_name": "workbench-dev-neu-vnet"
          },
          "sensitive_attributes": [],
          "private": "eyJlMmJmYjczMC1lY2FhLTExZTYtOGY4OC0zNDM2M2JjN2M0YzAiOnsiY3JlYXRlIjoxODAwMDAwMDAwMDAwLCJkZWxldGUiOjE4MDAwMDAwMDAwMDAsInJlYWQiOjMwMDAwMDAwMDAwMCwidXBkYXRlIjoxODAwMDAwMDAwMDAwfSwic2NoZW1hX3ZlcnNpb24iOiIwIn0=",
          "dependencies": [
            "module.network.azurerm_resource_group.network",
            "module.network.azurerm_virtual_network.vnet"
          ]
        }
      ]
    },
    {
      "module": "module.network",
      "mode": "managed",
      "type": "azurerm_subnet",
      "name": "snet_webin",
      "provider": "provider[\"registry.terraform.io/hashicorp/azurerm\"]",
      "instances": [
        {
          "schema_version": 0,
          "attributes": {
            "address_prefixes": [
              "10.0.4.0/24"
            ],
            "delegation": [],
            "enforce_private_link_endpoint_network_policies": true,
            "enforce_private_link_service_network_policies": false,
            "id": "/subscriptions/fec1a8c7-3053-43ab-b51d-9fcc38bd9399/resourceGroups/zgebs-workbench-dev-neu-vnet-rg/providers/Microsoft.Network/virtualNetworks/workbench-dev-neu-vnet/subnets/zgebs-wb-dev-snet-webin-ne01",
            "name": "zgebs-wb-dev-snet-webin-ne01",
            "private_endpoint_network_policies_enabled": false,
            "private_link_service_network_policies_enabled": true,
            "resource_group_name": "zgebs-workbench-dev-neu-vnet-rg",
            "service_endpoint_policy_ids": [],
            "service_endpoints": [
              "Microsoft.Web"
            ],
            "timeouts": {
              "create": null,
              "delete": null,
              "read": null,
              "update": null
            },
            "virtual_network_name": "workbench-dev-neu-vnet"
          },
          "sensitive_attributes": [],
          "private": "eyJlMmJmYjczMC1lY2FhLTExZTYtOGY4OC0zNDM2M2JjN2M0YzAiOnsiY3JlYXRlIjoxODAwMDAwMDAwMDAwLCJkZWxldGUiOjE4MDAwMDAwMDAwMDAsInJlYWQiOjMwMDAwMDAwMDAwMCwidXBkYXRlIjoxODAwMDAwMDAwMDAwfX0=",
          "dependencies": [
            "module.network.azurerm_resource_group.network",
            "module.network.azurerm_virtual_network.vnet"
          ]
        }
      ]
    },
    {
      "module": "module.network",
      "mode": "managed",
      "type": "azurerm_subnet",
      "name": "snet_webout",
      "provider": "provider[\"registry.terraform.io/hashicorp/azurerm\"]",
      "instances": [
        {
          "schema_version": 0,
          "attributes": {
            "address_prefixes": [
              "10.0.5.0/24"
            ],
            "delegation": [
              {
                "name": "delegation",
                "service_delegation": [
                  {
                    "actions": [
                      "Microsoft.Network/virtualNetworks/subnets/action"
                    ],
                    "name": "Microsoft.Web/serverFarms"
                  }
                ]
              }
            ],
            "enforce_private_link_endpoint_network_policies": true,
            "enforce_private_link_service_network_policies": false,
            "id": "/subscriptions/fec1a8c7-3053-43ab-b51d-9fcc38bd9399/resourceGroups/zgebs-workbench-dev-neu-vnet-rg/providers/Microsoft.Network/virtualNetworks/workbench-dev-neu-vnet/subnets/zgebs-wb-dev-snet-webout-ne01",
            "name": "zgebs-wb-dev-snet-webout-ne01",
            "private_endpoint_network_policies_enabled": false,
            "private_link_service_network_policies_enabled": true,
            "resource_group_name": "zgebs-workbench-dev-neu-vnet-rg",
            "service_endpoint_policy_ids": [],
            "service_endpoints": [],
            "timeouts": {
              "create": null,
              "delete": null,
              "read": null,
              "update": null
            },
            "virtual_network_name": "workbench-dev-neu-vnet"
          },
          "sensitive_attributes": [],
          "private": "eyJlMmJmYjczMC1lY2FhLTExZTYtOGY4OC0zNDM2M2JjN2M0YzAiOnsiY3JlYXRlIjoxODAwMDAwMDAwMDAwLCJkZWxldGUiOjE4MDAwMDAwMDAwMDAsInJlYWQiOjMwMDAwMDAwMDAwMCwidXBkYXRlIjoxODAwMDAwMDAwMDAwfX0=",
          "dependencies": [
            "module.network.azurerm_resource_group.network",
            "module.network.azurerm_virtual_network.vnet"
          ]
        }
      ]
    },
    {
      "module": "module.network",
      "mode": "managed",
      "type": "azurerm_subnet_network_security_group_association",
      "name": "snsg",
      "provider": "provider[\"registry.terraform.io/hashicorp/azurerm\"]",
      "instances": [
        {
          "schema_version": 0,
          "attributes": {
            "id": "/subscriptions/fec1a8c7-3053-43ab-b51d-9fcc38bd9399/resourceGroups/zgebs-workbench-dev-neu-vnet-rg/providers/Microsoft.Network/virtualNetworks/workbench-dev-neu-vnet/subnets/zgebs-wb-dev-snet-shared-ne99",
            "network_security_group_id": "/subscriptions/fec1a8c7-3053-43ab-b51d-9fcc38bd9399/resourceGroups/zgebs-workbench-dev-neu-vnet-rg/providers/Microsoft.Network/networkSecurityGroups/workbench-dev-neu-vnet-nsg1",
            "subnet_id": "/subscriptions/fec1a8c7-3053-43ab-b51d-9fcc38bd9399/resourceGroups/zgebs-workbench-dev-neu-vnet-rg/providers/Microsoft.Network/virtualNetworks/workbench-dev-neu-vnet/subnets/zgebs-wb-dev-snet-shared-ne99",
            "timeouts": null
          },
          "sensitive_attributes": [],
          "private": "eyJlMmJmYjczMC1lY2FhLTExZTYtOGY4OC0zNDM2M2JjN2M0YzAiOnsiY3JlYXRlIjoxODAwMDAwMDAwMDAwLCJkZWxldGUiOjE4MDAwMDAwMDAwMDAsInJlYWQiOjMwMDAwMDAwMDAwMCwidXBkYXRlIjoxODAwMDAwMDAwMDAwfX0=",
          "dependencies": [
            "module.network.azurerm_network_security_group.nsg",
            "module.network.azurerm_resource_group.network",
            "module.network.azurerm_subnet.snet_shared",
            "module.network.azurerm_virtual_network.vnet"
          ]
        }
      ]
    },
    {
      "module": "module.network",
      "mode": "managed",
      "type": "azurerm_subnet_network_security_group_association",
      "name": "snsg_apim",
      "provider": "provider[\"registry.terraform.io/hashicorp/azurerm\"]",
      "instances": [
        {
          "schema_version": 0,
          "attributes": {
            "id": "/subscriptions/fec1a8c7-3053-43ab-b51d-9fcc38bd9399/resourceGroups/zgebs-workbench-dev-neu-vnet-rg/providers/Microsoft.Network/virtualNetworks/workbench-dev-neu-vnet/subnets/zgebs-wb-dey-snet-apim-ne01",
            "network_security_group_id": "/subscriptions/fec1a8c7-3053-43ab-b51d-9fcc38bd9399/resourceGroups/zgebs-workbench-dev-neu-vnet-rg/providers/Microsoft.Network/networkSecurityGroups/workbench-dev-neu-vnet-nsg1",
            "subnet_id": "/subscriptions/fec1a8c7-3053-43ab-b51d-9fcc38bd9399/resourceGroups/zgebs-workbench-dev-neu-vnet-rg/providers/Microsoft.Network/virtualNetworks/workbench-dev-neu-vnet/subnets/zgebs-wb-dey-snet-apim-ne01",
            "timeouts": null
          },
          "sensitive_attributes": [],
          "private": "eyJlMmJmYjczMC1lY2FhLTExZTYtOGY4OC0zNDM2M2JjN2M0YzAiOnsiY3JlYXRlIjoxODAwMDAwMDAwMDAwLCJkZWxldGUiOjE4MDAwMDAwMDAwMDAsInJlYWQiOjMwMDAwMDAwMDAwMCwidXBkYXRlIjoxODAwMDAwMDAwMDAwfX0=",
          "dependencies": [
            "module.network.azurerm_network_security_group.nsg",
            "module.network.azurerm_resource_group.network",
            "module.network.azurerm_subnet.snet_apim",
            "module.network.azurerm_virtual_network.vnet"
          ]
        }
      ]
    },
    {
      "module": "module.network",
      "mode": "managed",
      "type": "azurerm_subnet_network_security_group_association",
      "name": "snsg_webin",
      "provider": "provider[\"registry.terraform.io/hashicorp/azurerm\"]",
      "instances": [
        {
          "schema_version": 0,
          "attributes": {
            "id": "/subscriptions/fec1a8c7-3053-43ab-b51d-9fcc38bd9399/resourceGroups/zgebs-workbench-dev-neu-vnet-rg/providers/Microsoft.Network/virtualNetworks/workbench-dev-neu-vnet/subnets/zgebs-wb-dev-snet-webin-ne01",
            "network_security_group_id": "/subscriptions/fec1a8c7-3053-43ab-b51d-9fcc38bd9399/resourceGroups/zgebs-workbench-dev-neu-vnet-rg/providers/Microsoft.Network/networkSecurityGroups/workbench-dev-neu-vnet-nsg1",
            "subnet_id": "/subscriptions/fec1a8c7-3053-43ab-b51d-9fcc38bd9399/resourceGroups/zgebs-workbench-dev-neu-vnet-rg/providers/Microsoft.Network/virtualNetworks/workbench-dev-neu-vnet/subnets/zgebs-wb-dev-snet-webin-ne01",
            "timeouts": null
          },
          "sensitive_attributes": [],
          "private": "eyJlMmJmYjczMC1lY2FhLTExZTYtOGY4OC0zNDM2M2JjN2M0YzAiOnsiY3JlYXRlIjoxODAwMDAwMDAwMDAwLCJkZWxldGUiOjE4MDAwMDAwMDAwMDAsInJlYWQiOjMwMDAwMDAwMDAwMCwidXBkYXRlIjoxODAwMDAwMDAwMDAwfX0=",
          "dependencies": [
            "module.network.azurerm_network_security_group.nsg",
            "module.network.azurerm_resource_group.network",
            "module.network.azurerm_subnet.snet_webin",
            "module.network.azurerm_virtual_network.vnet"
          ]
        }
      ]
    },
    {
      "module": "module.network",
      "mode": "managed",
      "type": "azurerm_subnet_network_security_group_association",
      "name": "snsg_webout",
      "provider": "provider[\"registry.terraform.io/hashicorp/azurerm\"]",
      "instances": [
        {
          "schema_version": 0,
          "attributes": {
            "id": "/subscriptions/fec1a8c7-3053-43ab-b51d-9fcc38bd9399/resourceGroups/zgebs-workbench-dev-neu-vnet-rg/providers/Microsoft.Network/virtualNetworks/workbench-dev-neu-vnet/subnets/zgebs-wb-dev-snet-webout-ne01",
            "network_security_group_id": "/subscriptions/fec1a8c7-3053-43ab-b51d-9fcc38bd9399/resourceGroups/zgebs-workbench-dev-neu-vnet-rg/providers/Microsoft.Network/networkSecurityGroups/workbench-dev-neu-vnet-nsg1",
            "subnet_id": "/subscriptions/fec1a8c7-3053-43ab-b51d-9fcc38bd9399/resourceGroups/zgebs-workbench-dev-neu-vnet-rg/providers/Microsoft.Network/virtualNetworks/workbench-dev-neu-vnet/subnets/zgebs-wb-dev-snet-webout-ne01",
            "timeouts": null
          },
          "sensitive_attributes": [],
          "private": "eyJlMmJmYjczMC1lY2FhLTExZTYtOGY4OC0zNDM2M2JjN2M0YzAiOnsiY3JlYXRlIjoxODAwMDAwMDAwMDAwLCJkZWxldGUiOjE4MDAwMDAwMDAwMDAsInJlYWQiOjMwMDAwMDAwMDAwMCwidXBkYXRlIjoxODAwMDAwMDAwMDAwfX0=",
          "dependencies": [
            "module.network.azurerm_network_security_group.nsg",
            "module.network.azurerm_resource_group.network",
            "module.network.azurerm_subnet.snet_webout",
            "module.network.azurerm_virtual_network.vnet"
          ]
        }
      ]
    },
    {
      "module": "module.network",
      "mode": "managed",
      "type": "azurerm_subnet_route_table_association",
      "name": "srt",
      "provider": "provider[\"registry.terraform.io/hashicorp/azurerm\"]",
      "instances": [
        {
          "schema_version": 0,
          "attributes": {
            "id": "/subscriptions/fec1a8c7-3053-43ab-b51d-9fcc38bd9399/resourceGroups/zgebs-workbench-dev-neu-vnet-rg/providers/Microsoft.Network/virtualNetworks/workbench-dev-neu-vnet/subnets/zgebs-wb-dev-snet-shared-ne99",
            "route_table_id": "/subscriptions/fec1a8c7-3053-43ab-b51d-9fcc38bd9399/resourceGroups/zgebs-workbench-dev-neu-vnet-rg/providers/Microsoft.Network/routeTables/workbench-dev-neu-vnet-rt1",
            "subnet_id": "/subscriptions/fec1a8c7-3053-43ab-b51d-9fcc38bd9399/resourceGroups/zgebs-workbench-dev-neu-vnet-rg/providers/Microsoft.Network/virtualNetworks/workbench-dev-neu-vnet/subnets/zgebs-wb-dev-snet-shared-ne99",
            "timeouts": null
          },
          "sensitive_attributes": [],
          "private": "eyJlMmJmYjczMC1lY2FhLTExZTYtOGY4OC0zNDM2M2JjN2M0YzAiOnsiY3JlYXRlIjoxODAwMDAwMDAwMDAwLCJkZWxldGUiOjE4MDAwMDAwMDAwMDAsInJlYWQiOjMwMDAwMDAwMDAwMCwidXBkYXRlIjoxODAwMDAwMDAwMDAwfX0=",
          "dependencies": [
            "module.network.azurerm_resource_group.network",
            "module.network.azurerm_route_table.rt",
            "module.network.azurerm_subnet.snet_shared",
            "module.network.azurerm_virtual_network.vnet"
          ]
        }
      ]
    },
    {
      "module": "module.network",
      "mode": "managed",
      "type": "azurerm_subnet_route_table_association",
      "name": "srt_apim",
      "provider": "provider[\"registry.terraform.io/hashicorp/azurerm\"]",
      "instances": [
        {
          "schema_version": 0,
          "attributes": {
            "id": "/subscriptions/fec1a8c7-3053-43ab-b51d-9fcc38bd9399/resourceGroups/zgebs-workbench-dev-neu-vnet-rg/providers/Microsoft.Network/virtualNetworks/workbench-dev-neu-vnet/subnets/zgebs-wb-dey-snet-apim-ne01",
            "route_table_id": "/subscriptions/fec1a8c7-3053-43ab-b51d-9fcc38bd9399/resourceGroups/zgebs-workbench-dev-neu-vnet-rg/providers/Microsoft.Network/routeTables/workbench-dev-neu-vnet-rt1",
            "subnet_id": "/subscriptions/fec1a8c7-3053-43ab-b51d-9fcc38bd9399/resourceGroups/zgebs-workbench-dev-neu-vnet-rg/providers/Microsoft.Network/virtualNetworks/workbench-dev-neu-vnet/subnets/zgebs-wb-dey-snet-apim-ne01",
            "timeouts": null
          },
          "sensitive_attributes": [],
          "private": "eyJlMmJmYjczMC1lY2FhLTExZTYtOGY4OC0zNDM2M2JjN2M0YzAiOnsiY3JlYXRlIjoxODAwMDAwMDAwMDAwLCJkZWxldGUiOjE4MDAwMDAwMDAwMDAsInJlYWQiOjMwMDAwMDAwMDAwMCwidXBkYXRlIjoxODAwMDAwMDAwMDAwfX0=",
          "dependencies": [
            "module.network.azurerm_resource_group.network",
            "module.network.azurerm_route_table.rt",
            "module.network.azurerm_subnet.snet_apim",
            "module.network.azurerm_virtual_network.vnet"
          ]
        }
      ]
    },
    {
      "module": "module.network",
      "mode": "managed",
      "type": "azurerm_subnet_route_table_association",
      "name": "srt_webin",
      "provider": "provider[\"registry.terraform.io/hashicorp/azurerm\"]",
      "instances": [
        {
          "schema_version": 0,
          "attributes": {
            "id": "/subscriptions/fec1a8c7-3053-43ab-b51d-9fcc38bd9399/resourceGroups/zgebs-workbench-dev-neu-vnet-rg/providers/Microsoft.Network/virtualNetworks/workbench-dev-neu-vnet/subnets/zgebs-wb-dev-snet-webin-ne01",
            "route_table_id": "/subscriptions/fec1a8c7-3053-43ab-b51d-9fcc38bd9399/resourceGroups/zgebs-workbench-dev-neu-vnet-rg/providers/Microsoft.Network/routeTables/workbench-dev-neu-vnet-rt1",
            "subnet_id": "/subscriptions/fec1a8c7-3053-43ab-b51d-9fcc38bd9399/resourceGroups/zgebs-workbench-dev-neu-vnet-rg/providers/Microsoft.Network/virtualNetworks/workbench-dev-neu-vnet/subnets/zgebs-wb-dev-snet-webin-ne01",
            "timeouts": null
          },
          "sensitive_attributes": [],
          "private": "eyJlMmJmYjczMC1lY2FhLTExZTYtOGY4OC0zNDM2M2JjN2M0YzAiOnsiY3JlYXRlIjoxODAwMDAwMDAwMDAwLCJkZWxldGUiOjE4MDAwMDAwMDAwMDAsInJlYWQiOjMwMDAwMDAwMDAwMCwidXBkYXRlIjoxODAwMDAwMDAwMDAwfX0=",
          "dependencies": [
            "module.network.azurerm_resource_group.network",
            "module.network.azurerm_route_table.rt",
            "module.network.azurerm_subnet.snet_webin",
            "module.network.azurerm_virtual_network.vnet"
          ]
        }
      ]
    },
    {
      "module": "module.network",
      "mode": "managed",
      "type": "azurerm_subnet_route_table_association",
      "name": "srt_webout",
      "provider": "provider[\"registry.terraform.io/hashicorp/azurerm\"]",
      "instances": [
        {
          "schema_version": 0,
          "attributes": {
            "id": "/subscriptions/fec1a8c7-3053-43ab-b51d-9fcc38bd9399/resourceGroups/zgebs-workbench-dev-neu-vnet-rg/providers/Microsoft.Network/virtualNetworks/workbench-dev-neu-vnet/subnets/zgebs-wb-dev-snet-webout-ne01",
            "route_table_id": "/subscriptions/fec1a8c7-3053-43ab-b51d-9fcc38bd9399/resourceGroups/zgebs-workbench-dev-neu-vnet-rg/providers/Microsoft.Network/routeTables/workbench-dev-neu-vnet-rt1",
            "subnet_id": "/subscriptions/fec1a8c7-3053-43ab-b51d-9fcc38bd9399/resourceGroups/zgebs-workbench-dev-neu-vnet-rg/providers/Microsoft.Network/virtualNetworks/workbench-dev-neu-vnet/subnets/zgebs-wb-dev-snet-webout-ne01",
            "timeouts": null
          },
          "sensitive_attributes": [],
          "private": "eyJlMmJmYjczMC1lY2FhLTExZTYtOGY4OC0zNDM2M2JjN2M0YzAiOnsiY3JlYXRlIjoxODAwMDAwMDAwMDAwLCJkZWxldGUiOjE4MDAwMDAwMDAwMDAsInJlYWQiOjMwMDAwMDAwMDAwMCwidXBkYXRlIjoxODAwMDAwMDAwMDAwfX0=",
          "dependencies": [
            "module.network.azurerm_resource_group.network",
            "module.network.azurerm_route_table.rt",
            "module.network.azurerm_subnet.snet_webout",
            "module.network.azurerm_virtual_network.vnet"
          ]
        }
      ]
    },
    {
      "module": "module.network",
      "mode": "managed",
      "type": "azurerm_virtual_network",
      "name": "vnet",
      "provider": "provider[\"registry.terraform.io/hashicorp/azurerm\"]",
      "instances": [
        {
          "schema_version": 0,
          "attributes": {
            "address_space": [
              "10.0.0.0/16"
            ],
            "bgp_community": "",
            "ddos_protection_plan": [],
            "dns_servers": [],
            "edge_zone": "",
            "flow_timeout_in_minutes": 0,
            "guid": "e3151155-34df-451d-8197-4f399802836c",
            "id": "/subscriptions/fec1a8c7-3053-43ab-b51d-9fcc38bd9399/resourceGroups/zgebs-workbench-dev-neu-vnet-rg/providers/Microsoft.Network/virtualNetworks/workbench-dev-neu-vnet",
            "location": "northeurope",
            "name": "workbench-dev-neu-vnet",
            "resource_group_name": "zgebs-workbench-dev-neu-vnet-rg",
            "subnet": [
              {
                "address_prefix": "10.0.0.0/24",
                "id": "/subscriptions/fec1a8c7-3053-43ab-b51d-9fcc38bd9399/resourceGroups/zgebs-workbench-dev-neu-vnet-rg/providers/Microsoft.Network/virtualNetworks/workbench-dev-neu-vnet/subnets/zgebs-wb-dey-snet-apim-ne01",
                "name": "zgebs-wb-dey-snet-apim-ne01",
                "security_group": ""
              },
              {
                "address_prefix": "10.0.2.0/24",
                "id": "/subscriptions/fec1a8c7-3053-43ab-b51d-9fcc38bd9399/resourceGroups/zgebs-workbench-dev-neu-vnet-rg/providers/Microsoft.Network/virtualNetworks/workbench-dev-neu-vnet/subnets/zgebs-wb-dev-snet-shared-ne99",
                "name": "zgebs-wb-dev-snet-shared-ne99",
                "security_group": ""
              },
              {
                "address_prefix": "10.0.4.0/24",
                "id": "/subscriptions/fec1a8c7-3053-43ab-b51d-9fcc38bd9399/resourceGroups/zgebs-workbench-dev-neu-vnet-rg/providers/Microsoft.Network/virtualNetworks/workbench-dev-neu-vnet/subnets/zgebs-wb-dev-snet-webin-ne01",
                "name": "zgebs-wb-dev-snet-webin-ne01",
                "security_group": ""
              },
              {
                "address_prefix": "10.0.5.0/24",
                "id": "/subscriptions/fec1a8c7-3053-43ab-b51d-9fcc38bd9399/resourceGroups/zgebs-workbench-dev-neu-vnet-rg/providers/Microsoft.Network/virtualNetworks/workbench-dev-neu-vnet/subnets/zgebs-wb-dev-snet-webout-ne01",
                "name": "zgebs-wb-dev-snet-webout-ne01",
                "security_group": ""
              }
            ],
            "tags": {},
            "timeouts": {
              "create": null,
              "delete": null,
              "read": null,
              "update": null
            }
          },
          "sensitive_attributes": [],
          "private": "eyJlMmJmYjczMC1lY2FhLTExZTYtOGY4OC0zNDM2M2JjN2M0YzAiOnsiY3JlYXRlIjoxODAwMDAwMDAwMDAwLCJkZWxldGUiOjE4MDAwMDAwMDAwMDAsInJlYWQiOjMwMDAwMDAwMDAwMCwidXBkYXRlIjoxODAwMDAwMDAwMDAwfSwic2NoZW1hX3ZlcnNpb24iOiIwIn0=",
          "dependencies": [
            "module.network.azurerm_resource_group.network"
          ]
        }
      ]
    },
    {
      "module": "module.storage",
      "mode": "data",
      "type": "azurerm_resource_group",
      "name": "networkds",
      "provider": "provider[\"registry.terraform.io/hashicorp/azurerm\"]",
      "instances": [
        {
          "schema_version": 0,
          "attributes": {
            "id": "/subscriptions/fec1a8c7-3053-43ab-b51d-9fcc38bd9399/resourceGroups/zgebs-workbench-dev-neu-vnet-rg",
            "location": "northeurope",
            "name": "zgebs-workbench-dev-neu-vnet-rg",
            "tags": {},
            "timeouts": null
          },
          "sensitive_attributes": []
        }
      ]
    },
    {
      "module": "module.storage",
      "mode": "data",
      "type": "azurerm_subnet",
      "name": "snet_shared_ds",
      "provider": "provider[\"registry.terraform.io/hashicorp/azurerm\"]",
      "instances": []
    },
    {
      "module": "module.storage",
      "mode": "data",
      "type": "azurerm_virtual_network",
      "name": "vnetds",
      "provider": "provider[\"registry.terraform.io/hashicorp/azurerm\"]",
      "instances": [
        {
          "schema_version": 0,
          "attributes": {
            "address_space": [
              "10.0.0.0/16"
            ],
            "dns_servers": null,
            "guid": "e3151155-34df-451d-8197-4f399802836c",
            "id": "/subscriptions/fec1a8c7-3053-43ab-b51d-9fcc38bd9399/resourceGroups/zgebs-workbench-dev-neu-vnet-rg/providers/Microsoft.Network/virtualNetworks/workbench-dev-neu-vnet",
            "location": "northeurope",
            "name": "workbench-dev-neu-vnet",
            "resource_group_name": "zgebs-workbench-dev-neu-vnet-rg",
            "subnets": [
              "zgebs-wb-dev-snet-shared-ne99",
              "zgebs-wb-dev-snet-webin-ne01",
              "zgebs-wb-dey-snet-apim-ne01",
              "zgebs-wb-dev-snet-webout-ne01"
            ],
            "tags": {},
            "timeouts": null,
            "vnet_peerings": {},
            "vnet_peerings_addresses": []
          },
          "sensitive_attributes": []
        }
      ]
    },
    {
      "module": "module.storage",
      "mode": "managed",
      "type": "azurerm_private_dns_a_record",
      "name": "dns_a",
      "provider": "provider[\"registry.terraform.io/hashicorp/azurerm\"]",
      "instances": []
    },
    {
      "module": "module.storage",
      "mode": "managed",
      "type": "azurerm_private_dns_zone",
      "name": "dns_zone_storage",
      "provider": "provider[\"registry.terraform.io/hashicorp/azurerm\"]",
      "instances": [
        {
          "schema_version": 0,
          "attributes": {
            "id": "/subscriptions/fec1a8c7-3053-43ab-b51d-9fcc38bd9399/resourceGroups/zgebs-workbench-dev-storage-rg/providers/Microsoft.Network/privateDnsZones/privatelink.blob.core.windows.net",
            "max_number_of_record_sets": 25000,
            "max_number_of_virtual_network_links": 1000,
            "max_number_of_virtual_network_links_with_registration": 100,
            "name": "privatelink.blob.core.windows.net",
            "number_of_record_sets": 1,
            "resource_group_name": "zgebs-workbench-dev-storage-rg",
            "soa_record": [
              {
                "email": "azureprivatedns-host.microsoft.com",
                "expire_time": 2419200,
                "fqdn": "privatelink.blob.core.windows.net.",
                "host_name": "azureprivatedns.net",
                "minimum_ttl": 10,
                "refresh_time": 3600,
                "retry_time": 300,
                "serial_number": 1,
                "tags": {},
                "ttl": 3600
              }
            ],
            "tags": null,
            "timeouts": null
          },
          "sensitive_attributes": [],
          "private": "eyJlMmJmYjczMC1lY2FhLTExZTYtOGY4OC0zNDM2M2JjN2M0YzAiOnsiY3JlYXRlIjoxODAwMDAwMDAwMDAwLCJkZWxldGUiOjE4MDAwMDAwMDAwMDAsInJlYWQiOjMwMDAwMDAwMDAwMCwidXBkYXRlIjoxODAwMDAwMDAwMDAwfX0=",
          "dependencies": [
            "module.network.azurerm_network_security_group.nsg",
            "module.network.azurerm_resource_group.network",
            "module.network.azurerm_route_table.rt",
            "module.network.azurerm_subnet.snet_apim",
            "module.network.azurerm_subnet.snet_shared",
            "module.network.azurerm_subnet.snet_webin",
            "module.network.azurerm_subnet.snet_webout",
            "module.network.azurerm_subnet_network_security_group_association.snsg",
            "module.network.azurerm_subnet_network_security_group_association.snsg_apim",
            "module.network.azurerm_subnet_network_security_group_association.snsg_webin",
            "module.network.azurerm_subnet_network_security_group_association.snsg_webout",
            "module.network.azurerm_subnet_route_table_association.srt",
            "module.network.azurerm_subnet_route_table_association.srt_apim",
            "module.network.azurerm_subnet_route_table_association.srt_webin",
            "module.network.azurerm_subnet_route_table_association.srt_webout",
            "module.network.azurerm_virtual_network.vnet",
            "module.storage.azurerm_resource_group.storage"
          ]
        }
      ]
    },
    {
      "module": "module.storage",
      "mode": "managed",
      "type": "azurerm_private_dns_zone_virtual_network_link",
      "name": "network_link",
      "provider": "provider[\"registry.terraform.io/hashicorp/azurerm\"]",
      "instances": [
        {
          "schema_version": 0,
          "attributes": {
            "id": "/subscriptions/fec1a8c7-3053-43ab-b51d-9fcc38bd9399/resourceGroups/zgebs-workbench-dev-storage-rg/providers/Microsoft.Network/privateDnsZones/privatelink.blob.core.windows.net/virtualNetworkLinks/dns-zone-vnet-link-name",
            "name": "dns-zone-vnet-link-name",
            "private_dns_zone_name": "privatelink.blob.core.windows.net",
            "registration_enabled": false,
            "resource_group_name": "zgebs-workbench-dev-storage-rg",
            "tags": null,
            "timeouts": null,
            "virtual_network_id": "/subscriptions/fec1a8c7-3053-43ab-b51d-9fcc38bd9399/resourceGroups/zgebs-workbench-dev-neu-vnet-rg/providers/Microsoft.Network/virtualNetworks/workbench-dev-neu-vnet"
          },
          "sensitive_attributes": [],
          "private": "eyJlMmJmYjczMC1lY2FhLTExZTYtOGY4OC0zNDM2M2JjN2M0YzAiOnsiY3JlYXRlIjoxODAwMDAwMDAwMDAwLCJkZWxldGUiOjE4MDAwMDAwMDAwMDAsInJlYWQiOjMwMDAwMDAwMDAwMCwidXBkYXRlIjoxODAwMDAwMDAwMDAwfX0=",
          "dependencies": [
            "module.network.azurerm_network_security_group.nsg",
            "module.network.azurerm_resource_group.network",
            "module.network.azurerm_route_table.rt",
            "module.network.azurerm_subnet.snet_apim",
            "module.network.azurerm_subnet.snet_shared",
            "module.network.azurerm_subnet.snet_webin",
            "module.network.azurerm_subnet.snet_webout",
            "module.network.azurerm_subnet_network_security_group_association.snsg",
            "module.network.azurerm_subnet_network_security_group_association.snsg_apim",
            "module.network.azurerm_subnet_network_security_group_association.snsg_webin",
            "module.network.azurerm_subnet_network_security_group_association.snsg_webout",
            "module.network.azurerm_subnet_route_table_association.srt",
            "module.network.azurerm_subnet_route_table_association.srt_apim",
            "module.network.azurerm_subnet_route_table_association.srt_webin",
            "module.network.azurerm_subnet_route_table_association.srt_webout",
            "module.network.azurerm_virtual_network.vnet",
            "module.storage.azurerm_private_dns_zone.dns_zone_storage",
            "module.storage.azurerm_resource_group.storage",
            "module.storage.data.azurerm_virtual_network.vnetds"
          ]
        }
      ]
    },
    {
      "module": "module.storage",
      "mode": "managed",
      "type": "azurerm_private_endpoint",
      "name": "endpoint_storage",
      "provider": "provider[\"registry.terraform.io/hashicorp/azurerm\"]",
      "instances": []
    },
    {
      "module": "module.storage",
      "mode": "managed",
      "type": "azurerm_resource_group",
      "name": "storage",
      "provider": "provider[\"registry.terraform.io/hashicorp/azurerm\"]",
      "instances": [
        {
          "schema_version": 0,
          "attributes": {
            "id": "/subscriptions/fec1a8c7-3053-43ab-b51d-9fcc38bd9399/resourceGroups/zgebs-workbench-dev-storage-rg",
            "location": "northeurope",
            "name": "zgebs-workbench-dev-storage-rg",
            "tags": null,
            "timeouts": null
          },
          "sensitive_attributes": [],
          "private": "eyJlMmJmYjczMC1lY2FhLTExZTYtOGY4OC0zNDM2M2JjN2M0YzAiOnsiY3JlYXRlIjo1NDAwMDAwMDAwMDAwLCJkZWxldGUiOjU0MDAwMDAwMDAwMDAsInJlYWQiOjMwMDAwMDAwMDAwMCwidXBkYXRlIjo1NDAwMDAwMDAwMDAwfX0=",
          "dependencies": [
            "module.network.azurerm_network_security_group.nsg",
            "module.network.azurerm_resource_group.network",
            "module.network.azurerm_route_table.rt",
            "module.network.azurerm_subnet.snet_apim",
            "module.network.azurerm_subnet.snet_shared",
            "module.network.azurerm_subnet.snet_webin",
            "module.network.azurerm_subnet.snet_webout",
            "module.network.azurerm_subnet_network_security_group_association.snsg",
            "module.network.azurerm_subnet_network_security_group_association.snsg_apim",
            "module.network.azurerm_subnet_network_security_group_association.snsg_webin",
            "module.network.azurerm_subnet_network_security_group_association.snsg_webout",
            "module.network.azurerm_subnet_route_table_association.srt",
            "module.network.azurerm_subnet_route_table_association.srt_apim",
            "module.network.azurerm_subnet_route_table_association.srt_webin",
            "module.network.azurerm_subnet_route_table_association.srt_webout",
            "module.network.azurerm_virtual_network.vnet"
          ]
        }
      ]
    },
    {
      "module": "module.storage",
      "mode": "managed",
      "type": "azurerm_storage_account",
      "name": "storage",
      "provider": "provider[\"registry.terraform.io/hashicorp/azurerm\"]",
      "instances": [
        {
          "schema_version": 3,
          "attributes": {
            "access_tier": "Hot",
            "account_kind": "StorageV2",
            "account_replication_type": "LRS",
            "account_tier": "Standard",
            "allow_nested_items_to_be_public": true,
            "allowed_copy_scope": "",
            "azure_files_authentication": [],
            "blob_properties": [
              {
                "change_feed_enabled": false,
                "change_feed_retention_in_days": 0,
                "container_delete_retention_policy": [],
                "cors_rule": [],
                "default_service_version": "",
                "delete_retention_policy": [],
                "last_access_time_enabled": false,
                "restore_policy": [],
                "versioning_enabled": false
              }
            ],
            "cross_tenant_replication_enabled": true,
            "custom_domain": [],
            "customer_managed_key": [],
            "default_to_oauth_authentication": false,
            "edge_zone": "",
            "enable_https_traffic_only": true,
            "id": "/subscriptions/fec1a8c7-3053-43ab-b51d-9fcc38bd9399/resourceGroups/zgebs-workbench-dev-storage-rg/providers/Microsoft.Storage/storageAccounts/zgbswbdevstorage7654",
            "identity": [],
            "immutability_policy": [],
            "infrastructure_encryption_enabled": false,
            "is_hns_enabled": false,
            "large_file_share_enabled": null,
            "location": "northeurope",
            "min_tls_version": "TLS1_2",
            "name": "zgbswbdevstorage7654",
            "network_rules": [
              {
                "bypass": [
                  "AzureServices"
                ],
                "default_action": "Allow",
                "ip_rules": [],
                "private_link_access": [],
                "virtual_network_subnet_ids": []
              }
            ],
            "nfsv3_enabled": false,
            "primary_access_key": "JzTOpB9C6NKB99SQvT9j/l1Kyqj0b6LPuLQiN7P3/x6v/We4OBMeGGONqpYFqC/ICvolcS581w+n+AStPBAXsg==",
            "primary_blob_connection_string": "DefaultEndpointsProtocol=https;BlobEndpoint=https://zgbswbdevstorage7654.blob.core.windows.net/;AccountName=zgbswbdevstorage7654;AccountKey=JzTOpB9C6NKB99SQvT9j/l1Kyqj0b6LPuLQiN7P3/x6v/We4OBMeGGONqpYFqC/ICvolcS581w+n+AStPBAXsg==",
            "primary_blob_endpoint": "https://zgbswbdevstorage7654.blob.core.windows.net/",
            "primary_blob_host": "zgbswbdevstorage7654.blob.core.windows.net",
            "primary_connection_string": "DefaultEndpointsProtocol=https;AccountName=zgbswbdevstorage7654;AccountKey=JzTOpB9C6NKB99SQvT9j/l1Kyqj0b6LPuLQiN7P3/x6v/We4OBMeGGONqpYFqC/ICvolcS581w+n+AStPBAXsg==;EndpointSuffix=core.windows.net",
            "primary_dfs_endpoint": "https://zgbswbdevstorage7654.dfs.core.windows.net/",
            "primary_dfs_host": "zgbswbdevstorage7654.dfs.core.windows.net",
            "primary_file_endpoint": "https://zgbswbdevstorage7654.file.core.windows.net/",
            "primary_file_host": "zgbswbdevstorage7654.file.core.windows.net",
            "primary_location": "northeurope",
            "primary_queue_endpoint": "https://zgbswbdevstorage7654.queue.core.windows.net/",
            "primary_queue_host": "zgbswbdevstorage7654.queue.core.windows.net",
            "primary_table_endpoint": "https://zgbswbdevstorage7654.table.core.windows.net/",
            "primary_table_host": "zgbswbdevstorage7654.table.core.windows.net",
            "primary_web_endpoint": "https://zgbswbdevstorage7654.z16.web.core.windows.net/",
            "primary_web_host": "zgbswbdevstorage7654.z16.web.core.windows.net",
            "public_network_access_enabled": true,
            "queue_encryption_key_type": "Service",
            "queue_properties": [
              {
                "cors_rule": [],
                "hour_metrics": [
                  {
                    "enabled": true,
                    "include_apis": true,
                    "retention_policy_days": 7,
                    "version": "1.0"
                  }
                ],
                "logging": [
                  {
                    "delete": false,
                    "read": false,
                    "retention_policy_days": 0,
                    "version": "1.0",
                    "write": false
                  }
                ],
                "minute_metrics": [
                  {
                    "enabled": false,
                    "include_apis": false,
                    "retention_policy_days": 0,
                    "version": "1.0"
                  }
                ]
              }
            ],
            "resource_group_name": "zgebs-workbench-dev-storage-rg",
            "routing": [],
            "sas_policy": [],
            "secondary_access_key": "gQzYrKlF+qz79nlPkmlDKZVr648pAs/LJ1Us4XC3jsCfuRRC+M9IzGuwCtAplqD6Z5qnwwFVm1uJ+AStFDwghQ==",
            "secondary_blob_connection_string": "",
            "secondary_blob_endpoint": null,
            "secondary_blob_host": null,
            "secondary_connection_string": "DefaultEndpointsProtocol=https;AccountName=zgbswbdevstorage7654;AccountKey=gQzYrKlF+qz79nlPkmlDKZVr648pAs/LJ1Us4XC3jsCfuRRC+M9IzGuwCtAplqD6Z5qnwwFVm1uJ+AStFDwghQ==;EndpointSuffix=core.windows.net",
            "secondary_dfs_endpoint": null,
            "secondary_dfs_host": null,
            "secondary_file_endpoint": null,
            "secondary_file_host": null,
            "secondary_location": "",
            "secondary_queue_endpoint": null,
            "secondary_queue_host": null,
            "secondary_table_endpoint": null,
            "secondary_table_host": null,
            "secondary_web_endpoint": null,
            "secondary_web_host": null,
            "sftp_enabled": false,
            "share_properties": [
              {
                "cors_rule": [],
                "retention_policy": [
                  {
                    "days": 7
                  }
                ],
                "smb": []
              }
            ],
            "shared_access_key_enabled": true,
            "static_website": [],
            "table_encryption_key_type": "Service",
            "tags": null,
            "timeouts": null
          },
          "sensitive_attributes": [],
          "private": "eyJlMmJmYjczMC1lY2FhLTExZTYtOGY4OC0zNDM2M2JjN2M0YzAiOnsiY3JlYXRlIjozNjAwMDAwMDAwMDAwLCJkZWxldGUiOjM2MDAwMDAwMDAwMDAsInJlYWQiOjMwMDAwMDAwMDAwMCwidXBkYXRlIjozNjAwMDAwMDAwMDAwfSwic2NoZW1hX3ZlcnNpb24iOiIzIn0=",
          "dependencies": [
            "module.network.azurerm_network_security_group.nsg",
            "module.network.azurerm_resource_group.network",
            "module.network.azurerm_route_table.rt",
            "module.network.azurerm_subnet.snet_apim",
            "module.network.azurerm_subnet.snet_shared",
            "module.network.azurerm_subnet.snet_webin",
            "module.network.azurerm_subnet.snet_webout",
            "module.network.azurerm_subnet_network_security_group_association.snsg",
            "module.network.azurerm_subnet_network_security_group_association.snsg_apim",
            "module.network.azurerm_subnet_network_security_group_association.snsg_webin",
            "module.network.azurerm_subnet_network_security_group_association.snsg_webout",
            "module.network.azurerm_subnet_route_table_association.srt",
            "module.network.azurerm_subnet_route_table_association.srt_apim",
            "module.network.azurerm_subnet_route_table_association.srt_webin",
            "module.network.azurerm_subnet_route_table_association.srt_webout",
            "module.network.azurerm_virtual_network.vnet",
            "module.storage.azurerm_resource_group.storage"
          ]
        }
      ]
    },
    {
      "module": "module.storage",
      "mode": "managed",
      "type": "azurerm_storage_blob",
      "name": "blobstorage_dgv",
      "provider": "provider[\"registry.terraform.io/hashicorp/azurerm\"]",
      "instances": [
        {
          "schema_version": 1,
          "attributes": {
            "access_tier": "Hot",
            "cache_control": "",
            "content_md5": "",
            "content_type": "application/octet-stream",
            "id": "https://zgbswbdevstorage7654.blob.core.windows.net/zgebs-wb-dev-dgv-publicftpblob098/Blob",
            "metadata": {},
            "name": "Blob",
            "parallelism": 8,
            "size": 0,
            "source": null,
            "source_content": null,
            "source_uri": null,
            "storage_account_name": "zgbswbdevstorage7654",
            "storage_container_name": "zgebs-wb-dev-dgv-publicftpblob098",
            "timeouts": null,
            "type": "Block",
            "url": "https://zgbswbdevstorage7654.blob.core.windows.net/zgebs-wb-dev-dgv-publicftpblob098/Blob"
          },
          "sensitive_attributes": [],
          "private": "eyJlMmJmYjczMC1lY2FhLTExZTYtOGY4OC0zNDM2M2JjN2M0YzAiOnsiY3JlYXRlIjoxODAwMDAwMDAwMDAwLCJkZWxldGUiOjE4MDAwMDAwMDAwMDAsInJlYWQiOjMwMDAwMDAwMDAwMCwidXBkYXRlIjoxODAwMDAwMDAwMDAwfSwic2NoZW1hX3ZlcnNpb24iOiIxIn0=",
          "dependencies": [
            "module.network.azurerm_network_security_group.nsg",
            "module.network.azurerm_resource_group.network",
            "module.network.azurerm_route_table.rt",
            "module.network.azurerm_subnet.snet_apim",
            "module.network.azurerm_subnet.snet_shared",
            "module.network.azurerm_subnet.snet_webin",
            "module.network.azurerm_subnet.snet_webout",
            "module.network.azurerm_subnet_network_security_group_association.snsg",
            "module.network.azurerm_subnet_network_security_group_association.snsg_apim",
            "module.network.azurerm_subnet_network_security_group_association.snsg_webin",
            "module.network.azurerm_subnet_network_security_group_association.snsg_webout",
            "module.network.azurerm_subnet_route_table_association.srt",
            "module.network.azurerm_subnet_route_table_association.srt_apim",
            "module.network.azurerm_subnet_route_table_association.srt_webin",
            "module.network.azurerm_subnet_route_table_association.srt_webout",
            "module.network.azurerm_virtual_network.vnet",
            "module.storage.azurerm_resource_group.storage",
            "module.storage.azurerm_storage_account.storage",
            "module.storage.azurerm_storage_container.storage_dgv"
          ]
        }
      ]
    },
    {
      "module": "module.storage",
      "mode": "managed",
      "type": "azurerm_storage_blob",
      "name": "blobstorage_fcsdbp",
      "provider": "provider[\"registry.terraform.io/hashicorp/azurerm\"]",
      "instances": [
        {
          "schema_version": 1,
          "attributes": {
            "access_tier": "Hot",
            "cache_control": "",
            "content_md5": "",
            "content_type": "application/octet-stream",
            "id": "https://zgbswbdevstorage7654.blob.core.windows.net/zgebs-wb-dev-fcsdbp-publicftpblob099/Blob",
            "metadata": {},
            "name": "Blob",
            "parallelism": 8,
            "size": 0,
            "source": null,
            "source_content": null,
            "source_uri": null,
            "storage_account_name": "zgbswbdevstorage7654",
            "storage_container_name": "zgebs-wb-dev-fcsdbp-publicftpblob099",
            "timeouts": null,
            "type": "Block",
            "url": "https://zgbswbdevstorage7654.blob.core.windows.net/zgebs-wb-dev-fcsdbp-publicftpblob099/Blob"
          },
          "sensitive_attributes": [],
          "private": "eyJlMmJmYjczMC1lY2FhLTExZTYtOGY4OC0zNDM2M2JjN2M0YzAiOnsiY3JlYXRlIjoxODAwMDAwMDAwMDAwLCJkZWxldGUiOjE4MDAwMDAwMDAwMDAsInJlYWQiOjMwMDAwMDAwMDAwMCwidXBkYXRlIjoxODAwMDAwMDAwMDAwfSwic2NoZW1hX3ZlcnNpb24iOiIxIn0=",
          "dependencies": [
            "module.network.azurerm_network_security_group.nsg",
            "module.network.azurerm_resource_group.network",
            "module.network.azurerm_route_table.rt",
            "module.network.azurerm_subnet.snet_apim",
            "module.network.azurerm_subnet.snet_shared",
            "module.network.azurerm_subnet.snet_webin",
            "module.network.azurerm_subnet.snet_webout",
            "module.network.azurerm_subnet_network_security_group_association.snsg",
            "module.network.azurerm_subnet_network_security_group_association.snsg_apim",
            "module.network.azurerm_subnet_network_security_group_association.snsg_webin",
            "module.network.azurerm_subnet_network_security_group_association.snsg_webout",
            "module.network.azurerm_subnet_route_table_association.srt",
            "module.network.azurerm_subnet_route_table_association.srt_apim",
            "module.network.azurerm_subnet_route_table_association.srt_webin",
            "module.network.azurerm_subnet_route_table_association.srt_webout",
            "module.network.azurerm_virtual_network.vnet",
            "module.storage.azurerm_resource_group.storage",
            "module.storage.azurerm_storage_account.storage",
            "module.storage.azurerm_storage_container.storage_fcsdbp"
          ]
        }
      ]
    },
    {
      "module": "module.storage",
      "mode": "managed",
      "type": "azurerm_storage_blob",
      "name": "blobstorage_fscdinv",
      "provider": "provider[\"registry.terraform.io/hashicorp/azurerm\"]",
      "instances": [
        {
          "schema_version": 1,
          "attributes": {
            "access_tier": "Hot",
            "cache_control": "",
            "content_md5": "",
            "content_type": "application/octet-stream",
            "id": "https://zgbswbdevstorage7654.blob.core.windows.net/zgebs-wb-dev-fscdinv-publicftpblob099/Blob",
            "metadata": {},
            "name": "Blob",
            "parallelism": 8,
            "size": 0,
            "source": null,
            "source_content": null,
            "source_uri": null,
            "storage_account_name": "zgbswbdevstorage7654",
            "storage_container_name": "zgebs-wb-dev-fscdinv-publicftpblob099",
            "timeouts": null,
            "type": "Block",
            "url": "https://zgbswbdevstorage7654.blob.core.windows.net/zgebs-wb-dev-fscdinv-publicftpblob099/Blob"
          },
          "sensitive_attributes": [],
          "private": "eyJlMmJmYjczMC1lY2FhLTExZTYtOGY4OC0zNDM2M2JjN2M0YzAiOnsiY3JlYXRlIjoxODAwMDAwMDAwMDAwLCJkZWxldGUiOjE4MDAwMDAwMDAwMDAsInJlYWQiOjMwMDAwMDAwMDAwMCwidXBkYXRlIjoxODAwMDAwMDAwMDAwfSwic2NoZW1hX3ZlcnNpb24iOiIxIn0=",
          "dependencies": [
            "module.network.azurerm_network_security_group.nsg",
            "module.network.azurerm_resource_group.network",
            "module.network.azurerm_route_table.rt",
            "module.network.azurerm_subnet.snet_apim",
            "module.network.azurerm_subnet.snet_shared",
            "module.network.azurerm_subnet.snet_webin",
            "module.network.azurerm_subnet.snet_webout",
            "module.network.azurerm_subnet_network_security_group_association.snsg",
            "module.network.azurerm_subnet_network_security_group_association.snsg_apim",
            "module.network.azurerm_subnet_network_security_group_association.snsg_webin",
            "module.network.azurerm_subnet_network_security_group_association.snsg_webout",
            "module.network.azurerm_subnet_route_table_association.srt",
            "module.network.azurerm_subnet_route_table_association.srt_apim",
            "module.network.azurerm_subnet_route_table_association.srt_webin",
            "module.network.azurerm_subnet_route_table_association.srt_webout",
            "module.network.azurerm_virtual_network.vnet",
            "module.storage.azurerm_resource_group.storage",
            "module.storage.azurerm_storage_account.storage",
            "module.storage.azurerm_storage_container.storage_fscdinv"
          ]
        }
      ]
    },
    {
      "module": "module.storage",
      "mode": "managed",
      "type": "azurerm_storage_blob",
      "name": "blobstorage_myz",
      "provider": "provider[\"registry.terraform.io/hashicorp/azurerm\"]",
      "instances": [
        {
          "schema_version": 1,
          "attributes": {
            "access_tier": "Hot",
            "cache_control": "",
            "content_md5": "",
            "content_type": "application/octet-stream",
            "id": "https://zgbswbdevstorage7654.blob.core.windows.net/zgebs-wb-dev-myz-publicftpblob099/Blob",
            "metadata": {},
            "name": "Blob",
            "parallelism": 8,
            "size": 0,
            "source": null,
            "source_content": null,
            "source_uri": null,
            "storage_account_name": "zgbswbdevstorage7654",
            "storage_container_name": "zgebs-wb-dev-myz-publicftpblob099",
            "timeouts": null,
            "type": "Block",
            "url": "https://zgbswbdevstorage7654.blob.core.windows.net/zgebs-wb-dev-myz-publicftpblob099/Blob"
          },
          "sensitive_attributes": [],
          "private": "eyJlMmJmYjczMC1lY2FhLTExZTYtOGY4OC0zNDM2M2JjN2M0YzAiOnsiY3JlYXRlIjoxODAwMDAwMDAwMDAwLCJkZWxldGUiOjE4MDAwMDAwMDAwMDAsInJlYWQiOjMwMDAwMDAwMDAwMCwidXBkYXRlIjoxODAwMDAwMDAwMDAwfSwic2NoZW1hX3ZlcnNpb24iOiIxIn0=",
          "dependencies": [
            "module.network.azurerm_network_security_group.nsg",
            "module.network.azurerm_resource_group.network",
            "module.network.azurerm_route_table.rt",
            "module.network.azurerm_subnet.snet_apim",
            "module.network.azurerm_subnet.snet_shared",
            "module.network.azurerm_subnet.snet_webin",
            "module.network.azurerm_subnet.snet_webout",
            "module.network.azurerm_subnet_network_security_group_association.snsg",
            "module.network.azurerm_subnet_network_security_group_association.snsg_apim",
            "module.network.azurerm_subnet_network_security_group_association.snsg_webin",
            "module.network.azurerm_subnet_network_security_group_association.snsg_webout",
            "module.network.azurerm_subnet_route_table_association.srt",
            "module.network.azurerm_subnet_route_table_association.srt_apim",
            "module.network.azurerm_subnet_route_table_association.srt_webin",
            "module.network.azurerm_subnet_route_table_association.srt_webout",
            "module.network.azurerm_virtual_network.vnet",
            "module.storage.azurerm_resource_group.storage",
            "module.storage.azurerm_storage_account.storage",
            "module.storage.azurerm_storage_container.storage_myz"
          ]
        }
      ]
    },
    {
      "module": "module.storage",
      "mode": "managed",
      "type": "azurerm_storage_blob",
      "name": "blobstorage_rwb",
      "provider": "provider[\"registry.terraform.io/hashicorp/azurerm\"]",
      "instances": [
        {
          "schema_version": 1,
          "attributes": {
            "access_tier": "Hot",
            "cache_control": "",
            "content_md5": "",
            "content_type": "application/octet-stream",
            "id": "https://zgbswbdevstorage7654.blob.core.windows.net/zgebs-wb-dev-rwb-publicftpblob099/Blob",
            "metadata": {},
            "name": "Blob",
            "parallelism": 8,
            "size": 0,
            "source": null,
            "source_content": null,
            "source_uri": null,
            "storage_account_name": "zgbswbdevstorage7654",
            "storage_container_name": "zgebs-wb-dev-rwb-publicftpblob099",
            "timeouts": null,
            "type": "Block",
            "url": "https://zgbswbdevstorage7654.blob.core.windows.net/zgebs-wb-dev-rwb-publicftpblob099/Blob"
          },
          "sensitive_attributes": [],
          "private": "eyJlMmJmYjczMC1lY2FhLTExZTYtOGY4OC0zNDM2M2JjN2M0YzAiOnsiY3JlYXRlIjoxODAwMDAwMDAwMDAwLCJkZWxldGUiOjE4MDAwMDAwMDAwMDAsInJlYWQiOjMwMDAwMDAwMDAwMCwidXBkYXRlIjoxODAwMDAwMDAwMDAwfSwic2NoZW1hX3ZlcnNpb24iOiIxIn0=",
          "dependencies": [
            "module.network.azurerm_network_security_group.nsg",
            "module.network.azurerm_resource_group.network",
            "module.network.azurerm_route_table.rt",
            "module.network.azurerm_subnet.snet_apim",
            "module.network.azurerm_subnet.snet_shared",
            "module.network.azurerm_subnet.snet_webin",
            "module.network.azurerm_subnet.snet_webout",
            "module.network.azurerm_subnet_network_security_group_association.snsg",
            "module.network.azurerm_subnet_network_security_group_association.snsg_apim",
            "module.network.azurerm_subnet_network_security_group_association.snsg_webin",
            "module.network.azurerm_subnet_network_security_group_association.snsg_webout",
            "module.network.azurerm_subnet_route_table_association.srt",
            "module.network.azurerm_subnet_route_table_association.srt_apim",
            "module.network.azurerm_subnet_route_table_association.srt_webin",
            "module.network.azurerm_subnet_route_table_association.srt_webout",
            "module.network.azurerm_virtual_network.vnet",
            "module.storage.azurerm_resource_group.storage",
            "module.storage.azurerm_storage_account.storage",
            "module.storage.azurerm_storage_container.storage_rwb"
          ]
        }
      ]
    },
    {
      "module": "module.storage",
      "mode": "managed",
      "type": "azurerm_storage_container",
      "name": "storage_dgv",
      "provider": "provider[\"registry.terraform.io/hashicorp/azurerm\"]",
      "instances": [
        {
          "schema_version": 1,
          "attributes": {
            "container_access_type": "blob",
            "has_immutability_policy": false,
            "has_legal_hold": false,
            "id": "https://zgbswbdevstorage7654.blob.core.windows.net/zgebs-wb-dev-dgv-publicftpblob098",
            "metadata": {},
            "name": "zgebs-wb-dev-dgv-publicftpblob098",
            "resource_manager_id": "/subscriptions/fec1a8c7-3053-43ab-b51d-9fcc38bd9399/resourceGroups/zgebs-workbench-dev-storage-rg/providers/Microsoft.Storage/storageAccounts/zgbswbdevstorage7654/blobServices/default/containers/zgebs-wb-dev-dgv-publicftpblob098",
            "storage_account_name": "zgbswbdevstorage7654",
            "timeouts": null
          },
          "sensitive_attributes": [],
          "private": "eyJlMmJmYjczMC1lY2FhLTExZTYtOGY4OC0zNDM2M2JjN2M0YzAiOnsiY3JlYXRlIjoxODAwMDAwMDAwMDAwLCJkZWxldGUiOjE4MDAwMDAwMDAwMDAsInJlYWQiOjMwMDAwMDAwMDAwMCwidXBkYXRlIjoxODAwMDAwMDAwMDAwfSwic2NoZW1hX3ZlcnNpb24iOiIxIn0=",
          "dependencies": [
            "module.network.azurerm_network_security_group.nsg",
            "module.network.azurerm_resource_group.network",
            "module.network.azurerm_route_table.rt",
            "module.network.azurerm_subnet.snet_apim",
            "module.network.azurerm_subnet.snet_shared",
            "module.network.azurerm_subnet.snet_webin",
            "module.network.azurerm_subnet.snet_webout",
            "module.network.azurerm_subnet_network_security_group_association.snsg",
            "module.network.azurerm_subnet_network_security_group_association.snsg_apim",
            "module.network.azurerm_subnet_network_security_group_association.snsg_webin",
            "module.network.azurerm_subnet_network_security_group_association.snsg_webout",
            "module.network.azurerm_subnet_route_table_association.srt",
            "module.network.azurerm_subnet_route_table_association.srt_apim",
            "module.network.azurerm_subnet_route_table_association.srt_webin",
            "module.network.azurerm_subnet_route_table_association.srt_webout",
            "module.network.azurerm_virtual_network.vnet",
            "module.storage.azurerm_resource_group.storage",
            "module.storage.azurerm_storage_account.storage"
          ]
        }
      ]
    },
    {
      "module": "module.storage",
      "mode": "managed",
      "type": "azurerm_storage_container",
      "name": "storage_fcsdbp",
      "provider": "provider[\"registry.terraform.io/hashicorp/azurerm\"]",
      "instances": [
        {
          "schema_version": 1,
          "attributes": {
            "container_access_type": "blob",
            "has_immutability_policy": false,
            "has_legal_hold": false,
            "id": "https://zgbswbdevstorage7654.blob.core.windows.net/zgebs-wb-dev-fcsdbp-publicftpblob099",
            "metadata": {},
            "name": "zgebs-wb-dev-fcsdbp-publicftpblob099",
            "resource_manager_id": "/subscriptions/fec1a8c7-3053-43ab-b51d-9fcc38bd9399/resourceGroups/zgebs-workbench-dev-storage-rg/providers/Microsoft.Storage/storageAccounts/zgbswbdevstorage7654/blobServices/default/containers/zgebs-wb-dev-fcsdbp-publicftpblob099",
            "storage_account_name": "zgbswbdevstorage7654",
            "timeouts": null
          },
          "sensitive_attributes": [],
          "private": "eyJlMmJmYjczMC1lY2FhLTExZTYtOGY4OC0zNDM2M2JjN2M0YzAiOnsiY3JlYXRlIjoxODAwMDAwMDAwMDAwLCJkZWxldGUiOjE4MDAwMDAwMDAwMDAsInJlYWQiOjMwMDAwMDAwMDAwMCwidXBkYXRlIjoxODAwMDAwMDAwMDAwfSwic2NoZW1hX3ZlcnNpb24iOiIxIn0=",
          "dependencies": [
            "module.network.azurerm_network_security_group.nsg",
            "module.network.azurerm_resource_group.network",
            "module.network.azurerm_route_table.rt",
            "module.network.azurerm_subnet.snet_apim",
            "module.network.azurerm_subnet.snet_shared",
            "module.network.azurerm_subnet.snet_webin",
            "module.network.azurerm_subnet.snet_webout",
            "module.network.azurerm_subnet_network_security_group_association.snsg",
            "module.network.azurerm_subnet_network_security_group_association.snsg_apim",
            "module.network.azurerm_subnet_network_security_group_association.snsg_webin",
            "module.network.azurerm_subnet_network_security_group_association.snsg_webout",
            "module.network.azurerm_subnet_route_table_association.srt",
            "module.network.azurerm_subnet_route_table_association.srt_apim",
            "module.network.azurerm_subnet_route_table_association.srt_webin",
            "module.network.azurerm_subnet_route_table_association.srt_webout",
            "module.network.azurerm_virtual_network.vnet",
            "module.storage.azurerm_resource_group.storage",
            "module.storage.azurerm_storage_account.storage"
          ]
        }
      ]
    },
    {
      "module": "module.storage",
      "mode": "managed",
      "type": "azurerm_storage_container",
      "name": "storage_fscdinv",
      "provider": "provider[\"registry.terraform.io/hashicorp/azurerm\"]",
      "instances": [
        {
          "schema_version": 1,
          "attributes": {
            "container_access_type": "blob",
            "has_immutability_policy": false,
            "has_legal_hold": false,
            "id": "https://zgbswbdevstorage7654.blob.core.windows.net/zgebs-wb-dev-fscdinv-publicftpblob099",
            "metadata": {},
            "name": "zgebs-wb-dev-fscdinv-publicftpblob099",
            "resource_manager_id": "/subscriptions/fec1a8c7-3053-43ab-b51d-9fcc38bd9399/resourceGroups/zgebs-workbench-dev-storage-rg/providers/Microsoft.Storage/storageAccounts/zgbswbdevstorage7654/blobServices/default/containers/zgebs-wb-dev-fscdinv-publicftpblob099",
            "storage_account_name": "zgbswbdevstorage7654",
            "timeouts": null
          },
          "sensitive_attributes": [],
          "private": "eyJlMmJmYjczMC1lY2FhLTExZTYtOGY4OC0zNDM2M2JjN2M0YzAiOnsiY3JlYXRlIjoxODAwMDAwMDAwMDAwLCJkZWxldGUiOjE4MDAwMDAwMDAwMDAsInJlYWQiOjMwMDAwMDAwMDAwMCwidXBkYXRlIjoxODAwMDAwMDAwMDAwfSwic2NoZW1hX3ZlcnNpb24iOiIxIn0=",
          "dependencies": [
            "module.network.azurerm_network_security_group.nsg",
            "module.network.azurerm_resource_group.network",
            "module.network.azurerm_route_table.rt",
            "module.network.azurerm_subnet.snet_apim",
            "module.network.azurerm_subnet.snet_shared",
            "module.network.azurerm_subnet.snet_webin",
            "module.network.azurerm_subnet.snet_webout",
            "module.network.azurerm_subnet_network_security_group_association.snsg",
            "module.network.azurerm_subnet_network_security_group_association.snsg_apim",
            "module.network.azurerm_subnet_network_security_group_association.snsg_webin",
            "module.network.azurerm_subnet_network_security_group_association.snsg_webout",
            "module.network.azurerm_subnet_route_table_association.srt",
            "module.network.azurerm_subnet_route_table_association.srt_apim",
            "module.network.azurerm_subnet_route_table_association.srt_webin",
            "module.network.azurerm_subnet_route_table_association.srt_webout",
            "module.network.azurerm_virtual_network.vnet",
            "module.storage.azurerm_resource_group.storage",
            "module.storage.azurerm_storage_account.storage"
          ]
        }
      ]
    },
    {
      "module": "module.storage",
      "mode": "managed",
      "type": "azurerm_storage_container",
      "name": "storage_myz",
      "provider": "provider[\"registry.terraform.io/hashicorp/azurerm\"]",
      "instances": [
        {
          "schema_version": 1,
          "attributes": {
            "container_access_type": "blob",
            "has_immutability_policy": false,
            "has_legal_hold": false,
            "id": "https://zgbswbdevstorage7654.blob.core.windows.net/zgebs-wb-dev-myz-publicftpblob099",
            "metadata": {},
            "name": "zgebs-wb-dev-myz-publicftpblob099",
            "resource_manager_id": "/subscriptions/fec1a8c7-3053-43ab-b51d-9fcc38bd9399/resourceGroups/zgebs-workbench-dev-storage-rg/providers/Microsoft.Storage/storageAccounts/zgbswbdevstorage7654/blobServices/default/containers/zgebs-wb-dev-myz-publicftpblob099",
            "storage_account_name": "zgbswbdevstorage7654",
            "timeouts": null
          },
          "sensitive_attributes": [],
          "private": "eyJlMmJmYjczMC1lY2FhLTExZTYtOGY4OC0zNDM2M2JjN2M0YzAiOnsiY3JlYXRlIjoxODAwMDAwMDAwMDAwLCJkZWxldGUiOjE4MDAwMDAwMDAwMDAsInJlYWQiOjMwMDAwMDAwMDAwMCwidXBkYXRlIjoxODAwMDAwMDAwMDAwfSwic2NoZW1hX3ZlcnNpb24iOiIxIn0=",
          "dependencies": [
            "module.network.azurerm_network_security_group.nsg",
            "module.network.azurerm_resource_group.network",
            "module.network.azurerm_route_table.rt",
            "module.network.azurerm_subnet.snet_apim",
            "module.network.azurerm_subnet.snet_shared",
            "module.network.azurerm_subnet.snet_webin",
            "module.network.azurerm_subnet.snet_webout",
            "module.network.azurerm_subnet_network_security_group_association.snsg",
            "module.network.azurerm_subnet_network_security_group_association.snsg_apim",
            "module.network.azurerm_subnet_network_security_group_association.snsg_webin",
            "module.network.azurerm_subnet_network_security_group_association.snsg_webout",
            "module.network.azurerm_subnet_route_table_association.srt",
            "module.network.azurerm_subnet_route_table_association.srt_apim",
            "module.network.azurerm_subnet_route_table_association.srt_webin",
            "module.network.azurerm_subnet_route_table_association.srt_webout",
            "module.network.azurerm_virtual_network.vnet",
            "module.storage.azurerm_resource_group.storage",
            "module.storage.azurerm_storage_account.storage"
          ]
        }
      ]
    },
    {
      "module": "module.storage",
      "mode": "managed",
      "type": "azurerm_storage_container",
      "name": "storage_rwb",
      "provider": "provider[\"registry.terraform.io/hashicorp/azurerm\"]",
      "instances": [
        {
          "schema_version": 1,
          "attributes": {
            "container_access_type": "blob",
            "has_immutability_policy": false,
            "has_legal_hold": false,
            "id": "https://zgbswbdevstorage7654.blob.core.windows.net/zgebs-wb-dev-rwb-publicftpblob099",
            "metadata": {},
            "name": "zgebs-wb-dev-rwb-publicftpblob099",
            "resource_manager_id": "/subscriptions/fec1a8c7-3053-43ab-b51d-9fcc38bd9399/resourceGroups/zgebs-workbench-dev-storage-rg/providers/Microsoft.Storage/storageAccounts/zgbswbdevstorage7654/blobServices/default/containers/zgebs-wb-dev-rwb-publicftpblob099",
            "storage_account_name": "zgbswbdevstorage7654",
            "timeouts": null
          },
          "sensitive_attributes": [],
          "private": "eyJlMmJmYjczMC1lY2FhLTExZTYtOGY4OC0zNDM2M2JjN2M0YzAiOnsiY3JlYXRlIjoxODAwMDAwMDAwMDAwLCJkZWxldGUiOjE4MDAwMDAwMDAwMDAsInJlYWQiOjMwMDAwMDAwMDAwMCwidXBkYXRlIjoxODAwMDAwMDAwMDAwfSwic2NoZW1hX3ZlcnNpb24iOiIxIn0=",
          "dependencies": [
            "module.network.azurerm_network_security_group.nsg",
            "module.network.azurerm_resource_group.network",
            "module.network.azurerm_route_table.rt",
            "module.network.azurerm_subnet.snet_apim",
            "module.network.azurerm_subnet.snet_shared",
            "module.network.azurerm_subnet.snet_webin",
            "module.network.azurerm_subnet.snet_webout",
            "module.network.azurerm_subnet_network_security_group_association.snsg",
            "module.network.azurerm_subnet_network_security_group_association.snsg_apim",
            "module.network.azurerm_subnet_network_security_group_association.snsg_webin",
            "module.network.azurerm_subnet_network_security_group_association.snsg_webout",
            "module.network.azurerm_subnet_route_table_association.srt",
            "module.network.azurerm_subnet_route_table_association.srt_apim",
            "module.network.azurerm_subnet_route_table_association.srt_webin",
            "module.network.azurerm_subnet_route_table_association.srt_webout",
            "module.network.azurerm_virtual_network.vnet",
            "module.storage.azurerm_resource_group.storage",
            "module.storage.azurerm_storage_account.storage"
          ]
        }
      ]
    }
  ],
  "check_results": []
}
